// !$*UTF8*$!
{
	archiveVersion = 1;
	classes = {
	};
	objectVersion = 55;
	objects = {

/* Begin PBXBuildFile section */
		324E146B290879990020D044 /* AppDelegate.swift in Sources */ = {isa = PBXBuildFile; fileRef = 324E146A290879990020D044 /* AppDelegate.swift */; };
		324E146D290879990020D044 /* SceneDelegate.swift in Sources */ = {isa = PBXBuildFile; fileRef = 324E146C290879990020D044 /* SceneDelegate.swift */; };
		324E1472290879990020D044 /* Main.storyboard in Resources */ = {isa = PBXBuildFile; fileRef = 324E1470290879990020D044 /* Main.storyboard */; };
		324E14742908799C0020D044 /* Assets.xcassets in Resources */ = {isa = PBXBuildFile; fileRef = 324E14732908799C0020D044 /* Assets.xcassets */; };
		324E14772908799C0020D044 /* LaunchScreen.storyboard in Resources */ = {isa = PBXBuildFile; fileRef = 324E14752908799C0020D044 /* LaunchScreen.storyboard */; };
		324E14902908927C0020D044 /* ListItemController.swift in Sources */ = {isa = PBXBuildFile; fileRef = 324E148F2908927C0020D044 /* ListItemController.swift */; };
		324E1492290894FA0020D044 /* ListItemTableViewCell.swift in Sources */ = {isa = PBXBuildFile; fileRef = 324E1491290894FA0020D044 /* ListItemTableViewCell.swift */; };
		324E14952908A1ED0020D044 /* ListItemViewController.swift in Sources */ = {isa = PBXBuildFile; fileRef = 324E14942908A1ED0020D044 /* ListItemViewController.swift */; };
		32BF664E290971AA00BB3C48 /* ShoppingList.xcdatamodeld in Sources */ = {isa = PBXBuildFile; fileRef = 32BF664C290971AA00BB3C48 /* ShoppingList.xcdatamodeld */; };
		32BF66502909728600BB3C48 /* ListItem+Convenience.swift in Sources */ = {isa = PBXBuildFile; fileRef = 32BF664F2909728600BB3C48 /* ListItem+Convenience.swift */; };
		32BF66522909736800BB3C48 /* CoreDataStack.swift in Sources */ = {isa = PBXBuildFile; fileRef = 32BF66512909736800BB3C48 /* CoreDataStack.swift */; };
/* End PBXBuildFile section */

/* Begin PBXFileReference section */
		324E1467290879990020D044 /* ShoppingList.app */ = {isa = PBXFileReference; explicitFileType = wrapper.application; includeInIndex = 0; path = ShoppingList.app; sourceTree = BUILT_PRODUCTS_DIR; };
		324E146A290879990020D044 /* AppDelegate.swift */ = {isa = PBXFileReference; lastKnownFileType = sourcecode.swift; path = AppDelegate.swift; sourceTree = "<group>"; };
		324E146C290879990020D044 /* SceneDelegate.swift */ = {isa = PBXFileReference; lastKnownFileType = sourcecode.swift; path = SceneDelegate.swift; sourceTree = "<group>"; };
		324E1471290879990020D044 /* Base */ = {isa = PBXFileReference; lastKnownFileType = file.storyboard; name = Base; path = Base.lproj/Main.storyboard; sourceTree = "<group>"; };
		324E14732908799C0020D044 /* Assets.xcassets */ = {isa = PBXFileReference; lastKnownFileType = folder.assetcatalog; path = Assets.xcassets; sourceTree = "<group>"; };
		324E14762908799C0020D044 /* Base */ = {isa = PBXFileReference; lastKnownFileType = file.storyboard; name = Base; path = Base.lproj/LaunchScreen.storyboard; sourceTree = "<group>"; };
		324E14782908799C0020D044 /* Info.plist */ = {isa = PBXFileReference; lastKnownFileType = text.plist.xml; path = Info.plist; sourceTree = "<group>"; };
		324E148F2908927C0020D044 /* ListItemController.swift */ = {isa = PBXFileReference; lastKnownFileType = sourcecode.swift; path = ListItemController.swift; sourceTree = "<group>"; };
		324E1491290894FA0020D044 /* ListItemTableViewCell.swift */ = {isa = PBXFileReference; lastKnownFileType = sourcecode.swift; path = ListItemTableViewCell.swift; sourceTree = "<group>"; };
		324E14942908A1ED0020D044 /* ListItemViewController.swift */ = {isa = PBXFileReference; lastKnownFileType = sourcecode.swift; path = ListItemViewController.swift; sourceTree = "<group>"; };
		32BF664D290971AA00BB3C48 /* ShoppingList.xcdatamodel */ = {isa = PBXFileReference; lastKnownFileType = wrapper.xcdatamodel; path = ShoppingList.xcdatamodel; sourceTree = "<group>"; };
		32BF664F2909728600BB3C48 /* ListItem+Convenience.swift */ = {isa = PBXFileReference; lastKnownFileType = sourcecode.swift; path = "ListItem+Convenience.swift"; sourceTree = "<group>"; };
		32BF66512909736800BB3C48 /* CoreDataStack.swift */ = {isa = PBXFileReference; lastKnownFileType = sourcecode.swift; path = CoreDataStack.swift; sourceTree = "<group>"; };
/* End PBXFileReference section */

/* Begin PBXFrameworksBuildPhase section */
		324E1464290879990020D044 /* Frameworks */ = {
			isa = PBXFrameworksBuildPhase;
			buildActionMask = 2147483647;
			files = (
			);
			runOnlyForDeploymentPostprocessing = 0;
		};
/* End PBXFrameworksBuildPhase section */

/* Begin PBXGroup section */
		324E145E290879990020D044 = {
			isa = PBXGroup;
			children = (
				324E1469290879990020D044 /* ShoppingList */,
				324E1468290879990020D044 /* Products */,
			);
			sourceTree = "<group>";
		};
		324E1468290879990020D044 /* Products */ = {
			isa = PBXGroup;
			children = (
				324E1467290879990020D044 /* ShoppingList.app */,
			);
			name = Products;
			sourceTree = "<group>";
		};
		324E1469290879990020D044 /* ShoppingList */ = {
			isa = PBXGroup;
			children = (
				324E148C290891C70020D044 /* Resources */,
				324E148B290891C20020D044 /* Models */,
				324E1488290891990020D044 /* Controllers */,
				324E1487290891930020D044 /* Views */,
			);
			path = ShoppingList;
			sourceTree = "<group>";
		};
		324E1487290891930020D044 /* Views */ = {
			isa = PBXGroup;
			children = (
				324E1493290896120020D044 /* CustomViews */,
				324E1470290879990020D044 /* Main.storyboard */,
				324E14752908799C0020D044 /* LaunchScreen.storyboard */,
			);
			path = Views;
			sourceTree = "<group>";
		};
		324E1488290891990020D044 /* Controllers */ = {
			isa = PBXGroup;
			children = (
				324E148A290891BD0020D044 /* ModelControllers */,
				324E1489290891B80020D044 /* ViewControllers */,
			);
			path = Controllers;
			sourceTree = "<group>";
		};
		324E1489290891B80020D044 /* ViewControllers */ = {
			isa = PBXGroup;
			children = (
				324E14942908A1ED0020D044 /* ListItemViewController.swift */,
			);
			path = ViewControllers;
			sourceTree = "<group>";
		};
		324E148A290891BD0020D044 /* ModelControllers */ = {
			isa = PBXGroup;
			children = (
				324E148F2908927C0020D044 /* ListItemController.swift */,
			);
			path = ModelControllers;
			sourceTree = "<group>";
		};
		324E148B290891C20020D044 /* Models */ = {
			isa = PBXGroup;
			children = (
				32BF664C290971AA00BB3C48 /* ShoppingList.xcdatamodeld */,
				32BF664F2909728600BB3C48 /* ListItem+Convenience.swift */,
				32BF66512909736800BB3C48 /* CoreDataStack.swift */,
			);
			path = Models;
			sourceTree = "<group>";
		};
		324E148C290891C70020D044 /* Resources */ = {
			isa = PBXGroup;
			children = (
				324E146A290879990020D044 /* AppDelegate.swift */,
				324E146C290879990020D044 /* SceneDelegate.swift */,
				324E14732908799C0020D044 /* Assets.xcassets */,
				324E14782908799C0020D044 /* Info.plist */,
			);
			path = Resources;
			sourceTree = "<group>";
		};
		324E1493290896120020D044 /* CustomViews */ = {
			isa = PBXGroup;
			children = (
				324E1491290894FA0020D044 /* ListItemTableViewCell.swift */,
			);
			path = CustomViews;
			sourceTree = "<group>";
		};
/* End PBXGroup section */

/* Begin PBXNativeTarget section */
		324E1466290879990020D044 /* ShoppingList */ = {
			isa = PBXNativeTarget;
			buildConfigurationList = 324E147B2908799C0020D044 /* Build configuration list for PBXNativeTarget "ShoppingList" */;
			buildPhases = (
				324E1463290879990020D044 /* Sources */,
				324E1464290879990020D044 /* Frameworks */,
				324E1465290879990020D044 /* Resources */,
			);
			buildRules = (
			);
			dependencies = (
			);
			name = ShoppingList;
			productName = ShoppingList;
			productReference = 324E1467290879990020D044 /* ShoppingList.app */;
			productType = "com.apple.product-type.application";
		};
/* End PBXNativeTarget section */

/* Begin PBXProject section */
		324E145F290879990020D044 /* Project object */ = {
			isa = PBXProject;
			attributes = {
				BuildIndependentTargetsInParallel = 1;
				LastSwiftUpdateCheck = 1340;
				LastUpgradeCheck = 1340;
				TargetAttributes = {
					324E1466290879990020D044 = {
						CreatedOnToolsVersion = 13.4;
					};
				};
			};
			buildConfigurationList = 324E1462290879990020D044 /* Build configuration list for PBXProject "ShoppingList" */;
			compatibilityVersion = "Xcode 13.0";
			developmentRegion = en;
			hasScannedForEncodings = 0;
			knownRegions = (
				en,
				Base,
			);
			mainGroup = 324E145E290879990020D044;
			productRefGroup = 324E1468290879990020D044 /* Products */;
			projectDirPath = "";
			projectRoot = "";
			targets = (
				324E1466290879990020D044 /* ShoppingList */,
			);
		};
/* End PBXProject section */

/* Begin PBXResourcesBuildPhase section */
		324E1465290879990020D044 /* Resources */ = {
			isa = PBXResourcesBuildPhase;
			buildActionMask = 2147483647;
			files = (
				324E14772908799C0020D044 /* LaunchScreen.storyboard in Resources */,
				324E14742908799C0020D044 /* Assets.xcassets in Resources */,
				324E1472290879990020D044 /* Main.storyboard in Resources */,
			);
			runOnlyForDeploymentPostprocessing = 0;
		};
/* End PBXResourcesBuildPhase section */

/* Begin PBXSourcesBuildPhase section */
		324E1463290879990020D044 /* Sources */ = {
			isa = PBXSourcesBuildPhase;
			buildActionMask = 2147483647;
			files = (
				32BF66502909728600BB3C48 /* ListItem+Convenience.swift in Sources */,
				324E1492290894FA0020D044 /* ListItemTableViewCell.swift in Sources */,
				324E14952908A1ED0020D044 /* ListItemViewController.swift in Sources */,
				324E146B290879990020D044 /* AppDelegate.swift in Sources */,
				324E14902908927C0020D044 /* ListItemController.swift in Sources */,
				32BF664E290971AA00BB3C48 /* ShoppingList.xcdatamodeld in Sources */,
				324E146D290879990020D044 /* SceneDelegate.swift in Sources */,
				32BF66522909736800BB3C48 /* CoreDataStack.swift in Sources */,
			);
			runOnlyForDeploymentPostprocessing = 0;
		};
/* End PBXSourcesBuildPhase section */

/* Begin PBXVariantGroup section */
		324E1470290879990020D044 /* Main.storyboard */ = {
			isa = PBXVariantGroup;
			children = (
				324E1471290879990020D044 /* Base */,
			);
			name = Main.storyboard;
			sourceTree = "<group>";
		};
		324E14752908799C0020D044 /* LaunchScreen.storyboard */ = {
			isa = PBXVariantGroup;
			children = (
				324E14762908799C0020D044 /* Base */,
			);
			name = LaunchScreen.storyboard;
			sourceTree = "<group>";
		};
/* End PBXVariantGroup section */

/* Begin XCBuildConfiguration section */
		324E14792908799C0020D044 /* Debug */ = {
			isa = XCBuildConfiguration;
			buildSettings = {
				ALWAYS_SEARCH_USER_PATHS = NO;
				CLANG_ANALYZER_NONNULL = YES;
				CLANG_ANALYZER_NUMBER_OBJECT_CONVERSION = YES_AGGRESSIVE;
				CLANG_CXX_LANGUAGE_STANDARD = "gnu++17";
				CLANG_ENABLE_MODULES = YES;
				CLANG_ENABLE_OBJC_ARC = YES;
				CLANG_ENABLE_OBJC_WEAK = YES;
				CLANG_WARN_BLOCK_CAPTURE_AUTORELEASING = YES;
				CLANG_WARN_BOOL_CONVERSION = YES;
				CLANG_WARN_COMMA = YES;
				CLANG_WARN_CONSTANT_CONVERSION = YES;
				CLANG_WARN_DEPRECATED_OBJC_IMPLEMENTATIONS = YES;
				CLANG_WARN_DIRECT_OBJC_ISA_USAGE = YES_ERROR;
				CLANG_WARN_DOCUMENTATION_COMMENTS = YES;
				CLANG_WARN_EMPTY_BODY = YES;
				CLANG_WARN_ENUM_CONVERSION = YES;
				CLANG_WARN_INFINITE_RECURSION = YES;
				CLANG_WARN_INT_CONVERSION = YES;
				CLANG_WARN_NON_LITERAL_NULL_CONVERSION = YES;
				CLANG_WARN_OBJC_IMPLICIT_RETAIN_SELF = YES;
				CLANG_WARN_OBJC_LITERAL_CONVERSION = YES;
				CLANG_WARN_OBJC_ROOT_CLASS = YES_ERROR;
				CLANG_WARN_QUOTED_INCLUDE_IN_FRAMEWORK_HEADER = YES;
				CLANG_WARN_RANGE_LOOP_ANALYSIS = YES;
				CLANG_WARN_STRICT_PROTOTYPES = YES;
				CLANG_WARN_SUSPICIOUS_MOVE = YES;
				CLANG_WARN_UNGUARDED_AVAILABILITY = YES_AGGRESSIVE;
				CLANG_WARN_UNREACHABLE_CODE = YES;
				CLANG_WARN__DUPLICATE_METHOD_MATCH = YES;
				COPY_PHASE_STRIP = NO;
				DEBUG_INFORMATION_FORMAT = dwarf;
				ENABLE_STRICT_OBJC_MSGSEND = YES;
				ENABLE_TESTABILITY = YES;
				GCC_C_LANGUAGE_STANDARD = gnu11;
				GCC_DYNAMIC_NO_PIC = NO;
				GCC_NO_COMMON_BLOCKS = YES;
				GCC_OPTIMIZATION_LEVEL = 0;
				GCC_PREPROCESSOR_DEFINITIONS = (
					"DEBUG=1",
					"$(inherited)",
				);
				GCC_WARN_64_TO_32_BIT_CONVERSION = YES;
				GCC_WARN_ABOUT_RETURN_TYPE = YES_ERROR;
				GCC_WARN_UNDECLARED_SELECTOR = YES;
				GCC_WARN_UNINITIALIZED_AUTOS = YES_AGGRESSIVE;
				GCC_WARN_UNUSED_FUNCTION = YES;
				GCC_WARN_UNUSED_VARIABLE = YES;
				IPHONEOS_DEPLOYMENT_TARGET = 15.5;
				MTL_ENABLE_DEBUG_INFO = INCLUDE_SOURCE;
				MTL_FAST_MATH = YES;
				ONLY_ACTIVE_ARCH = YES;
				SDKROOT = iphoneos;
				SWIFT_ACTIVE_COMPILATION_CONDITIONS = DEBUG;
				SWIFT_OPTIMIZATION_LEVEL = "-Onone";
			};
			name = Debug;
		};
		324E147A2908799C0020D044 /* Release */ = {
			isa = XCBuildConfiguration;
			buildSettings = {
				ALWAYS_SEARCH_USER_PATHS = NO;
				CLANG_ANALYZER_NONNULL = YES;
				CLANG_ANALYZER_NUMBER_OBJECT_CONVERSION = YES_AGGRESSIVE;
				CLANG_CXX_LANGUAGE_STANDARD = "gnu++17";
				CLANG_ENABLE_MODULES = YES;
				CLANG_ENABLE_OBJC_ARC = YES;
				CLANG_ENABLE_OBJC_WEAK = YES;
				CLANG_WARN_BLOCK_CAPTURE_AUTORELEASING = YES;
				CLANG_WARN_BOOL_CONVERSION = YES;
				CLANG_WARN_COMMA = YES;
				CLANG_WARN_CONSTANT_CONVERSION = YES;
				CLANG_WARN_DEPRECATED_OBJC_IMPLEMENTATIONS = YES;
				CLANG_WARN_DIRECT_OBJC_ISA_USAGE = YES_ERROR;
				CLANG_WARN_DOCUMENTATION_COMMENTS = YES;
				CLANG_WARN_EMPTY_BODY = YES;
				CLANG_WARN_ENUM_CONVERSION = YES;
				CLANG_WARN_INFINITE_RECURSION = YES;
				CLANG_WARN_INT_CONVERSION = YES;
				CLANG_WARN_NON_LITERAL_NULL_CONVERSION = YES;
				CLANG_WARN_OBJC_IMPLICIT_RETAIN_SELF = YES;
				CLANG_WARN_OBJC_LITERAL_CONVERSION = YES;
				CLANG_WARN_OBJC_ROOT_CLASS = YES_ERROR;
				CLANG_WARN_QUOTED_INCLUDE_IN_FRAMEWORK_HEADER = YES;
				CLANG_WARN_RANGE_LOOP_ANALYSIS = YES;
				CLANG_WARN_STRICT_PROTOTYPES = YES;
				CLANG_WARN_SUSPICIOUS_MOVE = YES;
				CLANG_WARN_UNGUARDED_AVAILABILITY = YES_AGGRESSIVE;
				CLANG_WARN_UNREACHABLE_CODE = YES;
				CLANG_WARN__DUPLICATE_METHOD_MATCH = YES;
				COPY_PHASE_STRIP = NO;
				DEBUG_INFORMATION_FORMAT = "dwarf-with-dsym";
				ENABLE_NS_ASSERTIONS = NO;
				ENABLE_STRICT_OBJC_MSGSEND = YES;
				GCC_C_LANGUAGE_STANDARD = gnu11;
				GCC_NO_COMMON_BLOCKS = YES;
				GCC_WARN_64_TO_32_BIT_CONVERSION = YES;
				GCC_WARN_ABOUT_RETURN_TYPE = YES_ERROR;
				GCC_WARN_UNDECLARED_SELECTOR = YES;
				GCC_WARN_UNINITIALIZED_AUTOS = YES_AGGRESSIVE;
				GCC_WARN_UNUSED_FUNCTION = YES;
				GCC_WARN_UNUSED_VARIABLE = YES;
				IPHONEOS_DEPLOYMENT_TARGET = 15.5;
				MTL_ENABLE_DEBUG_INFO = NO;
				MTL_FAST_MATH = YES;
				SDKROOT = iphoneos;
				SWIFT_COMPILATION_MODE = wholemodule;
				SWIFT_OPTIMIZATION_LEVEL = "-O";
				VALIDATE_PRODUCT = YES;
			};
			name = Release;
		};
		324E147C2908799C0020D044 /* Debug */ = {
			isa = XCBuildConfiguration;
			buildSettings = {
				ASSETCATALOG_COMPILER_APPICON_NAME = AppIcon;
				ASSETCATALOG_COMPILER_GLOBAL_ACCENT_COLOR_NAME = AccentColor;
				CODE_SIGN_STYLE = Automatic;
				CURRENT_PROJECT_VERSION = 1;
				DEVELOPMENT_TEAM = B2Z3KD59GR;
				GENERATE_INFOPLIST_FILE = YES;
				INFOPLIST_FILE = ShoppingList/Resources/Info.plist;
				INFOPLIST_KEY_UIApplicationSupportsIndirectInputEvents = YES;
				INFOPLIST_KEY_UILaunchStoryboardName = LaunchScreen;
				INFOPLIST_KEY_UIMainStoryboardFile = Main;
				INFOPLIST_KEY_UISupportedInterfaceOrientations_iPad = "UIInterfaceOrientationPortrait UIInterfaceOrientationPortraitUpsideDown UIInterfaceOrientationLandscapeLeft UIInterfaceOrientationLandscapeRight";
				INFOPLIST_KEY_UISupportedInterfaceOrientations_iPhone = "UIInterfaceOrientationPortrait UIInterfaceOrientationLandscapeLeft UIInterfaceOrientationLandscapeRight";
				LD_RUNPATH_SEARCH_PATHS = (
					"$(inherited)",
					"@executable_path/Frameworks",
				);
				MARKETING_VERSION = 1.0;
				PRODUCT_BUNDLE_IDENTIFIER = com.juliafrederico.ShoppingList;
				PRODUCT_NAME = "$(TARGET_NAME)";
				SWIFT_EMIT_LOC_STRINGS = YES;
				SWIFT_VERSION = 5.0;
				TARGETED_DEVICE_FAMILY = "1,2";
			};
			name = Debug;
		};
		324E147D2908799C0020D044 /* Release */ = {
			isa = XCBuildConfiguration;
			buildSettings = {
				ASSETCATALOG_COMPILER_APPICON_NAME = AppIcon;
				ASSETCATALOG_COMPILER_GLOBAL_ACCENT_COLOR_NAME = AccentColor;
				CODE_SIGN_STYLE = Automatic;
				CURRENT_PROJECT_VERSION = 1;
				DEVELOPMENT_TEAM = B2Z3KD59GR;
				GENERATE_INFOPLIST_FILE = YES;
				INFOPLIST_FILE = ShoppingList/Resources/Info.plist;
				INFOPLIST_KEY_UIApplicationSupportsIndirectInputEvents = YES;
				INFOPLIST_KEY_UILaunchStoryboardName = LaunchScreen;
				INFOPLIST_KEY_UIMainStoryboardFile = Main;
				INFOPLIST_KEY_UISupportedInterfaceOrientations_iPad = "UIInterfaceOrientationPortrait UIInterfaceOrientationPortraitUpsideDown UIInterfaceOrientationLandscapeLeft UIInterfaceOrientationLandscapeRight";
				INFOPLIST_KEY_UISupportedInterfaceOrientations_iPhone = "UIInterfaceOrientationPortrait UIInterfaceOrientationLandscapeLeft UIInterfaceOrientationLandscapeRight";
				LD_RUNPATH_SEARCH_PATHS = (
					"$(inherited)",
					"@executable_path/Frameworks",
				);
				MARKETING_VERSION = 1.0;
				PRODUCT_BUNDLE_IDENTIFIER = com.juliafrederico.ShoppingList;
				PRODUCT_NAME = "$(TARGET_NAME)";
				SWIFT_EMIT_LOC_STRINGS = YES;
				SWIFT_VERSION = 5.0;
				TARGETED_DEVICE_FAMILY = "1,2";
			};
			name = Release;
		};
/* End XCBuildConfiguration section */

/* Begin XCConfigurationList section */
		324E1462290879990020D044 /* Build configuration list for PBXProject "ShoppingList" */ = {
			isa = XCConfigurationList;
			buildConfigurations = (
				324E14792908799C0020D044 /* Debug */,
				324E147A2908799C0020D044 /* Release */,
			);
			defaultConfigurationIsVisible = 0;
			defaultConfigurationName = Release;
		};
		324E147B2908799C0020D044 /* Build configuration list for PBXNativeTarget "ShoppingList" */ = {
			isa = XCConfigurationList;
			buildConfigurations = (
				324E147C2908799C0020D044 /* Debug */,
				324E147D2908799C0020D044 /* Release */,
			);
			defaultConfigurationIsVisible = 0;
			defaultConfigurationName = Release;
		};
/* End XCConfigurationList section */

/* Begin XCVersionGroup section */
		32BF664C290971AA00BB3C48 /* ShoppingList.xcdatamodeld */ = {
			isa = XCVersionGroup;
			children = (
				32BF664D290971AA00BB3C48 /* ShoppingList.xcdatamodel */,
			);
			currentVersion = 32BF664D290971AA00BB3C48 /* ShoppingList.xcdatamodel */;
			path = ShoppingList.xcdatamodeld;
			sourceTree = "<group>";
			versionGroupType = wrapper.xcdatamodel;
		};
/* End XCVersionGroup section */
	};
	rootObject = 324E145F290879990020D044 /* Project object */;
}
