// !$*UTF8*$!
{
	archiveVersion = 1;
	classes = {
	};
	objectVersion = 55;
	objects = {

/* Begin PBXBuildFile section */
		324044DF291BFC26008771EA /* AppDelegate.swift in Sources */ = {isa = PBXBuildFile; fileRef = 324044DE291BFC26008771EA /* AppDelegate.swift */; };
		324044E1291BFC26008771EA /* SceneDelegate.swift in Sources */ = {isa = PBXBuildFile; fileRef = 324044E0291BFC26008771EA /* SceneDelegate.swift */; };
		324044E9291BFC26008771EA /* EventManager.xcdatamodeld in Sources */ = {isa = PBXBuildFile; fileRef = 324044E7291BFC26008771EA /* EventManager.xcdatamodeld */; };
		324044EB291BFC28008771EA /* Assets.xcassets in Resources */ = {isa = PBXBuildFile; fileRef = 324044EA291BFC28008771EA /* Assets.xcassets */; };
		324044EE291BFC28008771EA /* LaunchScreen.storyboard in Resources */ = {isa = PBXBuildFile; fileRef = 324044EC291BFC28008771EA /* LaunchScreen.storyboard */; };
		324044FC291BFD8C008771EA /* CoreDataStack.swift in Sources */ = {isa = PBXBuildFile; fileRef = 324044FB291BFD8C008771EA /* CoreDataStack.swift */; };
		324044FF291BFDDC008771EA /* Strings.swift in Sources */ = {isa = PBXBuildFile; fileRef = 324044FE291BFDDC008771EA /* Strings.swift */; };
		32404501291BFE94008771EA /* EventListViewController.swift in Sources */ = {isa = PBXBuildFile; fileRef = 32404500291BFE94008771EA /* EventListViewController.swift */; };
		32404504291C035C008771EA /* UIViewExtension.swift in Sources */ = {isa = PBXBuildFile; fileRef = 32404503291C035C008771EA /* UIViewExtension.swift */; };
		32404506291C0546008771EA /* DateExtension.swift in Sources */ = {isa = PBXBuildFile; fileRef = 32404505291C0546008771EA /* DateExtension.swift */; };
		32404508291C4240008771EA /* Event+Convenience.swift in Sources */ = {isa = PBXBuildFile; fileRef = 32404507291C4240008771EA /* Event+Convenience.swift */; };
		3240450A291C429F008771EA /* EventController.swift in Sources */ = {isa = PBXBuildFile; fileRef = 32404509291C429F008771EA /* EventController.swift */; };
		3240450D291C76EF008771EA /* EventTableViewCell.swift in Sources */ = {isa = PBXBuildFile; fileRef = 3240450C291C76EF008771EA /* EventTableViewCell.swift */; };
/* End PBXBuildFile section */

/* Begin PBXFileReference section */
		324044DB291BFC26008771EA /* EventManager.app */ = {isa = PBXFileReference; explicitFileType = wrapper.application; includeInIndex = 0; path = EventManager.app; sourceTree = BUILT_PRODUCTS_DIR; };
		324044DE291BFC26008771EA /* AppDelegate.swift */ = {isa = PBXFileReference; lastKnownFileType = sourcecode.swift; path = AppDelegate.swift; sourceTree = "<group>"; };
		324044E0291BFC26008771EA /* SceneDelegate.swift */ = {isa = PBXFileReference; lastKnownFileType = sourcecode.swift; path = SceneDelegate.swift; sourceTree = "<group>"; };
		324044E8291BFC26008771EA /* EventManager.xcdatamodel */ = {isa = PBXFileReference; lastKnownFileType = wrapper.xcdatamodel; path = EventManager.xcdatamodel; sourceTree = "<group>"; };
		324044EA291BFC28008771EA /* Assets.xcassets */ = {isa = PBXFileReference; lastKnownFileType = folder.assetcatalog; path = Assets.xcassets; sourceTree = "<group>"; };
		324044ED291BFC28008771EA /* Base */ = {isa = PBXFileReference; lastKnownFileType = file.storyboard; name = Base; path = Base.lproj/LaunchScreen.storyboard; sourceTree = "<group>"; };
		324044EF291BFC28008771EA /* Info.plist */ = {isa = PBXFileReference; lastKnownFileType = text.plist.xml; path = Info.plist; sourceTree = "<group>"; };
		324044FB291BFD8C008771EA /* CoreDataStack.swift */ = {isa = PBXFileReference; lastKnownFileType = sourcecode.swift; path = CoreDataStack.swift; sourceTree = "<group>"; };
		324044FE291BFDDC008771EA /* Strings.swift */ = {isa = PBXFileReference; lastKnownFileType = sourcecode.swift; path = Strings.swift; sourceTree = "<group>"; };
		32404500291BFE94008771EA /* EventListViewController.swift */ = {isa = PBXFileReference; lastKnownFileType = sourcecode.swift; path = EventListViewController.swift; sourceTree = "<group>"; };
		32404503291C035C008771EA /* UIViewExtension.swift */ = {isa = PBXFileReference; lastKnownFileType = sourcecode.swift; path = UIViewExtension.swift; sourceTree = "<group>"; };
		32404505291C0546008771EA /* DateExtension.swift */ = {isa = PBXFileReference; lastKnownFileType = sourcecode.swift; path = DateExtension.swift; sourceTree = "<group>"; };
		32404507291C4240008771EA /* Event+Convenience.swift */ = {isa = PBXFileReference; lastKnownFileType = sourcecode.swift; path = "Event+Convenience.swift"; sourceTree = "<group>"; };
		32404509291C429F008771EA /* EventController.swift */ = {isa = PBXFileReference; lastKnownFileType = sourcecode.swift; path = EventController.swift; sourceTree = "<group>"; };
		3240450C291C76EF008771EA /* EventTableViewCell.swift */ = {isa = PBXFileReference; lastKnownFileType = sourcecode.swift; path = EventTableViewCell.swift; sourceTree = "<group>"; };
/* End PBXFileReference section */

/* Begin PBXFrameworksBuildPhase section */
		324044D8291BFC26008771EA /* Frameworks */ = {
			isa = PBXFrameworksBuildPhase;
			buildActionMask = 2147483647;
			files = (
			);
			runOnlyForDeploymentPostprocessing = 0;
		};
/* End PBXFrameworksBuildPhase section */

/* Begin PBXGroup section */
		324044D2291BFC26008771EA = {
			isa = PBXGroup;
			children = (
				324044DD291BFC26008771EA /* EventManager */,
				324044DC291BFC26008771EA /* Products */,
			);
			sourceTree = "<group>";
		};
		324044DC291BFC26008771EA /* Products */ = {
			isa = PBXGroup;
			children = (
				324044DB291BFC26008771EA /* EventManager.app */,
			);
			name = Products;
			sourceTree = "<group>";
		};
		324044DD291BFC26008771EA /* EventManager */ = {
			isa = PBXGroup;
			children = (
				324044F7291BFC69008771EA /* Resources */,
				324044F6291BFC66008771EA /* Models */,
				324044F5291BFC5F008771EA /* Controllers */,
				3240450B291C76D4008771EA /* Views */,
			);
			path = EventManager;
			sourceTree = "<group>";
		};
		324044F5291BFC5F008771EA /* Controllers */ = {
			isa = PBXGroup;
			children = (
				324044FA291BFCA6008771EA /* ModelControllers */,
				324044F9291BFCA2008771EA /* ViewControllers */,
			);
			path = Controllers;
			sourceTree = "<group>";
		};
		324044F6291BFC66008771EA /* Models */ = {
			isa = PBXGroup;
			children = (
				324044F8291BFC72008771EA /* CoreData */,
				32404507291C4240008771EA /* Event+Convenience.swift */,
			);
			path = Models;
			sourceTree = "<group>";
		};
		324044F7291BFC69008771EA /* Resources */ = {
			isa = PBXGroup;
			children = (
				32404502291C0341008771EA /* Extensions */,
				324044FD291BFDD6008771EA /* Helpers */,
				324044EC291BFC28008771EA /* LaunchScreen.storyboard */,
				324044DE291BFC26008771EA /* AppDelegate.swift */,
				324044E0291BFC26008771EA /* SceneDelegate.swift */,
				324044EF291BFC28008771EA /* Info.plist */,
				324044EA291BFC28008771EA /* Assets.xcassets */,
			);
			path = Resources;
			sourceTree = "<group>";
		};
		324044F8291BFC72008771EA /* CoreData */ = {
			isa = PBXGroup;
			children = (
				324044E7291BFC26008771EA /* EventManager.xcdatamodeld */,
				324044FB291BFD8C008771EA /* CoreDataStack.swift */,
			);
			path = CoreData;
			sourceTree = "<group>";
		};
		324044F9291BFCA2008771EA /* ViewControllers */ = {
			isa = PBXGroup;
			children = (
				32404500291BFE94008771EA /* EventListViewController.swift */,
			);
			path = ViewControllers;
			sourceTree = "<group>";
		};
		324044FA291BFCA6008771EA /* ModelControllers */ = {
			isa = PBXGroup;
			children = (
				32404509291C429F008771EA /* EventController.swift */,
			);
			path = ModelControllers;
			sourceTree = "<group>";
		};
		324044FD291BFDD6008771EA /* Helpers */ = {
			isa = PBXGroup;
			children = (
				324044FE291BFDDC008771EA /* Strings.swift */,
			);
			path = Helpers;
			sourceTree = "<group>";
		};
		32404502291C0341008771EA /* Extensions */ = {
			isa = PBXGroup;
			children = (
				32404503291C035C008771EA /* UIViewExtension.swift */,
				32404505291C0546008771EA /* DateExtension.swift */,
			);
			path = Extensions;
			sourceTree = "<group>";
		};
		3240450B291C76D4008771EA /* Views */ = {
			isa = PBXGroup;
			children = (
				3240450C291C76EF008771EA /* EventTableViewCell.swift */,
			);
			path = Views;
			sourceTree = "<group>";
		};
/* End PBXGroup section */

/* Begin PBXNativeTarget section */
		324044DA291BFC26008771EA /* EventManager */ = {
			isa = PBXNativeTarget;
			buildConfigurationList = 324044F2291BFC28008771EA /* Build configuration list for PBXNativeTarget "EventManager" */;
			buildPhases = (
				324044D7291BFC26008771EA /* Sources */,
				324044D8291BFC26008771EA /* Frameworks */,
				324044D9291BFC26008771EA /* Resources */,
			);
			buildRules = (
			);
			dependencies = (
			);
			name = EventManager;
			productName = EventManager;
			productReference = 324044DB291BFC26008771EA /* EventManager.app */;
			productType = "com.apple.product-type.application";
		};
/* End PBXNativeTarget section */

/* Begin PBXProject section */
		324044D3291BFC26008771EA /* Project object */ = {
			isa = PBXProject;
			attributes = {
				BuildIndependentTargetsInParallel = 1;
				LastSwiftUpdateCheck = 1340;
				LastUpgradeCheck = 1340;
				TargetAttributes = {
					324044DA291BFC26008771EA = {
						CreatedOnToolsVersion = 13.4;
					};
				};
			};
			buildConfigurationList = 324044D6291BFC26008771EA /* Build configuration list for PBXProject "EventManager" */;
			compatibilityVersion = "Xcode 13.0";
			developmentRegion = en;
			hasScannedForEncodings = 0;
			knownRegions = (
				en,
				Base,
			);
			mainGroup = 324044D2291BFC26008771EA;
			productRefGroup = 324044DC291BFC26008771EA /* Products */;
			projectDirPath = "";
			projectRoot = "";
			targets = (
				324044DA291BFC26008771EA /* EventManager */,
			);
		};
/* End PBXProject section */

/* Begin PBXResourcesBuildPhase section */
		324044D9291BFC26008771EA /* Resources */ = {
			isa = PBXResourcesBuildPhase;
			buildActionMask = 2147483647;
			files = (
				324044EE291BFC28008771EA /* LaunchScreen.storyboard in Resources */,
				324044EB291BFC28008771EA /* Assets.xcassets in Resources */,
			);
			runOnlyForDeploymentPostprocessing = 0;
		};
/* End PBXResourcesBuildPhase section */

/* Begin PBXSourcesBuildPhase section */
		324044D7291BFC26008771EA /* Sources */ = {
			isa = PBXSourcesBuildPhase;
			buildActionMask = 2147483647;
			files = (
				324044DF291BFC26008771EA /* AppDelegate.swift in Sources */,
				3240450D291C76EF008771EA /* EventTableViewCell.swift in Sources */,
				32404506291C0546008771EA /* DateExtension.swift in Sources */,
				3240450A291C429F008771EA /* EventController.swift in Sources */,
				32404501291BFE94008771EA /* EventListViewController.swift in Sources */,
				32404508291C4240008771EA /* Event+Convenience.swift in Sources */,
				324044E9291BFC26008771EA /* EventManager.xcdatamodeld in Sources */,
				324044FF291BFDDC008771EA /* Strings.swift in Sources */,
				32404504291C035C008771EA /* UIViewExtension.swift in Sources */,
				324044E1291BFC26008771EA /* SceneDelegate.swift in Sources */,
				324044FC291BFD8C008771EA /* CoreDataStack.swift in Sources */,
			);
			runOnlyForDeploymentPostprocessing = 0;
		};
/* End PBXSourcesBuildPhase section */

/* Begin PBXVariantGroup section */
		324044EC291BFC28008771EA /* LaunchScreen.storyboard */ = {
			isa = PBXVariantGroup;
			children = (
				324044ED291BFC28008771EA /* Base */,
			);
			name = LaunchScreen.storyboard;
			sourceTree = "<group>";
		};
/* End PBXVariantGroup section */

/* Begin XCBuildConfiguration section */
		324044F0291BFC28008771EA /* Debug */ = {
			isa = XCBuildConfiguration;
			buildSettings = {
				ALWAYS_SEARCH_USER_PATHS = NO;
				CLANG_ANALYZER_NONNULL = YES;
				CLANG_ANALYZER_NUMBER_OBJECT_CONVERSION = YES_AGGRESSIVE;
				CLANG_CXX_LANGUAGE_STANDARD = "gnu++17";
				CLANG_ENABLE_MODULES = YES;
				CLANG_ENABLE_OBJC_ARC = YES;
				CLANG_ENABLE_OBJC_WEAK = YES;
				CLANG_WARN_BLOCK_CAPTURE_AUTORELEASING = YES;
				CLANG_WARN_BOOL_CONVERSION = YES;
				CLANG_WARN_COMMA = YES;
				CLANG_WARN_CONSTANT_CONVERSION = YES;
				CLANG_WARN_DEPRECATED_OBJC_IMPLEMENTATIONS = YES;
				CLANG_WARN_DIRECT_OBJC_ISA_USAGE = YES_ERROR;
				CLANG_WARN_DOCUMENTATION_COMMENTS = YES;
				CLANG_WARN_EMPTY_BODY = YES;
				CLANG_WARN_ENUM_CONVERSION = YES;
				CLANG_WARN_INFINITE_RECURSION = YES;
				CLANG_WARN_INT_CONVERSION = YES;
				CLANG_WARN_NON_LITERAL_NULL_CONVERSION = YES;
				CLANG_WARN_OBJC_IMPLICIT_RETAIN_SELF = YES;
				CLANG_WARN_OBJC_LITERAL_CONVERSION = YES;
				CLANG_WARN_OBJC_ROOT_CLASS = YES_ERROR;
				CLANG_WARN_QUOTED_INCLUDE_IN_FRAMEWORK_HEADER = YES;
				CLANG_WARN_RANGE_LOOP_ANALYSIS = YES;
				CLANG_WARN_STRICT_PROTOTYPES = YES;
				CLANG_WARN_SUSPICIOUS_MOVE = YES;
				CLANG_WARN_UNGUARDED_AVAILABILITY = YES_AGGRESSIVE;
				CLANG_WARN_UNREACHABLE_CODE = YES;
				CLANG_WARN__DUPLICATE_METHOD_MATCH = YES;
				COPY_PHASE_STRIP = NO;
				DEBUG_INFORMATION_FORMAT = dwarf;
				ENABLE_STRICT_OBJC_MSGSEND = YES;
				ENABLE_TESTABILITY = YES;
				GCC_C_LANGUAGE_STANDARD = gnu11;
				GCC_DYNAMIC_NO_PIC = NO;
				GCC_NO_COMMON_BLOCKS = YES;
				GCC_OPTIMIZATION_LEVEL = 0;
				GCC_PREPROCESSOR_DEFINITIONS = (
					"DEBUG=1",
					"$(inherited)",
				);
				GCC_WARN_64_TO_32_BIT_CONVERSION = YES;
				GCC_WARN_ABOUT_RETURN_TYPE = YES_ERROR;
				GCC_WARN_UNDECLARED_SELECTOR = YES;
				GCC_WARN_UNINITIALIZED_AUTOS = YES_AGGRESSIVE;
				GCC_WARN_UNUSED_FUNCTION = YES;
				GCC_WARN_UNUSED_VARIABLE = YES;
				IPHONEOS_DEPLOYMENT_TARGET = 15.5;
				MTL_ENABLE_DEBUG_INFO = INCLUDE_SOURCE;
				MTL_FAST_MATH = YES;
				ONLY_ACTIVE_ARCH = YES;
				SDKROOT = iphoneos;
				SWIFT_ACTIVE_COMPILATION_CONDITIONS = DEBUG;
				SWIFT_OPTIMIZATION_LEVEL = "-Onone";
			};
			name = Debug;
		};
		324044F1291BFC28008771EA /* Release */ = {
			isa = XCBuildConfiguration;
			buildSettings = {
				ALWAYS_SEARCH_USER_PATHS = NO;
				CLANG_ANALYZER_NONNULL = YES;
				CLANG_ANALYZER_NUMBER_OBJECT_CONVERSION = YES_AGGRESSIVE;
				CLANG_CXX_LANGUAGE_STANDARD = "gnu++17";
				CLANG_ENABLE_MODULES = YES;
				CLANG_ENABLE_OBJC_ARC = YES;
				CLANG_ENABLE_OBJC_WEAK = YES;
				CLANG_WARN_BLOCK_CAPTURE_AUTORELEASING = YES;
				CLANG_WARN_BOOL_CONVERSION = YES;
				CLANG_WARN_COMMA = YES;
				CLANG_WARN_CONSTANT_CONVERSION = YES;
				CLANG_WARN_DEPRECATED_OBJC_IMPLEMENTATIONS = YES;
				CLANG_WARN_DIRECT_OBJC_ISA_USAGE = YES_ERROR;
				CLANG_WARN_DOCUMENTATION_COMMENTS = YES;
				CLANG_WARN_EMPTY_BODY = YES;
				CLANG_WARN_ENUM_CONVERSION = YES;
				CLANG_WARN_INFINITE_RECURSION = YES;
				CLANG_WARN_INT_CONVERSION = YES;
				CLANG_WARN_NON_LITERAL_NULL_CONVERSION = YES;
				CLANG_WARN_OBJC_IMPLICIT_RETAIN_SELF = YES;
				CLANG_WARN_OBJC_LITERAL_CONVERSION = YES;
				CLANG_WARN_OBJC_ROOT_CLASS = YES_ERROR;
				CLANG_WARN_QUOTED_INCLUDE_IN_FRAMEWORK_HEADER = YES;
				CLANG_WARN_RANGE_LOOP_ANALYSIS = YES;
				CLANG_WARN_STRICT_PROTOTYPES = YES;
				CLANG_WARN_SUSPICIOUS_MOVE = YES;
				CLANG_WARN_UNGUARDED_AVAILABILITY = YES_AGGRESSIVE;
				CLANG_WARN_UNREACHABLE_CODE = YES;
				CLANG_WARN__DUPLICATE_METHOD_MATCH = YES;
				COPY_PHASE_STRIP = NO;
				DEBUG_INFORMATION_FORMAT = "dwarf-with-dsym";
				ENABLE_NS_ASSERTIONS = NO;
				ENABLE_STRICT_OBJC_MSGSEND = YES;
				GCC_C_LANGUAGE_STANDARD = gnu11;
				GCC_NO_COMMON_BLOCKS = YES;
				GCC_WARN_64_TO_32_BIT_CONVERSION = YES;
				GCC_WARN_ABOUT_RETURN_TYPE = YES_ERROR;
				GCC_WARN_UNDECLARED_SELECTOR = YES;
				GCC_WARN_UNINITIALIZED_AUTOS = YES_AGGRESSIVE;
				GCC_WARN_UNUSED_FUNCTION = YES;
				GCC_WARN_UNUSED_VARIABLE = YES;
				IPHONEOS_DEPLOYMENT_TARGET = 15.5;
				MTL_ENABLE_DEBUG_INFO = NO;
				MTL_FAST_MATH = YES;
				SDKROOT = iphoneos;
				SWIFT_COMPILATION_MODE = wholemodule;
				SWIFT_OPTIMIZATION_LEVEL = "-O";
				VALIDATE_PRODUCT = YES;
			};
			name = Release;
		};
		324044F3291BFC28008771EA /* Debug */ = {
			isa = XCBuildConfiguration;
			buildSettings = {
				ASSETCATALOG_COMPILER_APPICON_NAME = AppIcon;
				ASSETCATALOG_COMPILER_GLOBAL_ACCENT_COLOR_NAME = AccentColor;
				CODE_SIGN_STYLE = Automatic;
				CURRENT_PROJECT_VERSION = 1;
				DEVELOPMENT_TEAM = B2Z3KD59GR;
				GENERATE_INFOPLIST_FILE = YES;
				INFOPLIST_FILE = EventManager/Resources/Info.plist;
				INFOPLIST_KEY_UIApplicationSupportsIndirectInputEvents = YES;
				INFOPLIST_KEY_UILaunchStoryboardName = LaunchScreen;
				INFOPLIST_KEY_UIMainStoryboardFile = LaunchScreen;
				INFOPLIST_KEY_UISupportedInterfaceOrientations_iPad = "UIInterfaceOrientationPortrait UIInterfaceOrientationPortraitUpsideDown UIInterfaceOrientationLandscapeLeft UIInterfaceOrientationLandscapeRight";
				INFOPLIST_KEY_UISupportedInterfaceOrientations_iPhone = "UIInterfaceOrientationPortrait UIInterfaceOrientationLandscapeLeft UIInterfaceOrientationLandscapeRight";
				LD_RUNPATH_SEARCH_PATHS = (
					"$(inherited)",
					"@executable_path/Frameworks",
				);
				MARKETING_VERSION = 1.0;
				PRODUCT_BUNDLE_IDENTIFIER = com.juliafrederico.EventManager;
				PRODUCT_NAME = "$(TARGET_NAME)";
				SWIFT_EMIT_LOC_STRINGS = YES;
				SWIFT_VERSION = 5.0;
				TARGETED_DEVICE_FAMILY = "1,2";
			};
			name = Debug;
		};
		324044F4291BFC28008771EA /* Release */ = {
			isa = XCBuildConfiguration;
			buildSettings = {
				ASSETCATALOG_COMPILER_APPICON_NAME = AppIcon;
				ASSETCATALOG_COMPILER_GLOBAL_ACCENT_COLOR_NAME = AccentColor;
				CODE_SIGN_STYLE = Automatic;
				CURRENT_PROJECT_VERSION = 1;
				DEVELOPMENT_TEAM = B2Z3KD59GR;
				GENERATE_INFOPLIST_FILE = YES;
				INFOPLIST_FILE = EventManager/Resources/Info.plist;
				INFOPLIST_KEY_UIApplicationSupportsIndirectInputEvents = YES;
				INFOPLIST_KEY_UILaunchStoryboardName = LaunchScreen;
				INFOPLIST_KEY_UIMainStoryboardFile = LaunchScreen;
				INFOPLIST_KEY_UISupportedInterfaceOrientations_iPad = "UIInterfaceOrientationPortrait UIInterfaceOrientationPortraitUpsideDown UIInterfaceOrientationLandscapeLeft UIInterfaceOrientationLandscapeRight";
				INFOPLIST_KEY_UISupportedInterfaceOrientations_iPhone = "UIInterfaceOrientationPortrait UIInterfaceOrientationLandscapeLeft UIInterfaceOrientationLandscapeRight";
				LD_RUNPATH_SEARCH_PATHS = (
					"$(inherited)",
					"@executable_path/Frameworks",
				);
				MARKETING_VERSION = 1.0;
				PRODUCT_BUNDLE_IDENTIFIER = com.juliafrederico.EventManager;
				PRODUCT_NAME = "$(TARGET_NAME)";
				SWIFT_EMIT_LOC_STRINGS = YES;
				SWIFT_VERSION = 5.0;
				TARGETED_DEVICE_FAMILY = "1,2";
			};
			name = Release;
		};
/* End XCBuildConfiguration section */

/* Begin XCConfigurationList section */
		324044D6291BFC26008771EA /* Build configuration list for PBXProject "EventManager" */ = {
			isa = XCConfigurationList;
			buildConfigurations = (
				324044F0291BFC28008771EA /* Debug */,
				324044F1291BFC28008771EA /* Release */,
			);
			defaultConfigurationIsVisible = 0;
			defaultConfigurationName = Release;
		};
		324044F2291BFC28008771EA /* Build configuration list for PBXNativeTarget "EventManager" */ = {
			isa = XCConfigurationList;
			buildConfigurations = (
				324044F3291BFC28008771EA /* Debug */,
				324044F4291BFC28008771EA /* Release */,
			);
			defaultConfigurationIsVisible = 0;
			defaultConfigurationName = Release;
		};
/* End XCConfigurationList section */

/* Begin XCVersionGroup section */
		324044E7291BFC26008771EA /* EventManager.xcdatamodeld */ = {
			isa = XCVersionGroup;
			children = (
				324044E8291BFC26008771EA /* EventManager.xcdatamodel */,
			);
			currentVersion = 324044E8291BFC26008771EA /* EventManager.xcdatamodel */;
			path = EventManager.xcdatamodeld;
			sourceTree = "<group>";
			versionGroupType = wrapper.xcdatamodel;
		};
/* End XCVersionGroup section */
	};
	rootObject = 324044D3291BFC26008771EA /* Project object */;
}
