// !$*UTF8*$!
{
	archiveVersion = 1;
	classes = {
	};
	objectVersion = 55;
	objects = {

/* Begin PBXBuildFile section */
		3223FF99292D29DC00688A0D /* AppDelegate.swift in Sources */ = {isa = PBXBuildFile; fileRef = 3223FF98292D29DC00688A0D /* AppDelegate.swift */; };
		3223FF9B292D29DC00688A0D /* SceneDelegate.swift in Sources */ = {isa = PBXBuildFile; fileRef = 3223FF9A292D29DC00688A0D /* SceneDelegate.swift */; };
		3223FFA2292D29DD00688A0D /* Assets.xcassets in Resources */ = {isa = PBXBuildFile; fileRef = 3223FFA1292D29DD00688A0D /* Assets.xcassets */; };
		3223FFA5292D29DD00688A0D /* LaunchScreen.storyboard in Resources */ = {isa = PBXBuildFile; fileRef = 3223FFA3292D29DD00688A0D /* LaunchScreen.storyboard */; };
		3223FFAF292D29E800688A0D /* CloudKit.framework in Frameworks */ = {isa = PBXBuildFile; fileRef = 3223FFAE292D29E800688A0D /* CloudKit.framework */; };
		3228A3A5292D2B0B00369AA6 /* Entry.swift in Sources */ = {isa = PBXBuildFile; fileRef = 3228A3A4292D2B0B00369AA6 /* Entry.swift */; };
		3228A3A7292D2B1300369AA6 /* EntryController.swift in Sources */ = {isa = PBXBuildFile; fileRef = 3228A3A6292D2B1300369AA6 /* EntryController.swift */; };
		3228A3AB292D2B4800369AA6 /* EntryListViewController.swift in Sources */ = {isa = PBXBuildFile; fileRef = 3228A3AA292D2B4800369AA6 /* EntryListViewController.swift */; };
		3228A3AD292D2B5100369AA6 /* EntryDetailViewController.swift in Sources */ = {isa = PBXBuildFile; fileRef = 3228A3AC292D2B5100369AA6 /* EntryDetailViewController.swift */; };
		3228A3AF292D2BAA00369AA6 /* UIViewControllerExtension.swift in Sources */ = {isa = PBXBuildFile; fileRef = 3228A3AE292D2BAA00369AA6 /* UIViewControllerExtension.swift */; };
		32B8ED82292D44B900DA6867 /* DateExtension.swift in Sources */ = {isa = PBXBuildFile; fileRef = 32B8ED81292D44B900DA6867 /* DateExtension.swift */; };
		32B8ED84292D4CAD00DA6867 /* EntryError.swift in Sources */ = {isa = PBXBuildFile; fileRef = 32B8ED83292D4CAD00DA6867 /* EntryError.swift */; };
		32B8ED86292D56E000DA6867 /* UIViewExtension.swift in Sources */ = {isa = PBXBuildFile; fileRef = 32B8ED85292D56DF00DA6867 /* UIViewExtension.swift */; };
		32B8ED88292D57AF00DA6867 /* Colors.swift in Sources */ = {isa = PBXBuildFile; fileRef = 32B8ED87292D57AF00DA6867 /* Colors.swift */; };
		32B8ED8A292D58E500DA6867 /* EntryTableViewCell.swift in Sources */ = {isa = PBXBuildFile; fileRef = 32B8ED89292D58E500DA6867 /* EntryTableViewCell.swift */; };
		32B8ED8C292D593200DA6867 /* Strings.swift in Sources */ = {isa = PBXBuildFile; fileRef = 32B8ED8B292D593200DA6867 /* Strings.swift */; };
/* End PBXBuildFile section */

/* Begin PBXFileReference section */
		3223FF95292D29DC00688A0D /* JournalCK.app */ = {isa = PBXFileReference; explicitFileType = wrapper.application; includeInIndex = 0; path = JournalCK.app; sourceTree = BUILT_PRODUCTS_DIR; };
		3223FF98292D29DC00688A0D /* AppDelegate.swift */ = {isa = PBXFileReference; lastKnownFileType = sourcecode.swift; path = AppDelegate.swift; sourceTree = "<group>"; };
		3223FF9A292D29DC00688A0D /* SceneDelegate.swift */ = {isa = PBXFileReference; lastKnownFileType = sourcecode.swift; path = SceneDelegate.swift; sourceTree = "<group>"; };
		3223FFA1292D29DD00688A0D /* Assets.xcassets */ = {isa = PBXFileReference; lastKnownFileType = folder.assetcatalog; path = Assets.xcassets; sourceTree = "<group>"; };
		3223FFA4292D29DD00688A0D /* Base */ = {isa = PBXFileReference; lastKnownFileType = file.storyboard; name = Base; path = Base.lproj/LaunchScreen.storyboard; sourceTree = "<group>"; };
		3223FFA6292D29DD00688A0D /* Info.plist */ = {isa = PBXFileReference; lastKnownFileType = text.plist.xml; path = Info.plist; sourceTree = "<group>"; };
		3223FFAC292D29E600688A0D /* JournalCK.entitlements */ = {isa = PBXFileReference; lastKnownFileType = text.plist.entitlements; path = JournalCK.entitlements; sourceTree = "<group>"; };
		3223FFAE292D29E800688A0D /* CloudKit.framework */ = {isa = PBXFileReference; lastKnownFileType = wrapper.framework; name = CloudKit.framework; path = System/Library/Frameworks/CloudKit.framework; sourceTree = SDKROOT; };
		3228A3A4292D2B0B00369AA6 /* Entry.swift */ = {isa = PBXFileReference; lastKnownFileType = sourcecode.swift; path = Entry.swift; sourceTree = "<group>"; };
		3228A3A6292D2B1300369AA6 /* EntryController.swift */ = {isa = PBXFileReference; lastKnownFileType = sourcecode.swift; path = EntryController.swift; sourceTree = "<group>"; };
		3228A3AA292D2B4800369AA6 /* EntryListViewController.swift */ = {isa = PBXFileReference; lastKnownFileType = sourcecode.swift; path = EntryListViewController.swift; sourceTree = "<group>"; };
		3228A3AC292D2B5100369AA6 /* EntryDetailViewController.swift */ = {isa = PBXFileReference; lastKnownFileType = sourcecode.swift; path = EntryDetailViewController.swift; sourceTree = "<group>"; };
		3228A3AE292D2BAA00369AA6 /* UIViewControllerExtension.swift */ = {isa = PBXFileReference; lastKnownFileType = sourcecode.swift; path = UIViewControllerExtension.swift; sourceTree = "<group>"; };
		32B8ED81292D44B900DA6867 /* DateExtension.swift */ = {isa = PBXFileReference; lastKnownFileType = sourcecode.swift; path = DateExtension.swift; sourceTree = "<group>"; };
		32B8ED83292D4CAD00DA6867 /* EntryError.swift */ = {isa = PBXFileReference; lastKnownFileType = sourcecode.swift; path = EntryError.swift; sourceTree = "<group>"; };
		32B8ED85292D56DF00DA6867 /* UIViewExtension.swift */ = {isa = PBXFileReference; lastKnownFileType = sourcecode.swift; path = UIViewExtension.swift; sourceTree = "<group>"; };
		32B8ED87292D57AF00DA6867 /* Colors.swift */ = {isa = PBXFileReference; lastKnownFileType = sourcecode.swift; path = Colors.swift; sourceTree = "<group>"; };
		32B8ED89292D58E500DA6867 /* EntryTableViewCell.swift */ = {isa = PBXFileReference; lastKnownFileType = sourcecode.swift; path = EntryTableViewCell.swift; sourceTree = "<group>"; };
		32B8ED8B292D593200DA6867 /* Strings.swift */ = {isa = PBXFileReference; lastKnownFileType = sourcecode.swift; path = Strings.swift; sourceTree = "<group>"; };
/* End PBXFileReference section */

/* Begin PBXFrameworksBuildPhase section */
		3223FF92292D29DC00688A0D /* Frameworks */ = {
			isa = PBXFrameworksBuildPhase;
			buildActionMask = 2147483647;
			files = (
				3223FFAF292D29E800688A0D /* CloudKit.framework in Frameworks */,
			);
			runOnlyForDeploymentPostprocessing = 0;
		};
/* End PBXFrameworksBuildPhase section */

/* Begin PBXGroup section */
		3223FF8C292D29DC00688A0D = {
			isa = PBXGroup;
			children = (
				3223FF97292D29DC00688A0D /* JournalCK */,
				3223FF96292D29DC00688A0D /* Products */,
				3223FFAD292D29E800688A0D /* Frameworks */,
			);
			sourceTree = "<group>";
		};
		3223FF96292D29DC00688A0D /* Products */ = {
			isa = PBXGroup;
			children = (
				3223FF95292D29DC00688A0D /* JournalCK.app */,
			);
			name = Products;
			sourceTree = "<group>";
		};
		3223FF97292D29DC00688A0D /* JournalCK */ = {
			isa = PBXGroup;
			children = (
				3223FFAC292D29E600688A0D /* JournalCK.entitlements */,
				3228A3A3292D2AEF00369AA6 /* Resources */,
				3228A3A2292D2AEA00369AA6 /* Helpers+Extensions */,
				3228A3A1292D2AE800369AA6 /* Models */,
				3228A3A0292D2AE500369AA6 /* Controllers */,
				3228A39F292D2AE200369AA6 /* Views */,
			);
			path = JournalCK;
			sourceTree = "<group>";
		};
		3223FFAD292D29E800688A0D /* Frameworks */ = {
			isa = PBXGroup;
			children = (
				3223FFAE292D29E800688A0D /* CloudKit.framework */,
			);
			name = Frameworks;
			sourceTree = "<group>";
		};
		3228A39F292D2AE200369AA6 /* Views */ = {
			isa = PBXGroup;
			children = (
				3223FFA3292D29DD00688A0D /* LaunchScreen.storyboard */,
				32B8ED89292D58E500DA6867 /* EntryTableViewCell.swift */,
			);
			path = Views;
			sourceTree = "<group>";
		};
		3228A3A0292D2AE500369AA6 /* Controllers */ = {
			isa = PBXGroup;
			children = (
				3228A3A9292D2B3400369AA6 /* ModelControllers */,
				3228A3A8292D2B2F00369AA6 /* ViewControllers */,
			);
			path = Controllers;
			sourceTree = "<group>";
		};
		3228A3A1292D2AE800369AA6 /* Models */ = {
			isa = PBXGroup;
			children = (
				3228A3A4292D2B0B00369AA6 /* Entry.swift */,
			);
			path = Models;
			sourceTree = "<group>";
		};
		3228A3A2292D2AEA00369AA6 /* Helpers+Extensions */ = {
			isa = PBXGroup;
			children = (
				3228A3AE292D2BAA00369AA6 /* UIViewControllerExtension.swift */,
				32B8ED81292D44B900DA6867 /* DateExtension.swift */,
				32B8ED83292D4CAD00DA6867 /* EntryError.swift */,
				32B8ED85292D56DF00DA6867 /* UIViewExtension.swift */,
				32B8ED87292D57AF00DA6867 /* Colors.swift */,
				32B8ED8B292D593200DA6867 /* Strings.swift */,
			);
			path = "Helpers+Extensions";
			sourceTree = "<group>";
		};
		3228A3A3292D2AEF00369AA6 /* Resources */ = {
			isa = PBXGroup;
			children = (
				3223FF98292D29DC00688A0D /* AppDelegate.swift */,
				3223FF9A292D29DC00688A0D /* SceneDelegate.swift */,
				3223FFA1292D29DD00688A0D /* Assets.xcassets */,
				3223FFA6292D29DD00688A0D /* Info.plist */,
			);
			path = Resources;
			sourceTree = "<group>";
		};
		3228A3A8292D2B2F00369AA6 /* ViewControllers */ = {
			isa = PBXGroup;
			children = (
				3228A3AA292D2B4800369AA6 /* EntryListViewController.swift */,
				3228A3AC292D2B5100369AA6 /* EntryDetailViewController.swift */,
			);
			path = ViewControllers;
			sourceTree = "<group>";
		};
		3228A3A9292D2B3400369AA6 /* ModelControllers */ = {
			isa = PBXGroup;
			children = (
				3228A3A6292D2B1300369AA6 /* EntryController.swift */,
			);
			path = ModelControllers;
			sourceTree = "<group>";
		};
/* End PBXGroup section */

/* Begin PBXNativeTarget section */
		3223FF94292D29DC00688A0D /* JournalCK */ = {
			isa = PBXNativeTarget;
			buildConfigurationList = 3223FFA9292D29DD00688A0D /* Build configuration list for PBXNativeTarget "JournalCK" */;
			buildPhases = (
				3223FF91292D29DC00688A0D /* Sources */,
				3223FF92292D29DC00688A0D /* Frameworks */,
				3223FF93292D29DC00688A0D /* Resources */,
			);
			buildRules = (
			);
			dependencies = (
			);
			name = JournalCK;
			productName = JournalCK;
			productReference = 3223FF95292D29DC00688A0D /* JournalCK.app */;
			productType = "com.apple.product-type.application";
		};
/* End PBXNativeTarget section */

/* Begin PBXProject section */
		3223FF8D292D29DC00688A0D /* Project object */ = {
			isa = PBXProject;
			attributes = {
				BuildIndependentTargetsInParallel = 1;
				LastSwiftUpdateCheck = 1340;
				LastUpgradeCheck = 1340;
				TargetAttributes = {
					3223FF94292D29DC00688A0D = {
						CreatedOnToolsVersion = 13.4;
					};
				};
			};
			buildConfigurationList = 3223FF90292D29DC00688A0D /* Build configuration list for PBXProject "JournalCK" */;
			compatibilityVersion = "Xcode 13.0";
			developmentRegion = en;
			hasScannedForEncodings = 0;
			knownRegions = (
				en,
				Base,
			);
			mainGroup = 3223FF8C292D29DC00688A0D;
			productRefGroup = 3223FF96292D29DC00688A0D /* Products */;
			projectDirPath = "";
			projectRoot = "";
			targets = (
				3223FF94292D29DC00688A0D /* JournalCK */,
			);
		};
/* End PBXProject section */

/* Begin PBXResourcesBuildPhase section */
		3223FF93292D29DC00688A0D /* Resources */ = {
			isa = PBXResourcesBuildPhase;
			buildActionMask = 2147483647;
			files = (
				3223FFA5292D29DD00688A0D /* LaunchScreen.storyboard in Resources */,
				3223FFA2292D29DD00688A0D /* Assets.xcassets in Resources */,
			);
			runOnlyForDeploymentPostprocessing = 0;
		};
/* End PBXResourcesBuildPhase section */

/* Begin PBXSourcesBuildPhase section */
		3223FF91292D29DC00688A0D /* Sources */ = {
			isa = PBXSourcesBuildPhase;
			buildActionMask = 2147483647;
			files = (
				32B8ED8A292D58E500DA6867 /* EntryTableViewCell.swift in Sources */,
				32B8ED86292D56E000DA6867 /* UIViewExtension.swift in Sources */,
				32B8ED88292D57AF00DA6867 /* Colors.swift in Sources */,
				3228A3A5292D2B0B00369AA6 /* Entry.swift in Sources */,
				32B8ED82292D44B900DA6867 /* DateExtension.swift in Sources */,
				3223FF99292D29DC00688A0D /* AppDelegate.swift in Sources */,
				3228A3AB292D2B4800369AA6 /* EntryListViewController.swift in Sources */,
				32B8ED8C292D593200DA6867 /* Strings.swift in Sources */,
				32B8ED84292D4CAD00DA6867 /* EntryError.swift in Sources */,
				3228A3A7292D2B1300369AA6 /* EntryController.swift in Sources */,
				3228A3AD292D2B5100369AA6 /* EntryDetailViewController.swift in Sources */,
				3228A3AF292D2BAA00369AA6 /* UIViewControllerExtension.swift in Sources */,
				3223FF9B292D29DC00688A0D /* SceneDelegate.swift in Sources */,
			);
			runOnlyForDeploymentPostprocessing = 0;
		};
/* End PBXSourcesBuildPhase section */

/* Begin PBXVariantGroup section */
		3223FFA3292D29DD00688A0D /* LaunchScreen.storyboard */ = {
			isa = PBXVariantGroup;
			children = (
				3223FFA4292D29DD00688A0D /* Base */,
			);
			name = LaunchScreen.storyboard;
			sourceTree = "<group>";
		};
/* End PBXVariantGroup section */

/* Begin XCBuildConfiguration section */
		3223FFA7292D29DD00688A0D /* Debug */ = {
			isa = XCBuildConfiguration;
			buildSettings = {
				ALWAYS_SEARCH_USER_PATHS = NO;
				CLANG_ANALYZER_NONNULL = YES;
				CLANG_ANALYZER_NUMBER_OBJECT_CONVERSION = YES_AGGRESSIVE;
				CLANG_CXX_LANGUAGE_STANDARD = "gnu++17";
				CLANG_ENABLE_MODULES = YES;
				CLANG_ENABLE_OBJC_ARC = YES;
				CLANG_ENABLE_OBJC_WEAK = YES;
				CLANG_WARN_BLOCK_CAPTURE_AUTORELEASING = YES;
				CLANG_WARN_BOOL_CONVERSION = YES;
				CLANG_WARN_COMMA = YES;
				CLANG_WARN_CONSTANT_CONVERSION = YES;
				CLANG_WARN_DEPRECATED_OBJC_IMPLEMENTATIONS = YES;
				CLANG_WARN_DIRECT_OBJC_ISA_USAGE = YES_ERROR;
				CLANG_WARN_DOCUMENTATION_COMMENTS = YES;
				CLANG_WARN_EMPTY_BODY = YES;
				CLANG_WARN_ENUM_CONVERSION = YES;
				CLANG_WARN_INFINITE_RECURSION = YES;
				CLANG_WARN_INT_CONVERSION = YES;
				CLANG_WARN_NON_LITERAL_NULL_CONVERSION = YES;
				CLANG_WARN_OBJC_IMPLICIT_RETAIN_SELF = YES;
				CLANG_WARN_OBJC_LITERAL_CONVERSION = YES;
				CLANG_WARN_OBJC_ROOT_CLASS = YES_ERROR;
				CLANG_WARN_QUOTED_INCLUDE_IN_FRAMEWORK_HEADER = YES;
				CLANG_WARN_RANGE_LOOP_ANALYSIS = YES;
				CLANG_WARN_STRICT_PROTOTYPES = YES;
				CLANG_WARN_SUSPICIOUS_MOVE = YES;
				CLANG_WARN_UNGUARDED_AVAILABILITY = YES_AGGRESSIVE;
				CLANG_WARN_UNREACHABLE_CODE = YES;
				CLANG_WARN__DUPLICATE_METHOD_MATCH = YES;
				COPY_PHASE_STRIP = NO;
				DEBUG_INFORMATION_FORMAT = dwarf;
				ENABLE_STRICT_OBJC_MSGSEND = YES;
				ENABLE_TESTABILITY = YES;
				GCC_C_LANGUAGE_STANDARD = gnu11;
				GCC_DYNAMIC_NO_PIC = NO;
				GCC_NO_COMMON_BLOCKS = YES;
				GCC_OPTIMIZATION_LEVEL = 0;
				GCC_PREPROCESSOR_DEFINITIONS = (
					"DEBUG=1",
					"$(inherited)",
				);
				GCC_WARN_64_TO_32_BIT_CONVERSION = YES;
				GCC_WARN_ABOUT_RETURN_TYPE = YES_ERROR;
				GCC_WARN_UNDECLARED_SELECTOR = YES;
				GCC_WARN_UNINITIALIZED_AUTOS = YES_AGGRESSIVE;
				GCC_WARN_UNUSED_FUNCTION = YES;
				GCC_WARN_UNUSED_VARIABLE = YES;
				IPHONEOS_DEPLOYMENT_TARGET = 15.5;
				MTL_ENABLE_DEBUG_INFO = INCLUDE_SOURCE;
				MTL_FAST_MATH = YES;
				ONLY_ACTIVE_ARCH = YES;
				SDKROOT = iphoneos;
				SWIFT_ACTIVE_COMPILATION_CONDITIONS = DEBUG;
				SWIFT_OPTIMIZATION_LEVEL = "-Onone";
			};
			name = Debug;
		};
		3223FFA8292D29DD00688A0D /* Release */ = {
			isa = XCBuildConfiguration;
			buildSettings = {
				ALWAYS_SEARCH_USER_PATHS = NO;
				CLANG_ANALYZER_NONNULL = YES;
				CLANG_ANALYZER_NUMBER_OBJECT_CONVERSION = YES_AGGRESSIVE;
				CLANG_CXX_LANGUAGE_STANDARD = "gnu++17";
				CLANG_ENABLE_MODULES = YES;
				CLANG_ENABLE_OBJC_ARC = YES;
				CLANG_ENABLE_OBJC_WEAK = YES;
				CLANG_WARN_BLOCK_CAPTURE_AUTORELEASING = YES;
				CLANG_WARN_BOOL_CONVERSION = YES;
				CLANG_WARN_COMMA = YES;
				CLANG_WARN_CONSTANT_CONVERSION = YES;
				CLANG_WARN_DEPRECATED_OBJC_IMPLEMENTATIONS = YES;
				CLANG_WARN_DIRECT_OBJC_ISA_USAGE = YES_ERROR;
				CLANG_WARN_DOCUMENTATION_COMMENTS = YES;
				CLANG_WARN_EMPTY_BODY = YES;
				CLANG_WARN_ENUM_CONVERSION = YES;
				CLANG_WARN_INFINITE_RECURSION = YES;
				CLANG_WARN_INT_CONVERSION = YES;
				CLANG_WARN_NON_LITERAL_NULL_CONVERSION = YES;
				CLANG_WARN_OBJC_IMPLICIT_RETAIN_SELF = YES;
				CLANG_WARN_OBJC_LITERAL_CONVERSION = YES;
				CLANG_WARN_OBJC_ROOT_CLASS = YES_ERROR;
				CLANG_WARN_QUOTED_INCLUDE_IN_FRAMEWORK_HEADER = YES;
				CLANG_WARN_RANGE_LOOP_ANALYSIS = YES;
				CLANG_WARN_STRICT_PROTOTYPES = YES;
				CLANG_WARN_SUSPICIOUS_MOVE = YES;
				CLANG_WARN_UNGUARDED_AVAILABILITY = YES_AGGRESSIVE;
				CLANG_WARN_UNREACHABLE_CODE = YES;
				CLANG_WARN__DUPLICATE_METHOD_MATCH = YES;
				COPY_PHASE_STRIP = NO;
				DEBUG_INFORMATION_FORMAT = "dwarf-with-dsym";
				ENABLE_NS_ASSERTIONS = NO;
				ENABLE_STRICT_OBJC_MSGSEND = YES;
				GCC_C_LANGUAGE_STANDARD = gnu11;
				GCC_NO_COMMON_BLOCKS = YES;
				GCC_WARN_64_TO_32_BIT_CONVERSION = YES;
				GCC_WARN_ABOUT_RETURN_TYPE = YES_ERROR;
				GCC_WARN_UNDECLARED_SELECTOR = YES;
				GCC_WARN_UNINITIALIZED_AUTOS = YES_AGGRESSIVE;
				GCC_WARN_UNUSED_FUNCTION = YES;
				GCC_WARN_UNUSED_VARIABLE = YES;
				IPHONEOS_DEPLOYMENT_TARGET = 15.5;
				MTL_ENABLE_DEBUG_INFO = NO;
				MTL_FAST_MATH = YES;
				SDKROOT = iphoneos;
				SWIFT_COMPILATION_MODE = wholemodule;
				SWIFT_OPTIMIZATION_LEVEL = "-O";
				VALIDATE_PRODUCT = YES;
			};
			name = Release;
		};
		3223FFAA292D29DD00688A0D /* Debug */ = {
			isa = XCBuildConfiguration;
			buildSettings = {
				ASSETCATALOG_COMPILER_APPICON_NAME = AppIcon;
				ASSETCATALOG_COMPILER_GLOBAL_ACCENT_COLOR_NAME = AccentColor;
				CODE_SIGN_ENTITLEMENTS = JournalCK/JournalCK.entitlements;
				CODE_SIGN_STYLE = Automatic;
				CURRENT_PROJECT_VERSION = 1;
				DEVELOPMENT_TEAM = B2Z3KD59GR;
				GENERATE_INFOPLIST_FILE = YES;
				INFOPLIST_FILE = JournalCK/Resources/Info.plist;
				INFOPLIST_KEY_UIApplicationSupportsIndirectInputEvents = YES;
				INFOPLIST_KEY_UILaunchStoryboardName = LaunchScreen;
				INFOPLIST_KEY_UISupportedInterfaceOrientations_iPad = "UIInterfaceOrientationPortrait UIInterfaceOrientationPortraitUpsideDown UIInterfaceOrientationLandscapeLeft UIInterfaceOrientationLandscapeRight";
				INFOPLIST_KEY_UISupportedInterfaceOrientations_iPhone = "UIInterfaceOrientationPortrait UIInterfaceOrientationLandscapeLeft UIInterfaceOrientationLandscapeRight";
				LD_RUNPATH_SEARCH_PATHS = (
					"$(inherited)",
					"@executable_path/Frameworks",
				);
				MARKETING_VERSION = 1.0;
				PRODUCT_BUNDLE_IDENTIFIER = com.juliafrederico.JournalCloudKit;
				PRODUCT_NAME = "$(TARGET_NAME)";
				SWIFT_EMIT_LOC_STRINGS = YES;
				SWIFT_VERSION = 5.0;
				TARGETED_DEVICE_FAMILY = "1,2";
			};
			name = Debug;
		};
		3223FFAB292D29DD00688A0D /* Release */ = {
			isa = XCBuildConfiguration;
			buildSettings = {
				ASSETCATALOG_COMPILER_APPICON_NAME = AppIcon;
				ASSETCATALOG_COMPILER_GLOBAL_ACCENT_COLOR_NAME = AccentColor;
				CODE_SIGN_ENTITLEMENTS = JournalCK/JournalCK.entitlements;
				CODE_SIGN_STYLE = Automatic;
				CURRENT_PROJECT_VERSION = 1;
				DEVELOPMENT_TEAM = B2Z3KD59GR;
				GENERATE_INFOPLIST_FILE = YES;
				INFOPLIST_FILE = JournalCK/Resources/Info.plist;
				INFOPLIST_KEY_UIApplicationSupportsIndirectInputEvents = YES;
				INFOPLIST_KEY_UILaunchStoryboardName = LaunchScreen;
				INFOPLIST_KEY_UISupportedInterfaceOrientations_iPad = "UIInterfaceOrientationPortrait UIInterfaceOrientationPortraitUpsideDown UIInterfaceOrientationLandscapeLeft UIInterfaceOrientationLandscapeRight";
				INFOPLIST_KEY_UISupportedInterfaceOrientations_iPhone = "UIInterfaceOrientationPortrait UIInterfaceOrientationLandscapeLeft UIInterfaceOrientationLandscapeRight";
				LD_RUNPATH_SEARCH_PATHS = (
					"$(inherited)",
					"@executable_path/Frameworks",
				);
				MARKETING_VERSION = 1.0;
				PRODUCT_BUNDLE_IDENTIFIER = com.juliafrederico.JournalCloudKit;
				PRODUCT_NAME = "$(TARGET_NAME)";
				SWIFT_EMIT_LOC_STRINGS = YES;
				SWIFT_VERSION = 5.0;
				TARGETED_DEVICE_FAMILY = "1,2";
			};
			name = Release;
		};
/* End XCBuildConfiguration section */

/* Begin XCConfigurationList section */
		3223FF90292D29DC00688A0D /* Build configuration list for PBXProject "JournalCK" */ = {
			isa = XCConfigurationList;
			buildConfigurations = (
				3223FFA7292D29DD00688A0D /* Debug */,
				3223FFA8292D29DD00688A0D /* Release */,
			);
			defaultConfigurationIsVisible = 0;
			defaultConfigurationName = Release;
		};
		3223FFA9292D29DD00688A0D /* Build configuration list for PBXNativeTarget "JournalCK" */ = {
			isa = XCConfigurationList;
			buildConfigurations = (
				3223FFAA292D29DD00688A0D /* Debug */,
				3223FFAB292D29DD00688A0D /* Release */,
			);
			defaultConfigurationIsVisible = 0;
			defaultConfigurationName = Release;
		};
/* End XCConfigurationList section */
	};
	rootObject = 3223FF8D292D29DC00688A0D /* Project object */;
}
