// !$*UTF8*$!
{
	archiveVersion = 1;
	classes = {
	};
	objectVersion = 55;
	objects = {

/* Begin PBXBuildFile section */
		328273F629083E5E000AD491 /* CardCollectionViewCell.swift in Sources */ = {isa = PBXBuildFile; fileRef = 328273F529083E5E000AD491 /* CardCollectionViewCell.swift */; };
		328273F82908674E000AD491 /* GameLevelViewController.swift in Sources */ = {isa = PBXBuildFile; fileRef = 328273F72908674E000AD491 /* GameLevelViewController.swift */; };
		32B174022908215900AA8A51 /* AppDelegate.swift in Sources */ = {isa = PBXBuildFile; fileRef = 32B174012908215900AA8A51 /* AppDelegate.swift */; };
		32B174042908215900AA8A51 /* SceneDelegate.swift in Sources */ = {isa = PBXBuildFile; fileRef = 32B174032908215900AA8A51 /* SceneDelegate.swift */; };
		32B174092908215900AA8A51 /* Main.storyboard in Resources */ = {isa = PBXBuildFile; fileRef = 32B174072908215900AA8A51 /* Main.storyboard */; };
		32B1740B2908215900AA8A51 /* Assets.xcassets in Resources */ = {isa = PBXBuildFile; fileRef = 32B1740A2908215900AA8A51 /* Assets.xcassets */; };
		32B1740E2908215900AA8A51 /* LaunchScreen.storyboard in Resources */ = {isa = PBXBuildFile; fileRef = 32B1740C2908215900AA8A51 /* LaunchScreen.storyboard */; };
		32B1741C29082B2E00AA8A51 /* Card.swift in Sources */ = {isa = PBXBuildFile; fileRef = 32B1741B29082B2E00AA8A51 /* Card.swift */; };
		32B1741E29082B3A00AA8A51 /* CardController.swift in Sources */ = {isa = PBXBuildFile; fileRef = 32B1741D29082B3A00AA8A51 /* CardController.swift */; };
		32B1742029082B5800AA8A51 /* CardsCollectionViewController.swift in Sources */ = {isa = PBXBuildFile; fileRef = 32B1741F29082B5800AA8A51 /* CardsCollectionViewController.swift */; };
/* End PBXBuildFile section */

/* Begin PBXFileReference section */
		328273F529083E5E000AD491 /* CardCollectionViewCell.swift */ = {isa = PBXFileReference; lastKnownFileType = sourcecode.swift; path = CardCollectionViewCell.swift; sourceTree = "<group>"; };
		328273F72908674E000AD491 /* GameLevelViewController.swift */ = {isa = PBXFileReference; lastKnownFileType = sourcecode.swift; path = GameLevelViewController.swift; sourceTree = "<group>"; };
		32B173FE2908215900AA8A51 /* MemoryGame.app */ = {isa = PBXFileReference; explicitFileType = wrapper.application; includeInIndex = 0; path = MemoryGame.app; sourceTree = BUILT_PRODUCTS_DIR; };
		32B174012908215900AA8A51 /* AppDelegate.swift */ = {isa = PBXFileReference; lastKnownFileType = sourcecode.swift; path = AppDelegate.swift; sourceTree = "<group>"; };
		32B174032908215900AA8A51 /* SceneDelegate.swift */ = {isa = PBXFileReference; lastKnownFileType = sourcecode.swift; path = SceneDelegate.swift; sourceTree = "<group>"; };
		32B174082908215900AA8A51 /* Base */ = {isa = PBXFileReference; lastKnownFileType = file.storyboard; name = Base; path = Base.lproj/Main.storyboard; sourceTree = "<group>"; };
		32B1740A2908215900AA8A51 /* Assets.xcassets */ = {isa = PBXFileReference; lastKnownFileType = folder.assetcatalog; path = Assets.xcassets; sourceTree = "<group>"; };
		32B1740D2908215900AA8A51 /* Base */ = {isa = PBXFileReference; lastKnownFileType = file.storyboard; name = Base; path = Base.lproj/LaunchScreen.storyboard; sourceTree = "<group>"; };
		32B1740F2908215900AA8A51 /* Info.plist */ = {isa = PBXFileReference; lastKnownFileType = text.plist.xml; path = Info.plist; sourceTree = "<group>"; };
		32B1741B29082B2E00AA8A51 /* Card.swift */ = {isa = PBXFileReference; lastKnownFileType = sourcecode.swift; path = Card.swift; sourceTree = "<group>"; };
		32B1741D29082B3A00AA8A51 /* CardController.swift */ = {isa = PBXFileReference; lastKnownFileType = sourcecode.swift; path = CardController.swift; sourceTree = "<group>"; };
		32B1741F29082B5800AA8A51 /* CardsCollectionViewController.swift */ = {isa = PBXFileReference; lastKnownFileType = sourcecode.swift; path = CardsCollectionViewController.swift; sourceTree = "<group>"; };
/* End PBXFileReference section */

/* Begin PBXFrameworksBuildPhase section */
		32B173FB2908215900AA8A51 /* Frameworks */ = {
			isa = PBXFrameworksBuildPhase;
			buildActionMask = 2147483647;
			files = (
			);
			runOnlyForDeploymentPostprocessing = 0;
		};
/* End PBXFrameworksBuildPhase section */

/* Begin PBXGroup section */
		328273F429083E4A000AD491 /* CustomViews */ = {
			isa = PBXGroup;
			children = (
				328273F529083E5E000AD491 /* CardCollectionViewCell.swift */,
			);
			path = CustomViews;
			sourceTree = "<group>";
		};
		32B173F52908215900AA8A51 = {
			isa = PBXGroup;
			children = (
				32B174002908215900AA8A51 /* MemoryGame */,
				32B173FF2908215900AA8A51 /* Products */,
			);
			sourceTree = "<group>";
		};
		32B173FF2908215900AA8A51 /* Products */ = {
			isa = PBXGroup;
			children = (
				32B173FE2908215900AA8A51 /* MemoryGame.app */,
			);
			name = Products;
			sourceTree = "<group>";
		};
		32B174002908215900AA8A51 /* MemoryGame */ = {
			isa = PBXGroup;
			children = (
				32B1741629082AAF00AA8A51 /* Resources */,
				32B1741529082AAB00AA8A51 /* Models */,
				32B1741729082AB100AA8A51 /* Controllers */,
				32B1741829082AB500AA8A51 /* Views */,
			);
			path = MemoryGame;
			sourceTree = "<group>";
		};
		32B1741529082AAB00AA8A51 /* Models */ = {
			isa = PBXGroup;
			children = (
				32B1741B29082B2E00AA8A51 /* Card.swift */,
			);
			path = Models;
			sourceTree = "<group>";
		};
		32B1741629082AAF00AA8A51 /* Resources */ = {
			isa = PBXGroup;
			children = (
				32B174012908215900AA8A51 /* AppDelegate.swift */,
				32B174032908215900AA8A51 /* SceneDelegate.swift */,
				32B1740A2908215900AA8A51 /* Assets.xcassets */,
				32B1740F2908215900AA8A51 /* Info.plist */,
			);
			path = Resources;
			sourceTree = "<group>";
		};
		32B1741729082AB100AA8A51 /* Controllers */ = {
			isa = PBXGroup;
			children = (
				32B1741A29082AC400AA8A51 /* ModelControllers */,
				32B1741929082ABA00AA8A51 /* ViewControllers */,
			);
			path = Controllers;
			sourceTree = "<group>";
		};
		32B1741829082AB500AA8A51 /* Views */ = {
			isa = PBXGroup;
			children = (
				328273F429083E4A000AD491 /* CustomViews */,
				32B174072908215900AA8A51 /* Main.storyboard */,
				32B1740C2908215900AA8A51 /* LaunchScreen.storyboard */,
			);
			path = Views;
			sourceTree = "<group>";
		};
		32B1741929082ABA00AA8A51 /* ViewControllers */ = {
			isa = PBXGroup;
			children = (
				32B1741F29082B5800AA8A51 /* CardsCollectionViewController.swift */,
				328273F72908674E000AD491 /* GameLevelViewController.swift */,
			);
			path = ViewControllers;
			sourceTree = "<group>";
		};
		32B1741A29082AC400AA8A51 /* ModelControllers */ = {
			isa = PBXGroup;
			children = (
				32B1741D29082B3A00AA8A51 /* CardController.swift */,
			);
			path = ModelControllers;
			sourceTree = "<group>";
		};
/* End PBXGroup section */

/* Begin PBXNativeTarget section */
		32B173FD2908215900AA8A51 /* MemoryGame */ = {
			isa = PBXNativeTarget;
			buildConfigurationList = 32B174122908215900AA8A51 /* Build configuration list for PBXNativeTarget "MemoryGame" */;
			buildPhases = (
				32B173FA2908215900AA8A51 /* Sources */,
				32B173FB2908215900AA8A51 /* Frameworks */,
				32B173FC2908215900AA8A51 /* Resources */,
			);
			buildRules = (
			);
			dependencies = (
			);
			name = MemoryGame;
			productName = MemoryGame;
			productReference = 32B173FE2908215900AA8A51 /* MemoryGame.app */;
			productType = "com.apple.product-type.application";
		};
/* End PBXNativeTarget section */

/* Begin PBXProject section */
		32B173F62908215900AA8A51 /* Project object */ = {
			isa = PBXProject;
			attributes = {
				BuildIndependentTargetsInParallel = 1;
				LastSwiftUpdateCheck = 1340;
				LastUpgradeCheck = 1340;
				TargetAttributes = {
					32B173FD2908215900AA8A51 = {
						CreatedOnToolsVersion = 13.4;
					};
				};
			};
			buildConfigurationList = 32B173F92908215900AA8A51 /* Build configuration list for PBXProject "MemoryGame" */;
			compatibilityVersion = "Xcode 13.0";
			developmentRegion = en;
			hasScannedForEncodings = 0;
			knownRegions = (
				en,
				Base,
			);
			mainGroup = 32B173F52908215900AA8A51;
			productRefGroup = 32B173FF2908215900AA8A51 /* Products */;
			projectDirPath = "";
			projectRoot = "";
			targets = (
				32B173FD2908215900AA8A51 /* MemoryGame */,
			);
		};
/* End PBXProject section */

/* Begin PBXResourcesBuildPhase section */
		32B173FC2908215900AA8A51 /* Resources */ = {
			isa = PBXResourcesBuildPhase;
			buildActionMask = 2147483647;
			files = (
				32B1740E2908215900AA8A51 /* LaunchScreen.storyboard in Resources */,
				32B1740B2908215900AA8A51 /* Assets.xcassets in Resources */,
				32B174092908215900AA8A51 /* Main.storyboard in Resources */,
			);
			runOnlyForDeploymentPostprocessing = 0;
		};
/* End PBXResourcesBuildPhase section */

/* Begin PBXSourcesBuildPhase section */
		32B173FA2908215900AA8A51 /* Sources */ = {
			isa = PBXSourcesBuildPhase;
			buildActionMask = 2147483647;
			files = (
				328273F82908674E000AD491 /* GameLevelViewController.swift in Sources */,
				32B174022908215900AA8A51 /* AppDelegate.swift in Sources */,
				32B1741E29082B3A00AA8A51 /* CardController.swift in Sources */,
				32B1741C29082B2E00AA8A51 /* Card.swift in Sources */,
				32B174042908215900AA8A51 /* SceneDelegate.swift in Sources */,
				328273F629083E5E000AD491 /* CardCollectionViewCell.swift in Sources */,
				32B1742029082B5800AA8A51 /* CardsCollectionViewController.swift in Sources */,
			);
			runOnlyForDeploymentPostprocessing = 0;
		};
/* End PBXSourcesBuildPhase section */

/* Begin PBXVariantGroup section */
		32B174072908215900AA8A51 /* Main.storyboard */ = {
			isa = PBXVariantGroup;
			children = (
				32B174082908215900AA8A51 /* Base */,
			);
			name = Main.storyboard;
			sourceTree = "<group>";
		};
		32B1740C2908215900AA8A51 /* LaunchScreen.storyboard */ = {
			isa = PBXVariantGroup;
			children = (
				32B1740D2908215900AA8A51 /* Base */,
			);
			name = LaunchScreen.storyboard;
			sourceTree = "<group>";
		};
/* End PBXVariantGroup section */

/* Begin XCBuildConfiguration section */
		32B174102908215900AA8A51 /* Debug */ = {
			isa = XCBuildConfiguration;
			buildSettings = {
				ALWAYS_SEARCH_USER_PATHS = NO;
				CLANG_ANALYZER_NONNULL = YES;
				CLANG_ANALYZER_NUMBER_OBJECT_CONVERSION = YES_AGGRESSIVE;
				CLANG_CXX_LANGUAGE_STANDARD = "gnu++17";
				CLANG_ENABLE_MODULES = YES;
				CLANG_ENABLE_OBJC_ARC = YES;
				CLANG_ENABLE_OBJC_WEAK = YES;
				CLANG_WARN_BLOCK_CAPTURE_AUTORELEASING = YES;
				CLANG_WARN_BOOL_CONVERSION = YES;
				CLANG_WARN_COMMA = YES;
				CLANG_WARN_CONSTANT_CONVERSION = YES;
				CLANG_WARN_DEPRECATED_OBJC_IMPLEMENTATIONS = YES;
				CLANG_WARN_DIRECT_OBJC_ISA_USAGE = YES_ERROR;
				CLANG_WARN_DOCUMENTATION_COMMENTS = YES;
				CLANG_WARN_EMPTY_BODY = YES;
				CLANG_WARN_ENUM_CONVERSION = YES;
				CLANG_WARN_INFINITE_RECURSION = YES;
				CLANG_WARN_INT_CONVERSION = YES;
				CLANG_WARN_NON_LITERAL_NULL_CONVERSION = YES;
				CLANG_WARN_OBJC_IMPLICIT_RETAIN_SELF = YES;
				CLANG_WARN_OBJC_LITERAL_CONVERSION = YES;
				CLANG_WARN_OBJC_ROOT_CLASS = YES_ERROR;
				CLANG_WARN_QUOTED_INCLUDE_IN_FRAMEWORK_HEADER = YES;
				CLANG_WARN_RANGE_LOOP_ANALYSIS = YES;
				CLANG_WARN_STRICT_PROTOTYPES = YES;
				CLANG_WARN_SUSPICIOUS_MOVE = YES;
				CLANG_WARN_UNGUARDED_AVAILABILITY = YES_AGGRESSIVE;
				CLANG_WARN_UNREACHABLE_CODE = YES;
				CLANG_WARN__DUPLICATE_METHOD_MATCH = YES;
				COPY_PHASE_STRIP = NO;
				DEBUG_INFORMATION_FORMAT = dwarf;
				ENABLE_STRICT_OBJC_MSGSEND = YES;
				ENABLE_TESTABILITY = YES;
				GCC_C_LANGUAGE_STANDARD = gnu11;
				GCC_DYNAMIC_NO_PIC = NO;
				GCC_NO_COMMON_BLOCKS = YES;
				GCC_OPTIMIZATION_LEVEL = 0;
				GCC_PREPROCESSOR_DEFINITIONS = (
					"DEBUG=1",
					"$(inherited)",
				);
				GCC_WARN_64_TO_32_BIT_CONVERSION = YES;
				GCC_WARN_ABOUT_RETURN_TYPE = YES_ERROR;
				GCC_WARN_UNDECLARED_SELECTOR = YES;
				GCC_WARN_UNINITIALIZED_AUTOS = YES_AGGRESSIVE;
				GCC_WARN_UNUSED_FUNCTION = YES;
				GCC_WARN_UNUSED_VARIABLE = YES;
				IPHONEOS_DEPLOYMENT_TARGET = 15.5;
				MTL_ENABLE_DEBUG_INFO = INCLUDE_SOURCE;
				MTL_FAST_MATH = YES;
				ONLY_ACTIVE_ARCH = YES;
				SDKROOT = iphoneos;
				SWIFT_ACTIVE_COMPILATION_CONDITIONS = DEBUG;
				SWIFT_OPTIMIZATION_LEVEL = "-Onone";
			};
			name = Debug;
		};
		32B174112908215900AA8A51 /* Release */ = {
			isa = XCBuildConfiguration;
			buildSettings = {
				ALWAYS_SEARCH_USER_PATHS = NO;
				CLANG_ANALYZER_NONNULL = YES;
				CLANG_ANALYZER_NUMBER_OBJECT_CONVERSION = YES_AGGRESSIVE;
				CLANG_CXX_LANGUAGE_STANDARD = "gnu++17";
				CLANG_ENABLE_MODULES = YES;
				CLANG_ENABLE_OBJC_ARC = YES;
				CLANG_ENABLE_OBJC_WEAK = YES;
				CLANG_WARN_BLOCK_CAPTURE_AUTORELEASING = YES;
				CLANG_WARN_BOOL_CONVERSION = YES;
				CLANG_WARN_COMMA = YES;
				CLANG_WARN_CONSTANT_CONVERSION = YES;
				CLANG_WARN_DEPRECATED_OBJC_IMPLEMENTATIONS = YES;
				CLANG_WARN_DIRECT_OBJC_ISA_USAGE = YES_ERROR;
				CLANG_WARN_DOCUMENTATION_COMMENTS = YES;
				CLANG_WARN_EMPTY_BODY = YES;
				CLANG_WARN_ENUM_CONVERSION = YES;
				CLANG_WARN_INFINITE_RECURSION = YES;
				CLANG_WARN_INT_CONVERSION = YES;
				CLANG_WARN_NON_LITERAL_NULL_CONVERSION = YES;
				CLANG_WARN_OBJC_IMPLICIT_RETAIN_SELF = YES;
				CLANG_WARN_OBJC_LITERAL_CONVERSION = YES;
				CLANG_WARN_OBJC_ROOT_CLASS = YES_ERROR;
				CLANG_WARN_QUOTED_INCLUDE_IN_FRAMEWORK_HEADER = YES;
				CLANG_WARN_RANGE_LOOP_ANALYSIS = YES;
				CLANG_WARN_STRICT_PROTOTYPES = YES;
				CLANG_WARN_SUSPICIOUS_MOVE = YES;
				CLANG_WARN_UNGUARDED_AVAILABILITY = YES_AGGRESSIVE;
				CLANG_WARN_UNREACHABLE_CODE = YES;
				CLANG_WARN__DUPLICATE_METHOD_MATCH = YES;
				COPY_PHASE_STRIP = NO;
				DEBUG_INFORMATION_FORMAT = "dwarf-with-dsym";
				ENABLE_NS_ASSERTIONS = NO;
				ENABLE_STRICT_OBJC_MSGSEND = YES;
				GCC_C_LANGUAGE_STANDARD = gnu11;
				GCC_NO_COMMON_BLOCKS = YES;
				GCC_WARN_64_TO_32_BIT_CONVERSION = YES;
				GCC_WARN_ABOUT_RETURN_TYPE = YES_ERROR;
				GCC_WARN_UNDECLARED_SELECTOR = YES;
				GCC_WARN_UNINITIALIZED_AUTOS = YES_AGGRESSIVE;
				GCC_WARN_UNUSED_FUNCTION = YES;
				GCC_WARN_UNUSED_VARIABLE = YES;
				IPHONEOS_DEPLOYMENT_TARGET = 15.5;
				MTL_ENABLE_DEBUG_INFO = NO;
				MTL_FAST_MATH = YES;
				SDKROOT = iphoneos;
				SWIFT_COMPILATION_MODE = wholemodule;
				SWIFT_OPTIMIZATION_LEVEL = "-O";
				VALIDATE_PRODUCT = YES;
			};
			name = Release;
		};
		32B174132908215900AA8A51 /* Debug */ = {
			isa = XCBuildConfiguration;
			buildSettings = {
				ASSETCATALOG_COMPILER_APPICON_NAME = AppIcon;
				ASSETCATALOG_COMPILER_GLOBAL_ACCENT_COLOR_NAME = AccentColor;
				CODE_SIGN_STYLE = Automatic;
				CURRENT_PROJECT_VERSION = 1;
				DEVELOPMENT_TEAM = B2Z3KD59GR;
				GENERATE_INFOPLIST_FILE = YES;
				INFOPLIST_FILE = MemoryGame/Resources/Info.plist;
				INFOPLIST_KEY_UIApplicationSupportsIndirectInputEvents = YES;
				INFOPLIST_KEY_UILaunchStoryboardName = LaunchScreen;
				INFOPLIST_KEY_UIMainStoryboardFile = Main;
				INFOPLIST_KEY_UISupportedInterfaceOrientations_iPad = "UIInterfaceOrientationPortrait UIInterfaceOrientationPortraitUpsideDown UIInterfaceOrientationLandscapeLeft UIInterfaceOrientationLandscapeRight";
				INFOPLIST_KEY_UISupportedInterfaceOrientations_iPhone = "UIInterfaceOrientationPortrait UIInterfaceOrientationLandscapeLeft UIInterfaceOrientationLandscapeRight";
				LD_RUNPATH_SEARCH_PATHS = (
					"$(inherited)",
					"@executable_path/Frameworks",
				);
				MARKETING_VERSION = 1.0;
				PRODUCT_BUNDLE_IDENTIFIER = com.juliafrederico.MemoryGame;
				PRODUCT_NAME = "$(TARGET_NAME)";
				SWIFT_EMIT_LOC_STRINGS = YES;
				SWIFT_VERSION = 5.0;
				TARGETED_DEVICE_FAMILY = "1,2";
			};
			name = Debug;
		};
		32B174142908215900AA8A51 /* Release */ = {
			isa = XCBuildConfiguration;
			buildSettings = {
				ASSETCATALOG_COMPILER_APPICON_NAME = AppIcon;
				ASSETCATALOG_COMPILER_GLOBAL_ACCENT_COLOR_NAME = AccentColor;
				CODE_SIGN_STYLE = Automatic;
				CURRENT_PROJECT_VERSION = 1;
				DEVELOPMENT_TEAM = B2Z3KD59GR;
				GENERATE_INFOPLIST_FILE = YES;
				INFOPLIST_FILE = MemoryGame/Resources/Info.plist;
				INFOPLIST_KEY_UIApplicationSupportsIndirectInputEvents = YES;
				INFOPLIST_KEY_UILaunchStoryboardName = LaunchScreen;
				INFOPLIST_KEY_UIMainStoryboardFile = Main;
				INFOPLIST_KEY_UISupportedInterfaceOrientations_iPad = "UIInterfaceOrientationPortrait UIInterfaceOrientationPortraitUpsideDown UIInterfaceOrientationLandscapeLeft UIInterfaceOrientationLandscapeRight";
				INFOPLIST_KEY_UISupportedInterfaceOrientations_iPhone = "UIInterfaceOrientationPortrait UIInterfaceOrientationLandscapeLeft UIInterfaceOrientationLandscapeRight";
				LD_RUNPATH_SEARCH_PATHS = (
					"$(inherited)",
					"@executable_path/Frameworks",
				);
				MARKETING_VERSION = 1.0;
				PRODUCT_BUNDLE_IDENTIFIER = com.juliafrederico.MemoryGame;
				PRODUCT_NAME = "$(TARGET_NAME)";
				SWIFT_EMIT_LOC_STRINGS = YES;
				SWIFT_VERSION = 5.0;
				TARGETED_DEVICE_FAMILY = "1,2";
			};
			name = Release;
		};
/* End XCBuildConfiguration section */

/* Begin XCConfigurationList section */
		32B173F92908215900AA8A51 /* Build configuration list for PBXProject "MemoryGame" */ = {
			isa = XCConfigurationList;
			buildConfigurations = (
				32B174102908215900AA8A51 /* Debug */,
				32B174112908215900AA8A51 /* Release */,
			);
			defaultConfigurationIsVisible = 0;
			defaultConfigurationName = Release;
		};
		32B174122908215900AA8A51 /* Build configuration list for PBXNativeTarget "MemoryGame" */ = {
			isa = XCConfigurationList;
			buildConfigurations = (
				32B174132908215900AA8A51 /* Debug */,
				32B174142908215900AA8A51 /* Release */,
			);
			defaultConfigurationIsVisible = 0;
			defaultConfigurationName = Release;
		};
/* End XCConfigurationList section */
	};
	rootObject = 32B173F62908215900AA8A51 /* Project object */;
}
