// !$*UTF8*$!
{
	archiveVersion = 1;
	classes = {
	};
	objectVersion = 55;
	objects = {

/* Begin PBXBuildFile section */
		3229D9F3293670CA0094630C /* SearchableRecord.swift in Sources */ = {isa = PBXBuildFile; fileRef = 3229D9F2293670CA0094630C /* SearchableRecord.swift */; };
		3263FB8229303A79008B94F2 /* PostTableViewCell.swift in Sources */ = {isa = PBXBuildFile; fileRef = 3263FB8129303A79008B94F2 /* PostTableViewCell.swift */; };
		3263FB8429304CB5008B94F2 /* NavigationBar.swift in Sources */ = {isa = PBXBuildFile; fileRef = 3263FB8329304CB4008B94F2 /* NavigationBar.swift */; };
		32A1E011292EC1740071AE0E /* PostListTableViewController.swift in Sources */ = {isa = PBXBuildFile; fileRef = 32A1E010292EC1740071AE0E /* PostListTableViewController.swift */; };
		32A1E013292EC23C0071AE0E /* PostDetailTableViewController.swift in Sources */ = {isa = PBXBuildFile; fileRef = 32A1E012292EC23C0071AE0E /* PostDetailTableViewController.swift */; };
		32A1E015292EC2A40071AE0E /* AddPostTableViewController.swift in Sources */ = {isa = PBXBuildFile; fileRef = 32A1E014292EC2A40071AE0E /* AddPostTableViewController.swift */; };
		32A1E017292EC4BC0071AE0E /* Post.swift in Sources */ = {isa = PBXBuildFile; fileRef = 32A1E016292EC4BC0071AE0E /* Post.swift */; };
		32A1E019292EC6DB0071AE0E /* Comment.swift in Sources */ = {isa = PBXBuildFile; fileRef = 32A1E018292EC6DB0071AE0E /* Comment.swift */; };
		32A1E01B292EC7390071AE0E /* PostController.swift in Sources */ = {isa = PBXBuildFile; fileRef = 32A1E01A292EC7390071AE0E /* PostController.swift */; };
		32A1E01D292EC79D0071AE0E /* PostError.swift in Sources */ = {isa = PBXBuildFile; fileRef = 32A1E01C292EC79D0071AE0E /* PostError.swift */; };
		32CE607C292D2CF400688B6C /* AppDelegate.swift in Sources */ = {isa = PBXBuildFile; fileRef = 32CE607B292D2CF400688B6C /* AppDelegate.swift */; };
		32CE607E292D2CF400688B6C /* SceneDelegate.swift in Sources */ = {isa = PBXBuildFile; fileRef = 32CE607D292D2CF400688B6C /* SceneDelegate.swift */; };
		32CE6083292D2CF400688B6C /* Main.storyboard in Resources */ = {isa = PBXBuildFile; fileRef = 32CE6081292D2CF400688B6C /* Main.storyboard */; };
		32CE6085292D2CF500688B6C /* Assets.xcassets in Resources */ = {isa = PBXBuildFile; fileRef = 32CE6084292D2CF500688B6C /* Assets.xcassets */; };
		32CE6088292D2CF500688B6C /* LaunchScreen.storyboard in Resources */ = {isa = PBXBuildFile; fileRef = 32CE6086292D2CF500688B6C /* LaunchScreen.storyboard */; };
		32CE609F292D2D7600688B6C /* CloudKit.framework in Frameworks */ = {isa = PBXBuildFile; fileRef = 32CE609E292D2D7600688B6C /* CloudKit.framework */; };
/* End PBXBuildFile section */

/* Begin PBXFileReference section */
		3229D9F2293670CA0094630C /* SearchableRecord.swift */ = {isa = PBXFileReference; lastKnownFileType = sourcecode.swift; path = SearchableRecord.swift; sourceTree = "<group>"; };
		3263FB8129303A79008B94F2 /* PostTableViewCell.swift */ = {isa = PBXFileReference; lastKnownFileType = sourcecode.swift; path = PostTableViewCell.swift; sourceTree = "<group>"; };
		3263FB8329304CB4008B94F2 /* NavigationBar.swift */ = {isa = PBXFileReference; lastKnownFileType = sourcecode.swift; path = NavigationBar.swift; sourceTree = "<group>"; };
		32A1E010292EC1740071AE0E /* PostListTableViewController.swift */ = {isa = PBXFileReference; lastKnownFileType = sourcecode.swift; path = PostListTableViewController.swift; sourceTree = "<group>"; };
		32A1E012292EC23C0071AE0E /* PostDetailTableViewController.swift */ = {isa = PBXFileReference; lastKnownFileType = sourcecode.swift; path = PostDetailTableViewController.swift; sourceTree = "<group>"; };
		32A1E014292EC2A40071AE0E /* AddPostTableViewController.swift */ = {isa = PBXFileReference; lastKnownFileType = sourcecode.swift; path = AddPostTableViewController.swift; sourceTree = "<group>"; };
		32A1E016292EC4BC0071AE0E /* Post.swift */ = {isa = PBXFileReference; lastKnownFileType = sourcecode.swift; path = Post.swift; sourceTree = "<group>"; };
		32A1E018292EC6DB0071AE0E /* Comment.swift */ = {isa = PBXFileReference; lastKnownFileType = sourcecode.swift; path = Comment.swift; sourceTree = "<group>"; };
		32A1E01A292EC7390071AE0E /* PostController.swift */ = {isa = PBXFileReference; lastKnownFileType = sourcecode.swift; path = PostController.swift; sourceTree = "<group>"; };
		32A1E01C292EC79D0071AE0E /* PostError.swift */ = {isa = PBXFileReference; lastKnownFileType = sourcecode.swift; path = PostError.swift; sourceTree = "<group>"; };
		32CE6078292D2CF400688B6C /* Continuum.app */ = {isa = PBXFileReference; explicitFileType = wrapper.application; includeInIndex = 0; path = Continuum.app; sourceTree = BUILT_PRODUCTS_DIR; };
		32CE607B292D2CF400688B6C /* AppDelegate.swift */ = {isa = PBXFileReference; lastKnownFileType = sourcecode.swift; path = AppDelegate.swift; sourceTree = "<group>"; };
		32CE607D292D2CF400688B6C /* SceneDelegate.swift */ = {isa = PBXFileReference; lastKnownFileType = sourcecode.swift; path = SceneDelegate.swift; sourceTree = "<group>"; };
		32CE6082292D2CF400688B6C /* Base */ = {isa = PBXFileReference; lastKnownFileType = file.storyboard; name = Base; path = Base.lproj/Main.storyboard; sourceTree = "<group>"; };
		32CE6084292D2CF500688B6C /* Assets.xcassets */ = {isa = PBXFileReference; lastKnownFileType = folder.assetcatalog; path = Assets.xcassets; sourceTree = "<group>"; };
		32CE6087292D2CF500688B6C /* Base */ = {isa = PBXFileReference; lastKnownFileType = file.storyboard; name = Base; path = Base.lproj/LaunchScreen.storyboard; sourceTree = "<group>"; };
		32CE6089292D2CF500688B6C /* Info.plist */ = {isa = PBXFileReference; lastKnownFileType = text.plist.xml; path = Info.plist; sourceTree = "<group>"; };
		32CE609C292D2D7300688B6C /* Continuum.entitlements */ = {isa = PBXFileReference; lastKnownFileType = text.plist.entitlements; path = Continuum.entitlements; sourceTree = "<group>"; };
		32CE609E292D2D7600688B6C /* CloudKit.framework */ = {isa = PBXFileReference; lastKnownFileType = wrapper.framework; name = CloudKit.framework; path = System/Library/Frameworks/CloudKit.framework; sourceTree = SDKROOT; };
/* End PBXFileReference section */

/* Begin PBXFrameworksBuildPhase section */
		32CE6075292D2CF400688B6C /* Frameworks */ = {
			isa = PBXFrameworksBuildPhase;
			buildActionMask = 2147483647;
			files = (
				32CE609F292D2D7600688B6C /* CloudKit.framework in Frameworks */,
			);
			runOnlyForDeploymentPostprocessing = 0;
		};
/* End PBXFrameworksBuildPhase section */

/* Begin PBXGroup section */
		3263FB8029303A64008B94F2 /* CustomViews */ = {
			isa = PBXGroup;
			children = (
				3263FB8129303A79008B94F2 /* PostTableViewCell.swift */,
			);
			path = CustomViews;
			sourceTree = "<group>";
		};
		32CE606F292D2CF400688B6C = {
			isa = PBXGroup;
			children = (
				32CE607A292D2CF400688B6C /* Continuum */,
				32CE6079292D2CF400688B6C /* Products */,
				32CE609D292D2D7600688B6C /* Frameworks */,
			);
			sourceTree = "<group>";
		};
		32CE6079292D2CF400688B6C /* Products */ = {
			isa = PBXGroup;
			children = (
				32CE6078292D2CF400688B6C /* Continuum.app */,
			);
			name = Products;
			sourceTree = "<group>";
		};
		32CE607A292D2CF400688B6C /* Continuum */ = {
			isa = PBXGroup;
			children = (
				32CE609C292D2D7300688B6C /* Continuum.entitlements */,
				32CE6093292D2D0D00688B6C /* Resources */,
				32CE6092292D2D0500688B6C /* Helpers + Extensions */,
				32CE6091292D2D0000688B6C /* Models */,
				32CE6090292D2CFE00688B6C /* Controllers */,
				32CE608F292D2CFC00688B6C /* Views */,
			);
			path = Continuum;
			sourceTree = "<group>";
		};
		32CE608F292D2CFC00688B6C /* Views */ = {
			isa = PBXGroup;
			children = (
				3263FB8029303A64008B94F2 /* CustomViews */,
				32CE6081292D2CF400688B6C /* Main.storyboard */,
				32CE6086292D2CF500688B6C /* LaunchScreen.storyboard */,
			);
			path = Views;
			sourceTree = "<group>";
		};
		32CE6090292D2CFE00688B6C /* Controllers */ = {
			isa = PBXGroup;
			children = (
				32CE6095292D2D1F00688B6C /* ModelControllers */,
				32CE6094292D2D1A00688B6C /* ViewControllers */,
			);
			path = Controllers;
			sourceTree = "<group>";
		};
		32CE6091292D2D0000688B6C /* Models */ = {
			isa = PBXGroup;
			children = (
				32A1E016292EC4BC0071AE0E /* Post.swift */,
				32A1E018292EC6DB0071AE0E /* Comment.swift */,
			);
			path = Models;
			sourceTree = "<group>";
		};
		32CE6092292D2D0500688B6C /* Helpers + Extensions */ = {
			isa = PBXGroup;
			children = (
				32A1E01C292EC79D0071AE0E /* PostError.swift */,
				3263FB8329304CB4008B94F2 /* NavigationBar.swift */,
				3229D9F2293670CA0094630C /* SearchableRecord.swift */,
			);
			path = "Helpers + Extensions";
			sourceTree = "<group>";
		};
		32CE6093292D2D0D00688B6C /* Resources */ = {
			isa = PBXGroup;
			children = (
				32CE607B292D2CF400688B6C /* AppDelegate.swift */,
				32CE607D292D2CF400688B6C /* SceneDelegate.swift */,
				32CE6084292D2CF500688B6C /* Assets.xcassets */,
				32CE6089292D2CF500688B6C /* Info.plist */,
			);
			path = Resources;
			sourceTree = "<group>";
		};
		32CE6094292D2D1A00688B6C /* ViewControllers */ = {
			isa = PBXGroup;
			children = (
				32A1E010292EC1740071AE0E /* PostListTableViewController.swift */,
				32A1E012292EC23C0071AE0E /* PostDetailTableViewController.swift */,
				32A1E014292EC2A40071AE0E /* AddPostTableViewController.swift */,
			);
			path = ViewControllers;
			sourceTree = "<group>";
		};
		32CE6095292D2D1F00688B6C /* ModelControllers */ = {
			isa = PBXGroup;
			children = (
				32A1E01A292EC7390071AE0E /* PostController.swift */,
			);
			path = ModelControllers;
			sourceTree = "<group>";
		};
		32CE609D292D2D7600688B6C /* Frameworks */ = {
			isa = PBXGroup;
			children = (
				32CE609E292D2D7600688B6C /* CloudKit.framework */,
			);
			name = Frameworks;
			sourceTree = "<group>";
		};
/* End PBXGroup section */

/* Begin PBXNativeTarget section */
		32CE6077292D2CF400688B6C /* Continuum */ = {
			isa = PBXNativeTarget;
			buildConfigurationList = 32CE608C292D2CF500688B6C /* Build configuration list for PBXNativeTarget "Continuum" */;
			buildPhases = (
				32CE6074292D2CF400688B6C /* Sources */,
				32CE6075292D2CF400688B6C /* Frameworks */,
				32CE6076292D2CF400688B6C /* Resources */,
			);
			buildRules = (
			);
			dependencies = (
			);
			name = Continuum;
			productName = Continuum;
			productReference = 32CE6078292D2CF400688B6C /* Continuum.app */;
			productType = "com.apple.product-type.application";
		};
/* End PBXNativeTarget section */

/* Begin PBXProject section */
		32CE6070292D2CF400688B6C /* Project object */ = {
			isa = PBXProject;
			attributes = {
				BuildIndependentTargetsInParallel = 1;
				LastSwiftUpdateCheck = 1340;
				LastUpgradeCheck = 1340;
				TargetAttributes = {
					32CE6077292D2CF400688B6C = {
						CreatedOnToolsVersion = 13.4;
					};
				};
			};
			buildConfigurationList = 32CE6073292D2CF400688B6C /* Build configuration list for PBXProject "Continuum" */;
			compatibilityVersion = "Xcode 13.0";
			developmentRegion = en;
			hasScannedForEncodings = 0;
			knownRegions = (
				en,
				Base,
			);
			mainGroup = 32CE606F292D2CF400688B6C;
			productRefGroup = 32CE6079292D2CF400688B6C /* Products */;
			projectDirPath = "";
			projectRoot = "";
			targets = (
				32CE6077292D2CF400688B6C /* Continuum */,
			);
		};
/* End PBXProject section */

/* Begin PBXResourcesBuildPhase section */
		32CE6076292D2CF400688B6C /* Resources */ = {
			isa = PBXResourcesBuildPhase;
			buildActionMask = 2147483647;
			files = (
				32CE6088292D2CF500688B6C /* LaunchScreen.storyboard in Resources */,
				32CE6085292D2CF500688B6C /* Assets.xcassets in Resources */,
				32CE6083292D2CF400688B6C /* Main.storyboard in Resources */,
			);
			runOnlyForDeploymentPostprocessing = 0;
		};
/* End PBXResourcesBuildPhase section */

/* Begin PBXSourcesBuildPhase section */
		32CE6074292D2CF400688B6C /* Sources */ = {
			isa = PBXSourcesBuildPhase;
			buildActionMask = 2147483647;
			files = (
				32A1E015292EC2A40071AE0E /* AddPostTableViewController.swift in Sources */,
				32A1E01D292EC79D0071AE0E /* PostError.swift in Sources */,
				3229D9F3293670CA0094630C /* SearchableRecord.swift in Sources */,
				32A1E017292EC4BC0071AE0E /* Post.swift in Sources */,
				32A1E011292EC1740071AE0E /* PostListTableViewController.swift in Sources */,
				32CE607C292D2CF400688B6C /* AppDelegate.swift in Sources */,
				3263FB8429304CB5008B94F2 /* NavigationBar.swift in Sources */,
				32A1E01B292EC7390071AE0E /* PostController.swift in Sources */,
				32CE607E292D2CF400688B6C /* SceneDelegate.swift in Sources */,
				3263FB8229303A79008B94F2 /* PostTableViewCell.swift in Sources */,
				32A1E019292EC6DB0071AE0E /* Comment.swift in Sources */,
				32A1E013292EC23C0071AE0E /* PostDetailTableViewController.swift in Sources */,
			);
			runOnlyForDeploymentPostprocessing = 0;
		};
/* End PBXSourcesBuildPhase section */

/* Begin PBXVariantGroup section */
		32CE6081292D2CF400688B6C /* Main.storyboard */ = {
			isa = PBXVariantGroup;
			children = (
				32CE6082292D2CF400688B6C /* Base */,
			);
			name = Main.storyboard;
			sourceTree = "<group>";
		};
		32CE6086292D2CF500688B6C /* LaunchScreen.storyboard */ = {
			isa = PBXVariantGroup;
			children = (
				32CE6087292D2CF500688B6C /* Base */,
			);
			name = LaunchScreen.storyboard;
			sourceTree = "<group>";
		};
/* End PBXVariantGroup section */

/* Begin XCBuildConfiguration section */
		32CE608A292D2CF500688B6C /* Debug */ = {
			isa = XCBuildConfiguration;
			buildSettings = {
				ALWAYS_SEARCH_USER_PATHS = NO;
				CLANG_ANALYZER_NONNULL = YES;
				CLANG_ANALYZER_NUMBER_OBJECT_CONVERSION = YES_AGGRESSIVE;
				CLANG_CXX_LANGUAGE_STANDARD = "gnu++17";
				CLANG_ENABLE_MODULES = YES;
				CLANG_ENABLE_OBJC_ARC = YES;
				CLANG_ENABLE_OBJC_WEAK = YES;
				CLANG_WARN_BLOCK_CAPTURE_AUTORELEASING = YES;
				CLANG_WARN_BOOL_CONVERSION = YES;
				CLANG_WARN_COMMA = YES;
				CLANG_WARN_CONSTANT_CONVERSION = YES;
				CLANG_WARN_DEPRECATED_OBJC_IMPLEMENTATIONS = YES;
				CLANG_WARN_DIRECT_OBJC_ISA_USAGE = YES_ERROR;
				CLANG_WARN_DOCUMENTATION_COMMENTS = YES;
				CLANG_WARN_EMPTY_BODY = YES;
				CLANG_WARN_ENUM_CONVERSION = YES;
				CLANG_WARN_INFINITE_RECURSION = YES;
				CLANG_WARN_INT_CONVERSION = YES;
				CLANG_WARN_NON_LITERAL_NULL_CONVERSION = YES;
				CLANG_WARN_OBJC_IMPLICIT_RETAIN_SELF = YES;
				CLANG_WARN_OBJC_LITERAL_CONVERSION = YES;
				CLANG_WARN_OBJC_ROOT_CLASS = YES_ERROR;
				CLANG_WARN_QUOTED_INCLUDE_IN_FRAMEWORK_HEADER = YES;
				CLANG_WARN_RANGE_LOOP_ANALYSIS = YES;
				CLANG_WARN_STRICT_PROTOTYPES = YES;
				CLANG_WARN_SUSPICIOUS_MOVE = YES;
				CLANG_WARN_UNGUARDED_AVAILABILITY = YES_AGGRESSIVE;
				CLANG_WARN_UNREACHABLE_CODE = YES;
				CLANG_WARN__DUPLICATE_METHOD_MATCH = YES;
				COPY_PHASE_STRIP = NO;
				DEBUG_INFORMATION_FORMAT = dwarf;
				ENABLE_STRICT_OBJC_MSGSEND = YES;
				ENABLE_TESTABILITY = YES;
				GCC_C_LANGUAGE_STANDARD = gnu11;
				GCC_DYNAMIC_NO_PIC = NO;
				GCC_NO_COMMON_BLOCKS = YES;
				GCC_OPTIMIZATION_LEVEL = 0;
				GCC_PREPROCESSOR_DEFINITIONS = (
					"DEBUG=1",
					"$(inherited)",
				);
				GCC_WARN_64_TO_32_BIT_CONVERSION = YES;
				GCC_WARN_ABOUT_RETURN_TYPE = YES_ERROR;
				GCC_WARN_UNDECLARED_SELECTOR = YES;
				GCC_WARN_UNINITIALIZED_AUTOS = YES_AGGRESSIVE;
				GCC_WARN_UNUSED_FUNCTION = YES;
				GCC_WARN_UNUSED_VARIABLE = YES;
				IPHONEOS_DEPLOYMENT_TARGET = 15.5;
				MTL_ENABLE_DEBUG_INFO = INCLUDE_SOURCE;
				MTL_FAST_MATH = YES;
				ONLY_ACTIVE_ARCH = YES;
				SDKROOT = iphoneos;
				SWIFT_ACTIVE_COMPILATION_CONDITIONS = DEBUG;
				SWIFT_OPTIMIZATION_LEVEL = "-Onone";
			};
			name = Debug;
		};
		32CE608B292D2CF500688B6C /* Release */ = {
			isa = XCBuildConfiguration;
			buildSettings = {
				ALWAYS_SEARCH_USER_PATHS = NO;
				CLANG_ANALYZER_NONNULL = YES;
				CLANG_ANALYZER_NUMBER_OBJECT_CONVERSION = YES_AGGRESSIVE;
				CLANG_CXX_LANGUAGE_STANDARD = "gnu++17";
				CLANG_ENABLE_MODULES = YES;
				CLANG_ENABLE_OBJC_ARC = YES;
				CLANG_ENABLE_OBJC_WEAK = YES;
				CLANG_WARN_BLOCK_CAPTURE_AUTORELEASING = YES;
				CLANG_WARN_BOOL_CONVERSION = YES;
				CLANG_WARN_COMMA = YES;
				CLANG_WARN_CONSTANT_CONVERSION = YES;
				CLANG_WARN_DEPRECATED_OBJC_IMPLEMENTATIONS = YES;
				CLANG_WARN_DIRECT_OBJC_ISA_USAGE = YES_ERROR;
				CLANG_WARN_DOCUMENTATION_COMMENTS = YES;
				CLANG_WARN_EMPTY_BODY = YES;
				CLANG_WARN_ENUM_CONVERSION = YES;
				CLANG_WARN_INFINITE_RECURSION = YES;
				CLANG_WARN_INT_CONVERSION = YES;
				CLANG_WARN_NON_LITERAL_NULL_CONVERSION = YES;
				CLANG_WARN_OBJC_IMPLICIT_RETAIN_SELF = YES;
				CLANG_WARN_OBJC_LITERAL_CONVERSION = YES;
				CLANG_WARN_OBJC_ROOT_CLASS = YES_ERROR;
				CLANG_WARN_QUOTED_INCLUDE_IN_FRAMEWORK_HEADER = YES;
				CLANG_WARN_RANGE_LOOP_ANALYSIS = YES;
				CLANG_WARN_STRICT_PROTOTYPES = YES;
				CLANG_WARN_SUSPICIOUS_MOVE = YES;
				CLANG_WARN_UNGUARDED_AVAILABILITY = YES_AGGRESSIVE;
				CLANG_WARN_UNREACHABLE_CODE = YES;
				CLANG_WARN__DUPLICATE_METHOD_MATCH = YES;
				COPY_PHASE_STRIP = NO;
				DEBUG_INFORMATION_FORMAT = "dwarf-with-dsym";
				ENABLE_NS_ASSERTIONS = NO;
				ENABLE_STRICT_OBJC_MSGSEND = YES;
				GCC_C_LANGUAGE_STANDARD = gnu11;
				GCC_NO_COMMON_BLOCKS = YES;
				GCC_WARN_64_TO_32_BIT_CONVERSION = YES;
				GCC_WARN_ABOUT_RETURN_TYPE = YES_ERROR;
				GCC_WARN_UNDECLARED_SELECTOR = YES;
				GCC_WARN_UNINITIALIZED_AUTOS = YES_AGGRESSIVE;
				GCC_WARN_UNUSED_FUNCTION = YES;
				GCC_WARN_UNUSED_VARIABLE = YES;
				IPHONEOS_DEPLOYMENT_TARGET = 15.5;
				MTL_ENABLE_DEBUG_INFO = NO;
				MTL_FAST_MATH = YES;
				SDKROOT = iphoneos;
				SWIFT_COMPILATION_MODE = wholemodule;
				SWIFT_OPTIMIZATION_LEVEL = "-O";
				VALIDATE_PRODUCT = YES;
			};
			name = Release;
		};
		32CE608D292D2CF500688B6C /* Debug */ = {
			isa = XCBuildConfiguration;
			buildSettings = {
				ASSETCATALOG_COMPILER_APPICON_NAME = AppIcon;
				ASSETCATALOG_COMPILER_GLOBAL_ACCENT_COLOR_NAME = AccentColor;
				CODE_SIGN_ENTITLEMENTS = Continuum/Continuum.entitlements;
				CODE_SIGN_STYLE = Automatic;
				CURRENT_PROJECT_VERSION = 1;
				DEVELOPMENT_TEAM = B2Z3KD59GR;
				GENERATE_INFOPLIST_FILE = YES;
				INFOPLIST_FILE = Continuum/Resources/Info.plist;
				INFOPLIST_KEY_UIApplicationSupportsIndirectInputEvents = YES;
				INFOPLIST_KEY_UILaunchStoryboardName = LaunchScreen;
				INFOPLIST_KEY_UIMainStoryboardFile = Main;
				INFOPLIST_KEY_UISupportedInterfaceOrientations_iPad = "UIInterfaceOrientationPortrait UIInterfaceOrientationPortraitUpsideDown UIInterfaceOrientationLandscapeLeft UIInterfaceOrientationLandscapeRight";
				INFOPLIST_KEY_UISupportedInterfaceOrientations_iPhone = "UIInterfaceOrientationPortrait UIInterfaceOrientationLandscapeLeft UIInterfaceOrientationLandscapeRight";
				LD_RUNPATH_SEARCH_PATHS = (
					"$(inherited)",
					"@executable_path/Frameworks",
				);
				MARKETING_VERSION = 1.0;
				PRODUCT_BUNDLE_IDENTIFIER = com.juliafrederico.Continuum;
				PRODUCT_NAME = "$(TARGET_NAME)";
				SWIFT_EMIT_LOC_STRINGS = YES;
				SWIFT_VERSION = 5.0;
				TARGETED_DEVICE_FAMILY = "1,2";
			};
			name = Debug;
		};
		32CE608E292D2CF500688B6C /* Release */ = {
			isa = XCBuildConfiguration;
			buildSettings = {
				ASSETCATALOG_COMPILER_APPICON_NAME = AppIcon;
				ASSETCATALOG_COMPILER_GLOBAL_ACCENT_COLOR_NAME = AccentColor;
				CODE_SIGN_ENTITLEMENTS = Continuum/Continuum.entitlements;
				CODE_SIGN_STYLE = Automatic;
				CURRENT_PROJECT_VERSION = 1;
				DEVELOPMENT_TEAM = B2Z3KD59GR;
				GENERATE_INFOPLIST_FILE = YES;
				INFOPLIST_FILE = Continuum/Resources/Info.plist;
				INFOPLIST_KEY_UIApplicationSupportsIndirectInputEvents = YES;
				INFOPLIST_KEY_UILaunchStoryboardName = LaunchScreen;
				INFOPLIST_KEY_UIMainStoryboardFile = Main;
				INFOPLIST_KEY_UISupportedInterfaceOrientations_iPad = "UIInterfaceOrientationPortrait UIInterfaceOrientationPortraitUpsideDown UIInterfaceOrientationLandscapeLeft UIInterfaceOrientationLandscapeRight";
				INFOPLIST_KEY_UISupportedInterfaceOrientations_iPhone = "UIInterfaceOrientationPortrait UIInterfaceOrientationLandscapeLeft UIInterfaceOrientationLandscapeRight";
				LD_RUNPATH_SEARCH_PATHS = (
					"$(inherited)",
					"@executable_path/Frameworks",
				);
				MARKETING_VERSION = 1.0;
				PRODUCT_BUNDLE_IDENTIFIER = com.juliafrederico.Continuum;
				PRODUCT_NAME = "$(TARGET_NAME)";
				SWIFT_EMIT_LOC_STRINGS = YES;
				SWIFT_VERSION = 5.0;
				TARGETED_DEVICE_FAMILY = "1,2";
			};
			name = Release;
		};
/* End XCBuildConfiguration section */

/* Begin XCConfigurationList section */
		32CE6073292D2CF400688B6C /* Build configuration list for PBXProject "Continuum" */ = {
			isa = XCConfigurationList;
			buildConfigurations = (
				32CE608A292D2CF500688B6C /* Debug */,
				32CE608B292D2CF500688B6C /* Release */,
			);
			defaultConfigurationIsVisible = 0;
			defaultConfigurationName = Release;
		};
		32CE608C292D2CF500688B6C /* Build configuration list for PBXNativeTarget "Continuum" */ = {
			isa = XCConfigurationList;
			buildConfigurations = (
				32CE608D292D2CF500688B6C /* Debug */,
				32CE608E292D2CF500688B6C /* Release */,
			);
			defaultConfigurationIsVisible = 0;
			defaultConfigurationName = Release;
		};
/* End XCConfigurationList section */
	};
	rootObject = 32CE6070292D2CF400688B6C /* Project object */;
}
