// !$*UTF8*$!
{
	archiveVersion = 1;
	classes = {
	};
	objectVersion = 55;
	objects = {

/* Begin PBXBuildFile section */
		320C9FC2292E6B7C00938972 /* ContactController.swift in Sources */ = {isa = PBXBuildFile; fileRef = 320C9FC1292E6B7C00938972 /* ContactController.swift */; };
		320C9FC4292E6FD200938972 /* ContactError.swift in Sources */ = {isa = PBXBuildFile; fileRef = 320C9FC3292E6FD200938972 /* ContactError.swift */; };
		32C1444F292D9E5600CAD5E6 /* Contact.swift in Sources */ = {isa = PBXBuildFile; fileRef = 32C1444E292D9E5600CAD5E6 /* Contact.swift */; };
		32DC1204292D2F3200469AB3 /* AppDelegate.swift in Sources */ = {isa = PBXBuildFile; fileRef = 32DC1203292D2F3200469AB3 /* AppDelegate.swift */; };
		32DC1206292D2F3200469AB3 /* SceneDelegate.swift in Sources */ = {isa = PBXBuildFile; fileRef = 32DC1205292D2F3200469AB3 /* SceneDelegate.swift */; };
		32DC1208292D2F3200469AB3 /* ViewController.swift in Sources */ = {isa = PBXBuildFile; fileRef = 32DC1207292D2F3200469AB3 /* ViewController.swift */; };
		32DC120B292D2F3200469AB3 /* Main.storyboard in Resources */ = {isa = PBXBuildFile; fileRef = 32DC1209292D2F3200469AB3 /* Main.storyboard */; };
		32DC120D292D2F3300469AB3 /* Assets.xcassets in Resources */ = {isa = PBXBuildFile; fileRef = 32DC120C292D2F3300469AB3 /* Assets.xcassets */; };
		32DC1210292D2F3300469AB3 /* LaunchScreen.storyboard in Resources */ = {isa = PBXBuildFile; fileRef = 32DC120E292D2F3300469AB3 /* LaunchScreen.storyboard */; };
		32DC1228292D2FBD00469AB3 /* CloudKit.framework in Frameworks */ = {isa = PBXBuildFile; fileRef = 32DC1227292D2FBD00469AB3 /* CloudKit.framework */; };
/* End PBXBuildFile section */

/* Begin PBXFileReference section */
		320C9FC1292E6B7C00938972 /* ContactController.swift */ = {isa = PBXFileReference; lastKnownFileType = sourcecode.swift; path = ContactController.swift; sourceTree = "<group>"; };
		320C9FC3292E6FD200938972 /* ContactError.swift */ = {isa = PBXFileReference; lastKnownFileType = sourcecode.swift; name = ContactError.swift; path = Contacts/Controllers/ModelControllers/ContactError.swift; sourceTree = SOURCE_ROOT; };
		32C1444E292D9E5600CAD5E6 /* Contact.swift */ = {isa = PBXFileReference; lastKnownFileType = sourcecode.swift; path = Contact.swift; sourceTree = "<group>"; };
		32DC1200292D2F3200469AB3 /* Contacts.app */ = {isa = PBXFileReference; explicitFileType = wrapper.application; includeInIndex = 0; path = Contacts.app; sourceTree = BUILT_PRODUCTS_DIR; };
		32DC1203292D2F3200469AB3 /* AppDelegate.swift */ = {isa = PBXFileReference; lastKnownFileType = sourcecode.swift; path = AppDelegate.swift; sourceTree = "<group>"; };
		32DC1205292D2F3200469AB3 /* SceneDelegate.swift */ = {isa = PBXFileReference; lastKnownFileType = sourcecode.swift; path = SceneDelegate.swift; sourceTree = "<group>"; };
		32DC1207292D2F3200469AB3 /* ViewController.swift */ = {isa = PBXFileReference; lastKnownFileType = sourcecode.swift; path = ViewController.swift; sourceTree = "<group>"; };
		32DC120A292D2F3200469AB3 /* Base */ = {isa = PBXFileReference; lastKnownFileType = file.storyboard; name = Base; path = Base.lproj/Main.storyboard; sourceTree = "<group>"; };
		32DC120C292D2F3300469AB3 /* Assets.xcassets */ = {isa = PBXFileReference; lastKnownFileType = folder.assetcatalog; path = Assets.xcassets; sourceTree = "<group>"; };
		32DC120F292D2F3300469AB3 /* Base */ = {isa = PBXFileReference; lastKnownFileType = file.storyboard; name = Base; path = Base.lproj/LaunchScreen.storyboard; sourceTree = "<group>"; };
		32DC1211292D2F3300469AB3 /* Info.plist */ = {isa = PBXFileReference; lastKnownFileType = text.plist.xml; path = Info.plist; sourceTree = "<group>"; };
		32DC1225292D2FBA00469AB3 /* Contacts.entitlements */ = {isa = PBXFileReference; lastKnownFileType = text.plist.entitlements; path = Contacts.entitlements; sourceTree = "<group>"; };
		32DC1227292D2FBD00469AB3 /* CloudKit.framework */ = {isa = PBXFileReference; lastKnownFileType = wrapper.framework; name = CloudKit.framework; path = System/Library/Frameworks/CloudKit.framework; sourceTree = SDKROOT; };
/* End PBXFileReference section */

/* Begin PBXFrameworksBuildPhase section */
		32DC11FD292D2F3200469AB3 /* Frameworks */ = {
			isa = PBXFrameworksBuildPhase;
			buildActionMask = 2147483647;
			files = (
				32DC1228292D2FBD00469AB3 /* CloudKit.framework in Frameworks */,
			);
			runOnlyForDeploymentPostprocessing = 0;
		};
/* End PBXFrameworksBuildPhase section */

/* Begin PBXGroup section */
		32DC11F7292D2F3200469AB3 = {
			isa = PBXGroup;
			children = (
				32DC1202292D2F3200469AB3 /* Contacts */,
				32DC1201292D2F3200469AB3 /* Products */,
				32DC1226292D2FBD00469AB3 /* Frameworks */,
			);
			sourceTree = "<group>";
		};
		32DC1201292D2F3200469AB3 /* Products */ = {
			isa = PBXGroup;
			children = (
				32DC1200292D2F3200469AB3 /* Contacts.app */,
			);
			name = Products;
			sourceTree = "<group>";
		};
		32DC1202292D2F3200469AB3 /* Contacts */ = {
			isa = PBXGroup;
			children = (
				32DC1225292D2FBA00469AB3 /* Contacts.entitlements */,
				32DC121D292D2F6200469AB3 /* Resources */,
				32DC121C292D2F5D00469AB3 /* Helpers + Extensions */,
				32DC121A292D2F5400469AB3 /* Models */,
				32DC1218292D2F4C00469AB3 /* Controllers */,
				32DC1217292D2F4A00469AB3 /* Views */,
			);
			path = Contacts;
			sourceTree = "<group>";
		};
		32DC1217292D2F4A00469AB3 /* Views */ = {
			isa = PBXGroup;
			children = (
				32DC1209292D2F3200469AB3 /* Main.storyboard */,
				32DC120E292D2F3300469AB3 /* LaunchScreen.storyboard */,
			);
			path = Views;
			sourceTree = "<group>";
		};
		32DC1218292D2F4C00469AB3 /* Controllers */ = {
			isa = PBXGroup;
			children = (
				32DC121E292D2F7100469AB3 /* ModelControllers */,
				32DC1219292D2F4F00469AB3 /* ViewControllers */,
			);
			path = Controllers;
			sourceTree = "<group>";
		};
		32DC1219292D2F4F00469AB3 /* ViewControllers */ = {
			isa = PBXGroup;
			children = (
				32DC1207292D2F3200469AB3 /* ViewController.swift */,
			);
			path = ViewControllers;
			sourceTree = "<group>";
		};
		32DC121A292D2F5400469AB3 /* Models */ = {
			isa = PBXGroup;
			children = (
				32C1444E292D9E5600CAD5E6 /* Contact.swift */,
			);
			path = Models;
			sourceTree = "<group>";
		};
		32DC121C292D2F5D00469AB3 /* Helpers + Extensions */ = {
			isa = PBXGroup;
			children = (
				320C9FC3292E6FD200938972 /* ContactError.swift */,
			);
			path = "Helpers + Extensions";
			sourceTree = "<group>";
		};
		32DC121D292D2F6200469AB3 /* Resources */ = {
			isa = PBXGroup;
			children = (
				32DC1203292D2F3200469AB3 /* AppDelegate.swift */,
				32DC1205292D2F3200469AB3 /* SceneDelegate.swift */,
				32DC120C292D2F3300469AB3 /* Assets.xcassets */,
				32DC1211292D2F3300469AB3 /* Info.plist */,
			);
			path = Resources;
			sourceTree = "<group>";
		};
		32DC121E292D2F7100469AB3 /* ModelControllers */ = {
			isa = PBXGroup;
			children = (
				320C9FC1292E6B7C00938972 /* ContactController.swift */,
			);
			path = ModelControllers;
			sourceTree = "<group>";
		};
		32DC1226292D2FBD00469AB3 /* Frameworks */ = {
			isa = PBXGroup;
			children = (
				32DC1227292D2FBD00469AB3 /* CloudKit.framework */,
			);
			name = Frameworks;
			sourceTree = "<group>";
		};
/* End PBXGroup section */

/* Begin PBXNativeTarget section */
		32DC11FF292D2F3200469AB3 /* Contacts */ = {
			isa = PBXNativeTarget;
			buildConfigurationList = 32DC1214292D2F3300469AB3 /* Build configuration list for PBXNativeTarget "Contacts" */;
			buildPhases = (
				32DC11FC292D2F3200469AB3 /* Sources */,
				32DC11FD292D2F3200469AB3 /* Frameworks */,
				32DC11FE292D2F3200469AB3 /* Resources */,
			);
			buildRules = (
			);
			dependencies = (
			);
			name = Contacts;
			productName = Contacts;
			productReference = 32DC1200292D2F3200469AB3 /* Contacts.app */;
			productType = "com.apple.product-type.application";
		};
/* End PBXNativeTarget section */

/* Begin PBXProject section */
		32DC11F8292D2F3200469AB3 /* Project object */ = {
			isa = PBXProject;
			attributes = {
				BuildIndependentTargetsInParallel = 1;
				LastSwiftUpdateCheck = 1340;
				LastUpgradeCheck = 1340;
				TargetAttributes = {
					32DC11FF292D2F3200469AB3 = {
						CreatedOnToolsVersion = 13.4;
					};
				};
			};
			buildConfigurationList = 32DC11FB292D2F3200469AB3 /* Build configuration list for PBXProject "Contacts" */;
			compatibilityVersion = "Xcode 13.0";
			developmentRegion = en;
			hasScannedForEncodings = 0;
			knownRegions = (
				en,
				Base,
			);
			mainGroup = 32DC11F7292D2F3200469AB3;
			productRefGroup = 32DC1201292D2F3200469AB3 /* Products */;
			projectDirPath = "";
			projectRoot = "";
			targets = (
				32DC11FF292D2F3200469AB3 /* Contacts */,
			);
		};
/* End PBXProject section */

/* Begin PBXResourcesBuildPhase section */
		32DC11FE292D2F3200469AB3 /* Resources */ = {
			isa = PBXResourcesBuildPhase;
			buildActionMask = 2147483647;
			files = (
				32DC1210292D2F3300469AB3 /* LaunchScreen.storyboard in Resources */,
				32DC120D292D2F3300469AB3 /* Assets.xcassets in Resources */,
				32DC120B292D2F3200469AB3 /* Main.storyboard in Resources */,
			);
			runOnlyForDeploymentPostprocessing = 0;
		};
/* End PBXResourcesBuildPhase section */

/* Begin PBXSourcesBuildPhase section */
		32DC11FC292D2F3200469AB3 /* Sources */ = {
			isa = PBXSourcesBuildPhase;
			buildActionMask = 2147483647;
			files = (
				32C1444F292D9E5600CAD5E6 /* Contact.swift in Sources */,
				320C9FC4292E6FD200938972 /* ContactError.swift in Sources */,
				32DC1208292D2F3200469AB3 /* ViewController.swift in Sources */,
				320C9FC2292E6B7C00938972 /* ContactController.swift in Sources */,
				32DC1204292D2F3200469AB3 /* AppDelegate.swift in Sources */,
				32DC1206292D2F3200469AB3 /* SceneDelegate.swift in Sources */,
			);
			runOnlyForDeploymentPostprocessing = 0;
		};
/* End PBXSourcesBuildPhase section */

/* Begin PBXVariantGroup section */
		32DC1209292D2F3200469AB3 /* Main.storyboard */ = {
			isa = PBXVariantGroup;
			children = (
				32DC120A292D2F3200469AB3 /* Base */,
			);
			name = Main.storyboard;
			sourceTree = "<group>";
		};
		32DC120E292D2F3300469AB3 /* LaunchScreen.storyboard */ = {
			isa = PBXVariantGroup;
			children = (
				32DC120F292D2F3300469AB3 /* Base */,
			);
			name = LaunchScreen.storyboard;
			sourceTree = "<group>";
		};
/* End PBXVariantGroup section */

/* Begin XCBuildConfiguration section */
		32DC1212292D2F3300469AB3 /* Debug */ = {
			isa = XCBuildConfiguration;
			buildSettings = {
				ALWAYS_SEARCH_USER_PATHS = NO;
				CLANG_ANALYZER_NONNULL = YES;
				CLANG_ANALYZER_NUMBER_OBJECT_CONVERSION = YES_AGGRESSIVE;
				CLANG_CXX_LANGUAGE_STANDARD = "gnu++17";
				CLANG_ENABLE_MODULES = YES;
				CLANG_ENABLE_OBJC_ARC = YES;
				CLANG_ENABLE_OBJC_WEAK = YES;
				CLANG_WARN_BLOCK_CAPTURE_AUTORELEASING = YES;
				CLANG_WARN_BOOL_CONVERSION = YES;
				CLANG_WARN_COMMA = YES;
				CLANG_WARN_CONSTANT_CONVERSION = YES;
				CLANG_WARN_DEPRECATED_OBJC_IMPLEMENTATIONS = YES;
				CLANG_WARN_DIRECT_OBJC_ISA_USAGE = YES_ERROR;
				CLANG_WARN_DOCUMENTATION_COMMENTS = YES;
				CLANG_WARN_EMPTY_BODY = YES;
				CLANG_WARN_ENUM_CONVERSION = YES;
				CLANG_WARN_INFINITE_RECURSION = YES;
				CLANG_WARN_INT_CONVERSION = YES;
				CLANG_WARN_NON_LITERAL_NULL_CONVERSION = YES;
				CLANG_WARN_OBJC_IMPLICIT_RETAIN_SELF = YES;
				CLANG_WARN_OBJC_LITERAL_CONVERSION = YES;
				CLANG_WARN_OBJC_ROOT_CLASS = YES_ERROR;
				CLANG_WARN_QUOTED_INCLUDE_IN_FRAMEWORK_HEADER = YES;
				CLANG_WARN_RANGE_LOOP_ANALYSIS = YES;
				CLANG_WARN_STRICT_PROTOTYPES = YES;
				CLANG_WARN_SUSPICIOUS_MOVE = YES;
				CLANG_WARN_UNGUARDED_AVAILABILITY = YES_AGGRESSIVE;
				CLANG_WARN_UNREACHABLE_CODE = YES;
				CLANG_WARN__DUPLICATE_METHOD_MATCH = YES;
				COPY_PHASE_STRIP = NO;
				DEBUG_INFORMATION_FORMAT = dwarf;
				ENABLE_STRICT_OBJC_MSGSEND = YES;
				ENABLE_TESTABILITY = YES;
				GCC_C_LANGUAGE_STANDARD = gnu11;
				GCC_DYNAMIC_NO_PIC = NO;
				GCC_NO_COMMON_BLOCKS = YES;
				GCC_OPTIMIZATION_LEVEL = 0;
				GCC_PREPROCESSOR_DEFINITIONS = (
					"DEBUG=1",
					"$(inherited)",
				);
				GCC_WARN_64_TO_32_BIT_CONVERSION = YES;
				GCC_WARN_ABOUT_RETURN_TYPE = YES_ERROR;
				GCC_WARN_UNDECLARED_SELECTOR = YES;
				GCC_WARN_UNINITIALIZED_AUTOS = YES_AGGRESSIVE;
				GCC_WARN_UNUSED_FUNCTION = YES;
				GCC_WARN_UNUSED_VARIABLE = YES;
				IPHONEOS_DEPLOYMENT_TARGET = 15.5;
				MTL_ENABLE_DEBUG_INFO = INCLUDE_SOURCE;
				MTL_FAST_MATH = YES;
				ONLY_ACTIVE_ARCH = YES;
				SDKROOT = iphoneos;
				SWIFT_ACTIVE_COMPILATION_CONDITIONS = DEBUG;
				SWIFT_OPTIMIZATION_LEVEL = "-Onone";
			};
			name = Debug;
		};
		32DC1213292D2F3300469AB3 /* Release */ = {
			isa = XCBuildConfiguration;
			buildSettings = {
				ALWAYS_SEARCH_USER_PATHS = NO;
				CLANG_ANALYZER_NONNULL = YES;
				CLANG_ANALYZER_NUMBER_OBJECT_CONVERSION = YES_AGGRESSIVE;
				CLANG_CXX_LANGUAGE_STANDARD = "gnu++17";
				CLANG_ENABLE_MODULES = YES;
				CLANG_ENABLE_OBJC_ARC = YES;
				CLANG_ENABLE_OBJC_WEAK = YES;
				CLANG_WARN_BLOCK_CAPTURE_AUTORELEASING = YES;
				CLANG_WARN_BOOL_CONVERSION = YES;
				CLANG_WARN_COMMA = YES;
				CLANG_WARN_CONSTANT_CONVERSION = YES;
				CLANG_WARN_DEPRECATED_OBJC_IMPLEMENTATIONS = YES;
				CLANG_WARN_DIRECT_OBJC_ISA_USAGE = YES_ERROR;
				CLANG_WARN_DOCUMENTATION_COMMENTS = YES;
				CLANG_WARN_EMPTY_BODY = YES;
				CLANG_WARN_ENUM_CONVERSION = YES;
				CLANG_WARN_INFINITE_RECURSION = YES;
				CLANG_WARN_INT_CONVERSION = YES;
				CLANG_WARN_NON_LITERAL_NULL_CONVERSION = YES;
				CLANG_WARN_OBJC_IMPLICIT_RETAIN_SELF = YES;
				CLANG_WARN_OBJC_LITERAL_CONVERSION = YES;
				CLANG_WARN_OBJC_ROOT_CLASS = YES_ERROR;
				CLANG_WARN_QUOTED_INCLUDE_IN_FRAMEWORK_HEADER = YES;
				CLANG_WARN_RANGE_LOOP_ANALYSIS = YES;
				CLANG_WARN_STRICT_PROTOTYPES = YES;
				CLANG_WARN_SUSPICIOUS_MOVE = YES;
				CLANG_WARN_UNGUARDED_AVAILABILITY = YES_AGGRESSIVE;
				CLANG_WARN_UNREACHABLE_CODE = YES;
				CLANG_WARN__DUPLICATE_METHOD_MATCH = YES;
				COPY_PHASE_STRIP = NO;
				DEBUG_INFORMATION_FORMAT = "dwarf-with-dsym";
				ENABLE_NS_ASSERTIONS = NO;
				ENABLE_STRICT_OBJC_MSGSEND = YES;
				GCC_C_LANGUAGE_STANDARD = gnu11;
				GCC_NO_COMMON_BLOCKS = YES;
				GCC_WARN_64_TO_32_BIT_CONVERSION = YES;
				GCC_WARN_ABOUT_RETURN_TYPE = YES_ERROR;
				GCC_WARN_UNDECLARED_SELECTOR = YES;
				GCC_WARN_UNINITIALIZED_AUTOS = YES_AGGRESSIVE;
				GCC_WARN_UNUSED_FUNCTION = YES;
				GCC_WARN_UNUSED_VARIABLE = YES;
				IPHONEOS_DEPLOYMENT_TARGET = 15.5;
				MTL_ENABLE_DEBUG_INFO = NO;
				MTL_FAST_MATH = YES;
				SDKROOT = iphoneos;
				SWIFT_COMPILATION_MODE = wholemodule;
				SWIFT_OPTIMIZATION_LEVEL = "-O";
				VALIDATE_PRODUCT = YES;
			};
			name = Release;
		};
		32DC1215292D2F3300469AB3 /* Debug */ = {
			isa = XCBuildConfiguration;
			buildSettings = {
				ASSETCATALOG_COMPILER_APPICON_NAME = AppIcon;
				ASSETCATALOG_COMPILER_GLOBAL_ACCENT_COLOR_NAME = AccentColor;
				CODE_SIGN_ENTITLEMENTS = Contacts/Contacts.entitlements;
				CODE_SIGN_STYLE = Automatic;
				CURRENT_PROJECT_VERSION = 1;
				DEVELOPMENT_TEAM = B2Z3KD59GR;
				GENERATE_INFOPLIST_FILE = YES;
				INFOPLIST_FILE = Contacts/Resources/Info.plist;
				INFOPLIST_KEY_UIApplicationSupportsIndirectInputEvents = YES;
				INFOPLIST_KEY_UILaunchStoryboardName = LaunchScreen;
				INFOPLIST_KEY_UIMainStoryboardFile = Main;
				INFOPLIST_KEY_UISupportedInterfaceOrientations_iPad = "UIInterfaceOrientationPortrait UIInterfaceOrientationPortraitUpsideDown UIInterfaceOrientationLandscapeLeft UIInterfaceOrientationLandscapeRight";
				INFOPLIST_KEY_UISupportedInterfaceOrientations_iPhone = "UIInterfaceOrientationPortrait UIInterfaceOrientationLandscapeLeft UIInterfaceOrientationLandscapeRight";
				LD_RUNPATH_SEARCH_PATHS = (
					"$(inherited)",
					"@executable_path/Frameworks",
				);
				MARKETING_VERSION = 1.0;
				PRODUCT_BUNDLE_IDENTIFIER = com.juliafrederico.Contacts;
				PRODUCT_NAME = "$(TARGET_NAME)";
				SWIFT_EMIT_LOC_STRINGS = YES;
				SWIFT_VERSION = 5.0;
				TARGETED_DEVICE_FAMILY = "1,2";
			};
			name = Debug;
		};
		32DC1216292D2F3300469AB3 /* Release */ = {
			isa = XCBuildConfiguration;
			buildSettings = {
				ASSETCATALOG_COMPILER_APPICON_NAME = AppIcon;
				ASSETCATALOG_COMPILER_GLOBAL_ACCENT_COLOR_NAME = AccentColor;
				CODE_SIGN_ENTITLEMENTS = Contacts/Contacts.entitlements;
				CODE_SIGN_STYLE = Automatic;
				CURRENT_PROJECT_VERSION = 1;
				DEVELOPMENT_TEAM = B2Z3KD59GR;
				GENERATE_INFOPLIST_FILE = YES;
				INFOPLIST_FILE = Contacts/Resources/Info.plist;
				INFOPLIST_KEY_UIApplicationSupportsIndirectInputEvents = YES;
				INFOPLIST_KEY_UILaunchStoryboardName = LaunchScreen;
				INFOPLIST_KEY_UIMainStoryboardFile = Main;
				INFOPLIST_KEY_UISupportedInterfaceOrientations_iPad = "UIInterfaceOrientationPortrait UIInterfaceOrientationPortraitUpsideDown UIInterfaceOrientationLandscapeLeft UIInterfaceOrientationLandscapeRight";
				INFOPLIST_KEY_UISupportedInterfaceOrientations_iPhone = "UIInterfaceOrientationPortrait UIInterfaceOrientationLandscapeLeft UIInterfaceOrientationLandscapeRight";
				LD_RUNPATH_SEARCH_PATHS = (
					"$(inherited)",
					"@executable_path/Frameworks",
				);
				MARKETING_VERSION = 1.0;
				PRODUCT_BUNDLE_IDENTIFIER = com.juliafrederico.Contacts;
				PRODUCT_NAME = "$(TARGET_NAME)";
				SWIFT_EMIT_LOC_STRINGS = YES;
				SWIFT_VERSION = 5.0;
				TARGETED_DEVICE_FAMILY = "1,2";
			};
			name = Release;
		};
/* End XCBuildConfiguration section */

/* Begin XCConfigurationList section */
		32DC11FB292D2F3200469AB3 /* Build configuration list for PBXProject "Contacts" */ = {
			isa = XCConfigurationList;
			buildConfigurations = (
				32DC1212292D2F3300469AB3 /* Debug */,
				32DC1213292D2F3300469AB3 /* Release */,
			);
			defaultConfigurationIsVisible = 0;
			defaultConfigurationName = Release;
		};
		32DC1214292D2F3300469AB3 /* Build configuration list for PBXNativeTarget "Contacts" */ = {
			isa = XCConfigurationList;
			buildConfigurations = (
				32DC1215292D2F3300469AB3 /* Debug */,
				32DC1216292D2F3300469AB3 /* Release */,
			);
			defaultConfigurationIsVisible = 0;
			defaultConfigurationName = Release;
		};
/* End XCConfigurationList section */
	};
	rootObject = 32DC11F8292D2F3200469AB3 /* Project object */;
}
