// !$*UTF8*$!
{
	archiveVersion = 1;
	classes = {
	};
	objectVersion = 55;
	objects = {

/* Begin PBXBuildFile section */
		3245915C29107F3600AEE504 /* AppDelegate.swift in Sources */ = {isa = PBXBuildFile; fileRef = 3245915B29107F3600AEE504 /* AppDelegate.swift */; };
		3245915E29107F3600AEE504 /* SceneDelegate.swift in Sources */ = {isa = PBXBuildFile; fileRef = 3245915D29107F3600AEE504 /* SceneDelegate.swift */; };
		3245916329107F3600AEE504 /* Main.storyboard in Resources */ = {isa = PBXBuildFile; fileRef = 3245916129107F3600AEE504 /* Main.storyboard */; };
		3245916629107F3600AEE504 /* TaskCD.xcdatamodeld in Sources */ = {isa = PBXBuildFile; fileRef = 3245916429107F3600AEE504 /* TaskCD.xcdatamodeld */; };
		3245916829107F3600AEE504 /* Assets.xcassets in Resources */ = {isa = PBXBuildFile; fileRef = 3245916729107F3600AEE504 /* Assets.xcassets */; };
		3245916B29107F3600AEE504 /* LaunchScreen.storyboard in Resources */ = {isa = PBXBuildFile; fileRef = 3245916929107F3600AEE504 /* LaunchScreen.storyboard */; };
		3245917B2910840500AEE504 /* CoreDataStack.swift in Sources */ = {isa = PBXBuildFile; fileRef = 3245917A2910840500AEE504 /* CoreDataStack.swift */; };
		3245917E2910845800AEE504 /* Strings.swift in Sources */ = {isa = PBXBuildFile; fileRef = 3245917D2910845800AEE504 /* Strings.swift */; };
		324591802910851900AEE504 /* Task+Convenience.swift in Sources */ = {isa = PBXBuildFile; fileRef = 3245917F2910851900AEE504 /* Task+Convenience.swift */; };
		32459182291085D900AEE504 /* TaskController.swift in Sources */ = {isa = PBXBuildFile; fileRef = 32459181291085D900AEE504 /* TaskController.swift */; };
		324591842910C12900AEE504 /* TaskDetailViewController.swift in Sources */ = {isa = PBXBuildFile; fileRef = 324591832910C12900AEE504 /* TaskDetailViewController.swift */; };
		3294AD282910C248006F6EC1 /* TaskListViewController.swift in Sources */ = {isa = PBXBuildFile; fileRef = 3294AD272910C248006F6EC1 /* TaskListViewController.swift */; };
		3294AD2B2910C25F006F6EC1 /* TaskTableViewCell.swift in Sources */ = {isa = PBXBuildFile; fileRef = 3294AD2A2910C25F006F6EC1 /* TaskTableViewCell.swift */; };
/* End PBXBuildFile section */

/* Begin PBXFileReference section */
		3245915829107F3600AEE504 /* TaskCD.app */ = {isa = PBXFileReference; explicitFileType = wrapper.application; includeInIndex = 0; path = TaskCD.app; sourceTree = BUILT_PRODUCTS_DIR; };
		3245915B29107F3600AEE504 /* AppDelegate.swift */ = {isa = PBXFileReference; lastKnownFileType = sourcecode.swift; path = AppDelegate.swift; sourceTree = "<group>"; };
		3245915D29107F3600AEE504 /* SceneDelegate.swift */ = {isa = PBXFileReference; lastKnownFileType = sourcecode.swift; path = SceneDelegate.swift; sourceTree = "<group>"; };
		3245916229107F3600AEE504 /* Base */ = {isa = PBXFileReference; lastKnownFileType = file.storyboard; name = Base; path = Base.lproj/Main.storyboard; sourceTree = "<group>"; };
		3245916529107F3600AEE504 /* TaskCD.xcdatamodel */ = {isa = PBXFileReference; lastKnownFileType = wrapper.xcdatamodel; path = TaskCD.xcdatamodel; sourceTree = "<group>"; };
		3245916729107F3600AEE504 /* Assets.xcassets */ = {isa = PBXFileReference; lastKnownFileType = folder.assetcatalog; path = Assets.xcassets; sourceTree = "<group>"; };
		3245916A29107F3600AEE504 /* Base */ = {isa = PBXFileReference; lastKnownFileType = file.storyboard; name = Base; path = Base.lproj/LaunchScreen.storyboard; sourceTree = "<group>"; };
		3245916C29107F3600AEE504 /* Info.plist */ = {isa = PBXFileReference; lastKnownFileType = text.plist.xml; path = Info.plist; sourceTree = "<group>"; };
		3245917A2910840500AEE504 /* CoreDataStack.swift */ = {isa = PBXFileReference; lastKnownFileType = sourcecode.swift; path = CoreDataStack.swift; sourceTree = "<group>"; };
		3245917D2910845800AEE504 /* Strings.swift */ = {isa = PBXFileReference; lastKnownFileType = sourcecode.swift; path = Strings.swift; sourceTree = "<group>"; };
		3245917F2910851900AEE504 /* Task+Convenience.swift */ = {isa = PBXFileReference; lastKnownFileType = sourcecode.swift; path = "Task+Convenience.swift"; sourceTree = "<group>"; };
		32459181291085D900AEE504 /* TaskController.swift */ = {isa = PBXFileReference; lastKnownFileType = sourcecode.swift; path = TaskController.swift; sourceTree = "<group>"; };
		324591832910C12900AEE504 /* TaskDetailViewController.swift */ = {isa = PBXFileReference; lastKnownFileType = sourcecode.swift; path = TaskDetailViewController.swift; sourceTree = "<group>"; };
		3294AD272910C248006F6EC1 /* TaskListViewController.swift */ = {isa = PBXFileReference; lastKnownFileType = sourcecode.swift; path = TaskListViewController.swift; sourceTree = "<group>"; };
		3294AD2A2910C25F006F6EC1 /* TaskTableViewCell.swift */ = {isa = PBXFileReference; lastKnownFileType = sourcecode.swift; path = TaskTableViewCell.swift; sourceTree = "<group>"; };
/* End PBXFileReference section */

/* Begin PBXFrameworksBuildPhase section */
		3245915529107F3600AEE504 /* Frameworks */ = {
			isa = PBXFrameworksBuildPhase;
			buildActionMask = 2147483647;
			files = (
			);
			runOnlyForDeploymentPostprocessing = 0;
		};
/* End PBXFrameworksBuildPhase section */

/* Begin PBXGroup section */
		3245914F29107F3600AEE504 = {
			isa = PBXGroup;
			children = (
				3245915A29107F3600AEE504 /* TaskCD */,
				3245915929107F3600AEE504 /* Products */,
			);
			sourceTree = "<group>";
		};
		3245915929107F3600AEE504 /* Products */ = {
			isa = PBXGroup;
			children = (
				3245915829107F3600AEE504 /* TaskCD.app */,
			);
			name = Products;
			sourceTree = "<group>";
		};
		3245915A29107F3600AEE504 /* TaskCD */ = {
			isa = PBXGroup;
			children = (
				32459176291083AC00AEE504 /* Resources */,
				32459174291083A500AEE504 /* Models */,
				32459173291083A200AEE504 /* Controllers */,
				324591722910839E00AEE504 /* Views */,
			);
			path = TaskCD;
			sourceTree = "<group>";
		};
		324591722910839E00AEE504 /* Views */ = {
			isa = PBXGroup;
			children = (
				3294AD292910C24B006F6EC1 /* CustomViews */,
				3245916929107F3600AEE504 /* LaunchScreen.storyboard */,
				3245916129107F3600AEE504 /* Main.storyboard */,
			);
			path = Views;
			sourceTree = "<group>";
		};
		32459173291083A200AEE504 /* Controllers */ = {
			isa = PBXGroup;
			children = (
				32459179291083CB00AEE504 /* ModelControllers */,
				32459178291083C700AEE504 /* ViewControllers */,
			);
			path = Controllers;
			sourceTree = "<group>";
		};
		32459174291083A500AEE504 /* Models */ = {
			isa = PBXGroup;
			children = (
				32459175291083A700AEE504 /* CoreData */,
				3245917F2910851900AEE504 /* Task+Convenience.swift */,
			);
			path = Models;
			sourceTree = "<group>";
		};
		32459175291083A700AEE504 /* CoreData */ = {
			isa = PBXGroup;
			children = (
				3245916429107F3600AEE504 /* TaskCD.xcdatamodeld */,
				3245917A2910840500AEE504 /* CoreDataStack.swift */,
			);
			path = CoreData;
			sourceTree = "<group>";
		};
		32459176291083AC00AEE504 /* Resources */ = {
			isa = PBXGroup;
			children = (
				3245917C2910845200AEE504 /* Helpers */,
				3245915B29107F3600AEE504 /* AppDelegate.swift */,
				3245915D29107F3600AEE504 /* SceneDelegate.swift */,
				3245916729107F3600AEE504 /* Assets.xcassets */,
				3245916C29107F3600AEE504 /* Info.plist */,
			);
			path = Resources;
			sourceTree = "<group>";
		};
		32459178291083C700AEE504 /* ViewControllers */ = {
			isa = PBXGroup;
			children = (
				324591832910C12900AEE504 /* TaskDetailViewController.swift */,
				3294AD272910C248006F6EC1 /* TaskListViewController.swift */,
			);
			path = ViewControllers;
			sourceTree = "<group>";
		};
		32459179291083CB00AEE504 /* ModelControllers */ = {
			isa = PBXGroup;
			children = (
				32459181291085D900AEE504 /* TaskController.swift */,
			);
			path = ModelControllers;
			sourceTree = "<group>";
		};
		3245917C2910845200AEE504 /* Helpers */ = {
			isa = PBXGroup;
			children = (
				3245917D2910845800AEE504 /* Strings.swift */,
			);
			path = Helpers;
			sourceTree = "<group>";
		};
		3294AD292910C24B006F6EC1 /* CustomViews */ = {
			isa = PBXGroup;
			children = (
				3294AD2A2910C25F006F6EC1 /* TaskTableViewCell.swift */,
			);
			path = CustomViews;
			sourceTree = "<group>";
		};
/* End PBXGroup section */

/* Begin PBXNativeTarget section */
		3245915729107F3600AEE504 /* TaskCD */ = {
			isa = PBXNativeTarget;
			buildConfigurationList = 3245916F29107F3600AEE504 /* Build configuration list for PBXNativeTarget "TaskCD" */;
			buildPhases = (
				3245915429107F3600AEE504 /* Sources */,
				3245915529107F3600AEE504 /* Frameworks */,
				3245915629107F3600AEE504 /* Resources */,
			);
			buildRules = (
			);
			dependencies = (
			);
			name = TaskCD;
			productName = TaskCD;
			productReference = 3245915829107F3600AEE504 /* TaskCD.app */;
			productType = "com.apple.product-type.application";
		};
/* End PBXNativeTarget section */

/* Begin PBXProject section */
		3245915029107F3600AEE504 /* Project object */ = {
			isa = PBXProject;
			attributes = {
				BuildIndependentTargetsInParallel = 1;
				LastSwiftUpdateCheck = 1340;
				LastUpgradeCheck = 1340;
				TargetAttributes = {
					3245915729107F3600AEE504 = {
						CreatedOnToolsVersion = 13.4;
					};
				};
			};
			buildConfigurationList = 3245915329107F3600AEE504 /* Build configuration list for PBXProject "TaskCD" */;
			compatibilityVersion = "Xcode 13.0";
			developmentRegion = en;
			hasScannedForEncodings = 0;
			knownRegions = (
				en,
				Base,
			);
			mainGroup = 3245914F29107F3600AEE504;
			productRefGroup = 3245915929107F3600AEE504 /* Products */;
			projectDirPath = "";
			projectRoot = "";
			targets = (
				3245915729107F3600AEE504 /* TaskCD */,
			);
		};
/* End PBXProject section */

/* Begin PBXResourcesBuildPhase section */
		3245915629107F3600AEE504 /* Resources */ = {
			isa = PBXResourcesBuildPhase;
			buildActionMask = 2147483647;
			files = (
				3245916B29107F3600AEE504 /* LaunchScreen.storyboard in Resources */,
				3245916829107F3600AEE504 /* Assets.xcassets in Resources */,
				3245916329107F3600AEE504 /* Main.storyboard in Resources */,
			);
			runOnlyForDeploymentPostprocessing = 0;
		};
/* End PBXResourcesBuildPhase section */

/* Begin PBXSourcesBuildPhase section */
		3245915429107F3600AEE504 /* Sources */ = {
			isa = PBXSourcesBuildPhase;
			buildActionMask = 2147483647;
			files = (
				32459182291085D900AEE504 /* TaskController.swift in Sources */,
				3245916629107F3600AEE504 /* TaskCD.xcdatamodeld in Sources */,
				3294AD2B2910C25F006F6EC1 /* TaskTableViewCell.swift in Sources */,
				3245915C29107F3600AEE504 /* AppDelegate.swift in Sources */,
				324591802910851900AEE504 /* Task+Convenience.swift in Sources */,
				3245917E2910845800AEE504 /* Strings.swift in Sources */,
				3294AD282910C248006F6EC1 /* TaskListViewController.swift in Sources */,
				3245915E29107F3600AEE504 /* SceneDelegate.swift in Sources */,
				324591842910C12900AEE504 /* TaskDetailViewController.swift in Sources */,
				3245917B2910840500AEE504 /* CoreDataStack.swift in Sources */,
			);
			runOnlyForDeploymentPostprocessing = 0;
		};
/* End PBXSourcesBuildPhase section */

/* Begin PBXVariantGroup section */
		3245916129107F3600AEE504 /* Main.storyboard */ = {
			isa = PBXVariantGroup;
			children = (
				3245916229107F3600AEE504 /* Base */,
			);
			name = Main.storyboard;
			sourceTree = "<group>";
		};
		3245916929107F3600AEE504 /* LaunchScreen.storyboard */ = {
			isa = PBXVariantGroup;
			children = (
				3245916A29107F3600AEE504 /* Base */,
			);
			name = LaunchScreen.storyboard;
			sourceTree = "<group>";
		};
/* End PBXVariantGroup section */

/* Begin XCBuildConfiguration section */
		3245916D29107F3600AEE504 /* Debug */ = {
			isa = XCBuildConfiguration;
			buildSettings = {
				ALWAYS_SEARCH_USER_PATHS = NO;
				CLANG_ANALYZER_NONNULL = YES;
				CLANG_ANALYZER_NUMBER_OBJECT_CONVERSION = YES_AGGRESSIVE;
				CLANG_CXX_LANGUAGE_STANDARD = "gnu++17";
				CLANG_ENABLE_MODULES = YES;
				CLANG_ENABLE_OBJC_ARC = YES;
				CLANG_ENABLE_OBJC_WEAK = YES;
				CLANG_WARN_BLOCK_CAPTURE_AUTORELEASING = YES;
				CLANG_WARN_BOOL_CONVERSION = YES;
				CLANG_WARN_COMMA = YES;
				CLANG_WARN_CONSTANT_CONVERSION = YES;
				CLANG_WARN_DEPRECATED_OBJC_IMPLEMENTATIONS = YES;
				CLANG_WARN_DIRECT_OBJC_ISA_USAGE = YES_ERROR;
				CLANG_WARN_DOCUMENTATION_COMMENTS = YES;
				CLANG_WARN_EMPTY_BODY = YES;
				CLANG_WARN_ENUM_CONVERSION = YES;
				CLANG_WARN_INFINITE_RECURSION = YES;
				CLANG_WARN_INT_CONVERSION = YES;
				CLANG_WARN_NON_LITERAL_NULL_CONVERSION = YES;
				CLANG_WARN_OBJC_IMPLICIT_RETAIN_SELF = YES;
				CLANG_WARN_OBJC_LITERAL_CONVERSION = YES;
				CLANG_WARN_OBJC_ROOT_CLASS = YES_ERROR;
				CLANG_WARN_QUOTED_INCLUDE_IN_FRAMEWORK_HEADER = YES;
				CLANG_WARN_RANGE_LOOP_ANALYSIS = YES;
				CLANG_WARN_STRICT_PROTOTYPES = YES;
				CLANG_WARN_SUSPICIOUS_MOVE = YES;
				CLANG_WARN_UNGUARDED_AVAILABILITY = YES_AGGRESSIVE;
				CLANG_WARN_UNREACHABLE_CODE = YES;
				CLANG_WARN__DUPLICATE_METHOD_MATCH = YES;
				COPY_PHASE_STRIP = NO;
				DEBUG_INFORMATION_FORMAT = dwarf;
				ENABLE_STRICT_OBJC_MSGSEND = YES;
				ENABLE_TESTABILITY = YES;
				GCC_C_LANGUAGE_STANDARD = gnu11;
				GCC_DYNAMIC_NO_PIC = NO;
				GCC_NO_COMMON_BLOCKS = YES;
				GCC_OPTIMIZATION_LEVEL = 0;
				GCC_PREPROCESSOR_DEFINITIONS = (
					"DEBUG=1",
					"$(inherited)",
				);
				GCC_WARN_64_TO_32_BIT_CONVERSION = YES;
				GCC_WARN_ABOUT_RETURN_TYPE = YES_ERROR;
				GCC_WARN_UNDECLARED_SELECTOR = YES;
				GCC_WARN_UNINITIALIZED_AUTOS = YES_AGGRESSIVE;
				GCC_WARN_UNUSED_FUNCTION = YES;
				GCC_WARN_UNUSED_VARIABLE = YES;
				IPHONEOS_DEPLOYMENT_TARGET = 15.5;
				MTL_ENABLE_DEBUG_INFO = INCLUDE_SOURCE;
				MTL_FAST_MATH = YES;
				ONLY_ACTIVE_ARCH = YES;
				SDKROOT = iphoneos;
				SWIFT_ACTIVE_COMPILATION_CONDITIONS = DEBUG;
				SWIFT_OPTIMIZATION_LEVEL = "-Onone";
			};
			name = Debug;
		};
		3245916E29107F3600AEE504 /* Release */ = {
			isa = XCBuildConfiguration;
			buildSettings = {
				ALWAYS_SEARCH_USER_PATHS = NO;
				CLANG_ANALYZER_NONNULL = YES;
				CLANG_ANALYZER_NUMBER_OBJECT_CONVERSION = YES_AGGRESSIVE;
				CLANG_CXX_LANGUAGE_STANDARD = "gnu++17";
				CLANG_ENABLE_MODULES = YES;
				CLANG_ENABLE_OBJC_ARC = YES;
				CLANG_ENABLE_OBJC_WEAK = YES;
				CLANG_WARN_BLOCK_CAPTURE_AUTORELEASING = YES;
				CLANG_WARN_BOOL_CONVERSION = YES;
				CLANG_WARN_COMMA = YES;
				CLANG_WARN_CONSTANT_CONVERSION = YES;
				CLANG_WARN_DEPRECATED_OBJC_IMPLEMENTATIONS = YES;
				CLANG_WARN_DIRECT_OBJC_ISA_USAGE = YES_ERROR;
				CLANG_WARN_DOCUMENTATION_COMMENTS = YES;
				CLANG_WARN_EMPTY_BODY = YES;
				CLANG_WARN_ENUM_CONVERSION = YES;
				CLANG_WARN_INFINITE_RECURSION = YES;
				CLANG_WARN_INT_CONVERSION = YES;
				CLANG_WARN_NON_LITERAL_NULL_CONVERSION = YES;
				CLANG_WARN_OBJC_IMPLICIT_RETAIN_SELF = YES;
				CLANG_WARN_OBJC_LITERAL_CONVERSION = YES;
				CLANG_WARN_OBJC_ROOT_CLASS = YES_ERROR;
				CLANG_WARN_QUOTED_INCLUDE_IN_FRAMEWORK_HEADER = YES;
				CLANG_WARN_RANGE_LOOP_ANALYSIS = YES;
				CLANG_WARN_STRICT_PROTOTYPES = YES;
				CLANG_WARN_SUSPICIOUS_MOVE = YES;
				CLANG_WARN_UNGUARDED_AVAILABILITY = YES_AGGRESSIVE;
				CLANG_WARN_UNREACHABLE_CODE = YES;
				CLANG_WARN__DUPLICATE_METHOD_MATCH = YES;
				COPY_PHASE_STRIP = NO;
				DEBUG_INFORMATION_FORMAT = "dwarf-with-dsym";
				ENABLE_NS_ASSERTIONS = NO;
				ENABLE_STRICT_OBJC_MSGSEND = YES;
				GCC_C_LANGUAGE_STANDARD = gnu11;
				GCC_NO_COMMON_BLOCKS = YES;
				GCC_WARN_64_TO_32_BIT_CONVERSION = YES;
				GCC_WARN_ABOUT_RETURN_TYPE = YES_ERROR;
				GCC_WARN_UNDECLARED_SELECTOR = YES;
				GCC_WARN_UNINITIALIZED_AUTOS = YES_AGGRESSIVE;
				GCC_WARN_UNUSED_FUNCTION = YES;
				GCC_WARN_UNUSED_VARIABLE = YES;
				IPHONEOS_DEPLOYMENT_TARGET = 15.5;
				MTL_ENABLE_DEBUG_INFO = NO;
				MTL_FAST_MATH = YES;
				SDKROOT = iphoneos;
				SWIFT_COMPILATION_MODE = wholemodule;
				SWIFT_OPTIMIZATION_LEVEL = "-O";
				VALIDATE_PRODUCT = YES;
			};
			name = Release;
		};
		3245917029107F3600AEE504 /* Debug */ = {
			isa = XCBuildConfiguration;
			buildSettings = {
				ASSETCATALOG_COMPILER_APPICON_NAME = AppIcon;
				ASSETCATALOG_COMPILER_GLOBAL_ACCENT_COLOR_NAME = AccentColor;
				CODE_SIGN_STYLE = Automatic;
				CURRENT_PROJECT_VERSION = 1;
				DEVELOPMENT_TEAM = B2Z3KD59GR;
				GENERATE_INFOPLIST_FILE = YES;
				INFOPLIST_FILE = TaskCD/Resources/Info.plist;
				INFOPLIST_KEY_UIApplicationSupportsIndirectInputEvents = YES;
				INFOPLIST_KEY_UILaunchStoryboardName = LaunchScreen;
				INFOPLIST_KEY_UIMainStoryboardFile = Main;
				INFOPLIST_KEY_UISupportedInterfaceOrientations_iPad = "UIInterfaceOrientationPortrait UIInterfaceOrientationPortraitUpsideDown UIInterfaceOrientationLandscapeLeft UIInterfaceOrientationLandscapeRight";
				INFOPLIST_KEY_UISupportedInterfaceOrientations_iPhone = "UIInterfaceOrientationPortrait UIInterfaceOrientationLandscapeLeft UIInterfaceOrientationLandscapeRight";
				LD_RUNPATH_SEARCH_PATHS = (
					"$(inherited)",
					"@executable_path/Frameworks",
				);
				MARKETING_VERSION = 1.0;
				PRODUCT_BUNDLE_IDENTIFIER = com.juliafrederico.TaskCD;
				PRODUCT_NAME = "$(TARGET_NAME)";
				SWIFT_EMIT_LOC_STRINGS = YES;
				SWIFT_VERSION = 5.0;
				TARGETED_DEVICE_FAMILY = "1,2";
			};
			name = Debug;
		};
		3245917129107F3600AEE504 /* Release */ = {
			isa = XCBuildConfiguration;
			buildSettings = {
				ASSETCATALOG_COMPILER_APPICON_NAME = AppIcon;
				ASSETCATALOG_COMPILER_GLOBAL_ACCENT_COLOR_NAME = AccentColor;
				CODE_SIGN_STYLE = Automatic;
				CURRENT_PROJECT_VERSION = 1;
				DEVELOPMENT_TEAM = B2Z3KD59GR;
				GENERATE_INFOPLIST_FILE = YES;
				INFOPLIST_FILE = TaskCD/Resources/Info.plist;
				INFOPLIST_KEY_UIApplicationSupportsIndirectInputEvents = YES;
				INFOPLIST_KEY_UILaunchStoryboardName = LaunchScreen;
				INFOPLIST_KEY_UIMainStoryboardFile = Main;
				INFOPLIST_KEY_UISupportedInterfaceOrientations_iPad = "UIInterfaceOrientationPortrait UIInterfaceOrientationPortraitUpsideDown UIInterfaceOrientationLandscapeLeft UIInterfaceOrientationLandscapeRight";
				INFOPLIST_KEY_UISupportedInterfaceOrientations_iPhone = "UIInterfaceOrientationPortrait UIInterfaceOrientationLandscapeLeft UIInterfaceOrientationLandscapeRight";
				LD_RUNPATH_SEARCH_PATHS = (
					"$(inherited)",
					"@executable_path/Frameworks",
				);
				MARKETING_VERSION = 1.0;
				PRODUCT_BUNDLE_IDENTIFIER = com.juliafrederico.TaskCD;
				PRODUCT_NAME = "$(TARGET_NAME)";
				SWIFT_EMIT_LOC_STRINGS = YES;
				SWIFT_VERSION = 5.0;
				TARGETED_DEVICE_FAMILY = "1,2";
			};
			name = Release;
		};
/* End XCBuildConfiguration section */

/* Begin XCConfigurationList section */
		3245915329107F3600AEE504 /* Build configuration list for PBXProject "TaskCD" */ = {
			isa = XCConfigurationList;
			buildConfigurations = (
				3245916D29107F3600AEE504 /* Debug */,
				3245916E29107F3600AEE504 /* Release */,
			);
			defaultConfigurationIsVisible = 0;
			defaultConfigurationName = Release;
		};
		3245916F29107F3600AEE504 /* Build configuration list for PBXNativeTarget "TaskCD" */ = {
			isa = XCConfigurationList;
			buildConfigurations = (
				3245917029107F3600AEE504 /* Debug */,
				3245917129107F3600AEE504 /* Release */,
			);
			defaultConfigurationIsVisible = 0;
			defaultConfigurationName = Release;
		};
/* End XCConfigurationList section */

/* Begin XCVersionGroup section */
		3245916429107F3600AEE504 /* TaskCD.xcdatamodeld */ = {
			isa = XCVersionGroup;
			children = (
				3245916529107F3600AEE504 /* TaskCD.xcdatamodel */,
			);
			currentVersion = 3245916529107F3600AEE504 /* TaskCD.xcdatamodel */;
			path = TaskCD.xcdatamodeld;
			sourceTree = "<group>";
			versionGroupType = wrapper.xcdatamodel;
		};
/* End XCVersionGroup section */
	};
	rootObject = 3245915029107F3600AEE504 /* Project object */;
}
