// !$*UTF8*$!
{
	archiveVersion = 1;
	classes = {
	};
	objectVersion = 55;
	objects = {

/* Begin PBXBuildFile section */
		32FD42C72907207200BB1C45 /* AppDelegate.swift in Sources */ = {isa = PBXBuildFile; fileRef = 32FD42C62907207200BB1C45 /* AppDelegate.swift */; };
		32FD42C92907207200BB1C45 /* SceneDelegate.swift in Sources */ = {isa = PBXBuildFile; fileRef = 32FD42C82907207200BB1C45 /* SceneDelegate.swift */; };
		32FD42CE2907207200BB1C45 /* Main.storyboard in Resources */ = {isa = PBXBuildFile; fileRef = 32FD42CC2907207200BB1C45 /* Main.storyboard */; };
		32FD42D02907207200BB1C45 /* Assets.xcassets in Resources */ = {isa = PBXBuildFile; fileRef = 32FD42CF2907207200BB1C45 /* Assets.xcassets */; };
		32FD42D32907207200BB1C45 /* LaunchScreen.storyboard in Resources */ = {isa = PBXBuildFile; fileRef = 32FD42D12907207200BB1C45 /* LaunchScreen.storyboard */; };
		32FD42E1290720E700BB1C45 /* Task.swift in Sources */ = {isa = PBXBuildFile; fileRef = 32FD42E0290720E700BB1C45 /* Task.swift */; };
		32FD42E32907210100BB1C45 /* TaskController.swift in Sources */ = {isa = PBXBuildFile; fileRef = 32FD42E22907210100BB1C45 /* TaskController.swift */; };
		32FD42E52907260100BB1C45 /* TaskListTableViewController.swift in Sources */ = {isa = PBXBuildFile; fileRef = 32FD42E42907260100BB1C45 /* TaskListTableViewController.swift */; };
		32FD42E92907277700BB1C45 /* TaskTableViewCell.swift in Sources */ = {isa = PBXBuildFile; fileRef = 32FD42E82907277700BB1C45 /* TaskTableViewCell.swift */; };
/* End PBXBuildFile section */

/* Begin PBXFileReference section */
		32FD42C32907207200BB1C45 /* Task.app */ = {isa = PBXFileReference; explicitFileType = wrapper.application; includeInIndex = 0; path = Task.app; sourceTree = BUILT_PRODUCTS_DIR; };
		32FD42C62907207200BB1C45 /* AppDelegate.swift */ = {isa = PBXFileReference; lastKnownFileType = sourcecode.swift; path = AppDelegate.swift; sourceTree = "<group>"; };
		32FD42C82907207200BB1C45 /* SceneDelegate.swift */ = {isa = PBXFileReference; lastKnownFileType = sourcecode.swift; path = SceneDelegate.swift; sourceTree = "<group>"; };
		32FD42CD2907207200BB1C45 /* Base */ = {isa = PBXFileReference; lastKnownFileType = file.storyboard; name = Base; path = Base.lproj/Main.storyboard; sourceTree = "<group>"; };
		32FD42CF2907207200BB1C45 /* Assets.xcassets */ = {isa = PBXFileReference; lastKnownFileType = folder.assetcatalog; path = Assets.xcassets; sourceTree = "<group>"; };
		32FD42D22907207200BB1C45 /* Base */ = {isa = PBXFileReference; lastKnownFileType = file.storyboard; name = Base; path = Base.lproj/LaunchScreen.storyboard; sourceTree = "<group>"; };
		32FD42D42907207200BB1C45 /* Info.plist */ = {isa = PBXFileReference; lastKnownFileType = text.plist.xml; path = Info.plist; sourceTree = "<group>"; };
		32FD42E0290720E700BB1C45 /* Task.swift */ = {isa = PBXFileReference; lastKnownFileType = sourcecode.swift; path = Task.swift; sourceTree = "<group>"; };
		32FD42E22907210100BB1C45 /* TaskController.swift */ = {isa = PBXFileReference; lastKnownFileType = sourcecode.swift; path = TaskController.swift; sourceTree = "<group>"; };
		32FD42E42907260100BB1C45 /* TaskListTableViewController.swift */ = {isa = PBXFileReference; lastKnownFileType = sourcecode.swift; name = TaskListTableViewController.swift; path = Task/Controllers/ViewControllers/TaskListTableViewController.swift; sourceTree = SOURCE_ROOT; };
		32FD42E82907277700BB1C45 /* TaskTableViewCell.swift */ = {isa = PBXFileReference; lastKnownFileType = sourcecode.swift; path = TaskTableViewCell.swift; sourceTree = "<group>"; };
/* End PBXFileReference section */

/* Begin PBXFrameworksBuildPhase section */
		32FD42C02907207200BB1C45 /* Frameworks */ = {
			isa = PBXFrameworksBuildPhase;
			buildActionMask = 2147483647;
			files = (
			);
			runOnlyForDeploymentPostprocessing = 0;
		};
/* End PBXFrameworksBuildPhase section */

/* Begin PBXGroup section */
		32FD42BA2907207200BB1C45 = {
			isa = PBXGroup;
			children = (
				32FD42C52907207200BB1C45 /* Task */,
				32FD42C42907207200BB1C45 /* Products */,
			);
			sourceTree = "<group>";
		};
		32FD42C42907207200BB1C45 /* Products */ = {
			isa = PBXGroup;
			children = (
				32FD42C32907207200BB1C45 /* Task.app */,
			);
			name = Products;
			sourceTree = "<group>";
		};
		32FD42C52907207200BB1C45 /* Task */ = {
			isa = PBXGroup;
			children = (
				32FD42DA2907209400BB1C45 /* Resources */,
				32FD42DB2907209900BB1C45 /* Models */,
				32FD42DC2907209C00BB1C45 /* Controllers */,
				32FD42DF290720A700BB1C45 /* Views */,
			);
			path = Task;
			sourceTree = "<group>";
		};
		32FD42DA2907209400BB1C45 /* Resources */ = {
			isa = PBXGroup;
			children = (
				32FD42C62907207200BB1C45 /* AppDelegate.swift */,
				32FD42C82907207200BB1C45 /* SceneDelegate.swift */,
				32FD42CF2907207200BB1C45 /* Assets.xcassets */,
				32FD42D42907207200BB1C45 /* Info.plist */,
			);
			path = Resources;
			sourceTree = "<group>";
		};
		32FD42DB2907209900BB1C45 /* Models */ = {
			isa = PBXGroup;
			children = (
				32FD42E0290720E700BB1C45 /* Task.swift */,
			);
			path = Models;
			sourceTree = "<group>";
		};
		32FD42DC2907209C00BB1C45 /* Controllers */ = {
			isa = PBXGroup;
			children = (
				32FD42DE290720A200BB1C45 /* ModelControllers */,
				32FD42DD2907209E00BB1C45 /* ViewControllers */,
			);
			path = Controllers;
			sourceTree = "<group>";
		};
		32FD42DD2907209E00BB1C45 /* ViewControllers */ = {
			isa = PBXGroup;
			children = (
				32FD42E42907260100BB1C45 /* TaskListTableViewController.swift */,
			);
			path = ViewControllers;
			sourceTree = "<group>";
		};
		32FD42DE290720A200BB1C45 /* ModelControllers */ = {
			isa = PBXGroup;
			children = (
				32FD42E22907210100BB1C45 /* TaskController.swift */,
			);
			path = ModelControllers;
			sourceTree = "<group>";
		};
		32FD42DF290720A700BB1C45 /* Views */ = {
			isa = PBXGroup;
			children = (
				32FD42E72907276200BB1C45 /* CustomViews */,
				32FD42CC2907207200BB1C45 /* Main.storyboard */,
				32FD42D12907207200BB1C45 /* LaunchScreen.storyboard */,
			);
			path = Views;
			sourceTree = "<group>";
		};
		32FD42E72907276200BB1C45 /* CustomViews */ = {
			isa = PBXGroup;
			children = (
				32FD42E82907277700BB1C45 /* TaskTableViewCell.swift */,
			);
			path = CustomViews;
			sourceTree = "<group>";
		};
/* End PBXGroup section */

/* Begin PBXNativeTarget section */
		32FD42C22907207200BB1C45 /* Task */ = {
			isa = PBXNativeTarget;
			buildConfigurationList = 32FD42D72907207200BB1C45 /* Build configuration list for PBXNativeTarget "Task" */;
			buildPhases = (
				32FD42BF2907207200BB1C45 /* Sources */,
				32FD42C02907207200BB1C45 /* Frameworks */,
				32FD42C12907207200BB1C45 /* Resources */,
			);
			buildRules = (
			);
			dependencies = (
			);
			name = Task;
			productName = Task;
			productReference = 32FD42C32907207200BB1C45 /* Task.app */;
			productType = "com.apple.product-type.application";
		};
/* End PBXNativeTarget section */

/* Begin PBXProject section */
		32FD42BB2907207200BB1C45 /* Project object */ = {
			isa = PBXProject;
			attributes = {
				BuildIndependentTargetsInParallel = 1;
				LastSwiftUpdateCheck = 1340;
				LastUpgradeCheck = 1340;
				TargetAttributes = {
					32FD42C22907207200BB1C45 = {
						CreatedOnToolsVersion = 13.4;
					};
				};
			};
			buildConfigurationList = 32FD42BE2907207200BB1C45 /* Build configuration list for PBXProject "Task" */;
			compatibilityVersion = "Xcode 13.0";
			developmentRegion = en;
			hasScannedForEncodings = 0;
			knownRegions = (
				en,
				Base,
			);
			mainGroup = 32FD42BA2907207200BB1C45;
			productRefGroup = 32FD42C42907207200BB1C45 /* Products */;
			projectDirPath = "";
			projectRoot = "";
			targets = (
				32FD42C22907207200BB1C45 /* Task */,
			);
		};
/* End PBXProject section */

/* Begin PBXResourcesBuildPhase section */
		32FD42C12907207200BB1C45 /* Resources */ = {
			isa = PBXResourcesBuildPhase;
			buildActionMask = 2147483647;
			files = (
				32FD42D32907207200BB1C45 /* LaunchScreen.storyboard in Resources */,
				32FD42D02907207200BB1C45 /* Assets.xcassets in Resources */,
				32FD42CE2907207200BB1C45 /* Main.storyboard in Resources */,
			);
			runOnlyForDeploymentPostprocessing = 0;
		};
/* End PBXResourcesBuildPhase section */

/* Begin PBXSourcesBuildPhase section */
		32FD42BF2907207200BB1C45 /* Sources */ = {
			isa = PBXSourcesBuildPhase;
			buildActionMask = 2147483647;
			files = (
				32FD42E1290720E700BB1C45 /* Task.swift in Sources */,
				32FD42C72907207200BB1C45 /* AppDelegate.swift in Sources */,
				32FD42E92907277700BB1C45 /* TaskTableViewCell.swift in Sources */,
				32FD42E32907210100BB1C45 /* TaskController.swift in Sources */,
				32FD42C92907207200BB1C45 /* SceneDelegate.swift in Sources */,
				32FD42E52907260100BB1C45 /* TaskListTableViewController.swift in Sources */,
			);
			runOnlyForDeploymentPostprocessing = 0;
		};
/* End PBXSourcesBuildPhase section */

/* Begin PBXVariantGroup section */
		32FD42CC2907207200BB1C45 /* Main.storyboard */ = {
			isa = PBXVariantGroup;
			children = (
				32FD42CD2907207200BB1C45 /* Base */,
			);
			name = Main.storyboard;
			sourceTree = "<group>";
		};
		32FD42D12907207200BB1C45 /* LaunchScreen.storyboard */ = {
			isa = PBXVariantGroup;
			children = (
				32FD42D22907207200BB1C45 /* Base */,
			);
			name = LaunchScreen.storyboard;
			sourceTree = "<group>";
		};
/* End PBXVariantGroup section */

/* Begin XCBuildConfiguration section */
		32FD42D52907207200BB1C45 /* Debug */ = {
			isa = XCBuildConfiguration;
			buildSettings = {
				ALWAYS_SEARCH_USER_PATHS = NO;
				CLANG_ANALYZER_NONNULL = YES;
				CLANG_ANALYZER_NUMBER_OBJECT_CONVERSION = YES_AGGRESSIVE;
				CLANG_CXX_LANGUAGE_STANDARD = "gnu++17";
				CLANG_ENABLE_MODULES = YES;
				CLANG_ENABLE_OBJC_ARC = YES;
				CLANG_ENABLE_OBJC_WEAK = YES;
				CLANG_WARN_BLOCK_CAPTURE_AUTORELEASING = YES;
				CLANG_WARN_BOOL_CONVERSION = YES;
				CLANG_WARN_COMMA = YES;
				CLANG_WARN_CONSTANT_CONVERSION = YES;
				CLANG_WARN_DEPRECATED_OBJC_IMPLEMENTATIONS = YES;
				CLANG_WARN_DIRECT_OBJC_ISA_USAGE = YES_ERROR;
				CLANG_WARN_DOCUMENTATION_COMMENTS = YES;
				CLANG_WARN_EMPTY_BODY = YES;
				CLANG_WARN_ENUM_CONVERSION = YES;
				CLANG_WARN_INFINITE_RECURSION = YES;
				CLANG_WARN_INT_CONVERSION = YES;
				CLANG_WARN_NON_LITERAL_NULL_CONVERSION = YES;
				CLANG_WARN_OBJC_IMPLICIT_RETAIN_SELF = YES;
				CLANG_WARN_OBJC_LITERAL_CONVERSION = YES;
				CLANG_WARN_OBJC_ROOT_CLASS = YES_ERROR;
				CLANG_WARN_QUOTED_INCLUDE_IN_FRAMEWORK_HEADER = YES;
				CLANG_WARN_RANGE_LOOP_ANALYSIS = YES;
				CLANG_WARN_STRICT_PROTOTYPES = YES;
				CLANG_WARN_SUSPICIOUS_MOVE = YES;
				CLANG_WARN_UNGUARDED_AVAILABILITY = YES_AGGRESSIVE;
				CLANG_WARN_UNREACHABLE_CODE = YES;
				CLANG_WARN__DUPLICATE_METHOD_MATCH = YES;
				COPY_PHASE_STRIP = NO;
				DEBUG_INFORMATION_FORMAT = dwarf;
				ENABLE_STRICT_OBJC_MSGSEND = YES;
				ENABLE_TESTABILITY = YES;
				GCC_C_LANGUAGE_STANDARD = gnu11;
				GCC_DYNAMIC_NO_PIC = NO;
				GCC_NO_COMMON_BLOCKS = YES;
				GCC_OPTIMIZATION_LEVEL = 0;
				GCC_PREPROCESSOR_DEFINITIONS = (
					"DEBUG=1",
					"$(inherited)",
				);
				GCC_WARN_64_TO_32_BIT_CONVERSION = YES;
				GCC_WARN_ABOUT_RETURN_TYPE = YES_ERROR;
				GCC_WARN_UNDECLARED_SELECTOR = YES;
				GCC_WARN_UNINITIALIZED_AUTOS = YES_AGGRESSIVE;
				GCC_WARN_UNUSED_FUNCTION = YES;
				GCC_WARN_UNUSED_VARIABLE = YES;
				IPHONEOS_DEPLOYMENT_TARGET = 15.5;
				MTL_ENABLE_DEBUG_INFO = INCLUDE_SOURCE;
				MTL_FAST_MATH = YES;
				ONLY_ACTIVE_ARCH = YES;
				SDKROOT = iphoneos;
				SWIFT_ACTIVE_COMPILATION_CONDITIONS = DEBUG;
				SWIFT_OPTIMIZATION_LEVEL = "-Onone";
			};
			name = Debug;
		};
		32FD42D62907207200BB1C45 /* Release */ = {
			isa = XCBuildConfiguration;
			buildSettings = {
				ALWAYS_SEARCH_USER_PATHS = NO;
				CLANG_ANALYZER_NONNULL = YES;
				CLANG_ANALYZER_NUMBER_OBJECT_CONVERSION = YES_AGGRESSIVE;
				CLANG_CXX_LANGUAGE_STANDARD = "gnu++17";
				CLANG_ENABLE_MODULES = YES;
				CLANG_ENABLE_OBJC_ARC = YES;
				CLANG_ENABLE_OBJC_WEAK = YES;
				CLANG_WARN_BLOCK_CAPTURE_AUTORELEASING = YES;
				CLANG_WARN_BOOL_CONVERSION = YES;
				CLANG_WARN_COMMA = YES;
				CLANG_WARN_CONSTANT_CONVERSION = YES;
				CLANG_WARN_DEPRECATED_OBJC_IMPLEMENTATIONS = YES;
				CLANG_WARN_DIRECT_OBJC_ISA_USAGE = YES_ERROR;
				CLANG_WARN_DOCUMENTATION_COMMENTS = YES;
				CLANG_WARN_EMPTY_BODY = YES;
				CLANG_WARN_ENUM_CONVERSION = YES;
				CLANG_WARN_INFINITE_RECURSION = YES;
				CLANG_WARN_INT_CONVERSION = YES;
				CLANG_WARN_NON_LITERAL_NULL_CONVERSION = YES;
				CLANG_WARN_OBJC_IMPLICIT_RETAIN_SELF = YES;
				CLANG_WARN_OBJC_LITERAL_CONVERSION = YES;
				CLANG_WARN_OBJC_ROOT_CLASS = YES_ERROR;
				CLANG_WARN_QUOTED_INCLUDE_IN_FRAMEWORK_HEADER = YES;
				CLANG_WARN_RANGE_LOOP_ANALYSIS = YES;
				CLANG_WARN_STRICT_PROTOTYPES = YES;
				CLANG_WARN_SUSPICIOUS_MOVE = YES;
				CLANG_WARN_UNGUARDED_AVAILABILITY = YES_AGGRESSIVE;
				CLANG_WARN_UNREACHABLE_CODE = YES;
				CLANG_WARN__DUPLICATE_METHOD_MATCH = YES;
				COPY_PHASE_STRIP = NO;
				DEBUG_INFORMATION_FORMAT = "dwarf-with-dsym";
				ENABLE_NS_ASSERTIONS = NO;
				ENABLE_STRICT_OBJC_MSGSEND = YES;
				GCC_C_LANGUAGE_STANDARD = gnu11;
				GCC_NO_COMMON_BLOCKS = YES;
				GCC_WARN_64_TO_32_BIT_CONVERSION = YES;
				GCC_WARN_ABOUT_RETURN_TYPE = YES_ERROR;
				GCC_WARN_UNDECLARED_SELECTOR = YES;
				GCC_WARN_UNINITIALIZED_AUTOS = YES_AGGRESSIVE;
				GCC_WARN_UNUSED_FUNCTION = YES;
				GCC_WARN_UNUSED_VARIABLE = YES;
				IPHONEOS_DEPLOYMENT_TARGET = 15.5;
				MTL_ENABLE_DEBUG_INFO = NO;
				MTL_FAST_MATH = YES;
				SDKROOT = iphoneos;
				SWIFT_COMPILATION_MODE = wholemodule;
				SWIFT_OPTIMIZATION_LEVEL = "-O";
				VALIDATE_PRODUCT = YES;
			};
			name = Release;
		};
		32FD42D82907207200BB1C45 /* Debug */ = {
			isa = XCBuildConfiguration;
			buildSettings = {
				ASSETCATALOG_COMPILER_APPICON_NAME = AppIcon;
				ASSETCATALOG_COMPILER_GLOBAL_ACCENT_COLOR_NAME = AccentColor;
				CODE_SIGN_STYLE = Automatic;
				CURRENT_PROJECT_VERSION = 1;
				DEVELOPMENT_TEAM = B2Z3KD59GR;
				GENERATE_INFOPLIST_FILE = YES;
				INFOPLIST_FILE = Task/Resources/Info.plist;
				INFOPLIST_KEY_UIApplicationSupportsIndirectInputEvents = YES;
				INFOPLIST_KEY_UILaunchStoryboardName = LaunchScreen;
				INFOPLIST_KEY_UIMainStoryboardFile = Main;
				INFOPLIST_KEY_UISupportedInterfaceOrientations_iPad = "UIInterfaceOrientationPortrait UIInterfaceOrientationPortraitUpsideDown UIInterfaceOrientationLandscapeLeft UIInterfaceOrientationLandscapeRight";
				INFOPLIST_KEY_UISupportedInterfaceOrientations_iPhone = "UIInterfaceOrientationPortrait UIInterfaceOrientationLandscapeLeft UIInterfaceOrientationLandscapeRight";
				LD_RUNPATH_SEARCH_PATHS = (
					"$(inherited)",
					"@executable_path/Frameworks",
				);
				MARKETING_VERSION = 1.0;
				PRODUCT_BUNDLE_IDENTIFIER = com.juliafrederico.Task;
				PRODUCT_NAME = "$(TARGET_NAME)";
				SWIFT_EMIT_LOC_STRINGS = YES;
				SWIFT_VERSION = 5.0;
				TARGETED_DEVICE_FAMILY = "1,2";
			};
			name = Debug;
		};
		32FD42D92907207200BB1C45 /* Release */ = {
			isa = XCBuildConfiguration;
			buildSettings = {
				ASSETCATALOG_COMPILER_APPICON_NAME = AppIcon;
				ASSETCATALOG_COMPILER_GLOBAL_ACCENT_COLOR_NAME = AccentColor;
				CODE_SIGN_STYLE = Automatic;
				CURRENT_PROJECT_VERSION = 1;
				DEVELOPMENT_TEAM = B2Z3KD59GR;
				GENERATE_INFOPLIST_FILE = YES;
				INFOPLIST_FILE = Task/Resources/Info.plist;
				INFOPLIST_KEY_UIApplicationSupportsIndirectInputEvents = YES;
				INFOPLIST_KEY_UILaunchStoryboardName = LaunchScreen;
				INFOPLIST_KEY_UIMainStoryboardFile = Main;
				INFOPLIST_KEY_UISupportedInterfaceOrientations_iPad = "UIInterfaceOrientationPortrait UIInterfaceOrientationPortraitUpsideDown UIInterfaceOrientationLandscapeLeft UIInterfaceOrientationLandscapeRight";
				INFOPLIST_KEY_UISupportedInterfaceOrientations_iPhone = "UIInterfaceOrientationPortrait UIInterfaceOrientationLandscapeLeft UIInterfaceOrientationLandscapeRight";
				LD_RUNPATH_SEARCH_PATHS = (
					"$(inherited)",
					"@executable_path/Frameworks",
				);
				MARKETING_VERSION = 1.0;
				PRODUCT_BUNDLE_IDENTIFIER = com.juliafrederico.Task;
				PRODUCT_NAME = "$(TARGET_NAME)";
				SWIFT_EMIT_LOC_STRINGS = YES;
				SWIFT_VERSION = 5.0;
				TARGETED_DEVICE_FAMILY = "1,2";
			};
			name = Release;
		};
/* End XCBuildConfiguration section */

/* Begin XCConfigurationList section */
		32FD42BE2907207200BB1C45 /* Build configuration list for PBXProject "Task" */ = {
			isa = XCConfigurationList;
			buildConfigurations = (
				32FD42D52907207200BB1C45 /* Debug */,
				32FD42D62907207200BB1C45 /* Release */,
			);
			defaultConfigurationIsVisible = 0;
			defaultConfigurationName = Release;
		};
		32FD42D72907207200BB1C45 /* Build configuration list for PBXNativeTarget "Task" */ = {
			isa = XCConfigurationList;
			buildConfigurations = (
				32FD42D82907207200BB1C45 /* Debug */,
				32FD42D92907207200BB1C45 /* Release */,
			);
			defaultConfigurationIsVisible = 0;
			defaultConfigurationName = Release;
		};
/* End XCConfigurationList section */
	};
	rootObject = 32FD42BB2907207200BB1C45 /* Project object */;
}
